PODS:
  - AFNetworking (2.2.0):
    - AFNetworking/NSURLConnection
    - AFNetworking/NSURLSession
    - AFNetworking/Reachability
    - AFNetworking/Security
    - AFNetworking/Serialization
    - AFNetworking/UIKit
  - AFNetworking/NSURLConnection (2.2.0):
    - AFNetworking/Reachability
    - AFNetworking/Security
    - AFNetworking/Serialization
  - AFNetworking/NSURLSession (2.2.0):
    - AFNetworking/NSURLConnection
  - AFNetworking/Reachability (2.2.0)
  - AFNetworking/Security (2.2.0)
  - AFNetworking/Serialization (2.2.0)
  - AFNetworking/UIKit (2.2.0):
    - AFNetworking/NSURLConnection
    - AFNetworking/NSURLSession
  - DCTCoreDataStack (1.1)
  - Expecta (0.2.4)
  - OHHTTPStubs (3.1.0)
  - Specta (0.2.1)

DEPENDENCIES:
  - AFNetworking (~> 2.2.0)
  - DCTCoreDataStack (~> 1.1)
  - Expecta (~> 0.2.3)
  - OHHTTPStubs (~> 3.1.0)
  - Specta (~> 0.2.1)

SPEC CHECKSUMS:
  AFNetworking: 5f2538aa2d150b71d4e6cca3a420d796e1e1c374
  DCTCoreDataStack: eb0d05f4e27f92ff29fe559f66946baa939cafa7
  Expecta: 112bcafa2304ee0f3c5e586505f24555a47b25d5
  OHHTTPStubs: 8b032ab399e356050010ed34613ee1761c6c8ae3
  Specta: 9141310f46b1f68b676650ff2854e1ed0b74163a

COCOAPODS: 0.33.1
