// !$*UTF8*$!
{
	archiveVersion = 1;
	classes = {
	};
	objectVersion = 46;
	objects = {

/* Begin PBXAggregateTarget section */
		3ECE131D18B4AE8700E7148F /* Mogenerator */ = {
			isa = PBXAggregateTarget;
			buildConfigurationList = 3ECE131E18B4AE8700E7148F /* Build configuration list for PBXAggregateTarget "Mogenerator" */;
			buildPhases = (
				3ECE132118B4AE9200E7148F /* ShellScript */,
			);
			dependencies = (
			);
			name = Mogenerator;
			productName = Mogenerator;
		};
/* End PBXAggregateTarget section */

/* Begin PBXBuildFile section */
		3E2C6AB318BBCA44005BEE6C /* TXHTicketSpec.m in Sources */ = {isa = PBXBuildFile; fileRef = 3E2C6AB218BBCA44005BEE6C /* TXHTicketSpec.m */; };
		3E2C6AB518BBCA4C005BEE6C /* TXHOrderSpec.m in Sources */ = {isa = PBXBuildFile; fileRef = 3E2C6AB418BBCA4C005BEE6C /* TXHOrderSpec.m */; };
		3E2C6AB818BBCA6D005BEE6C /* _TXHAddress.m in Sources */ = {isa = PBXBuildFile; fileRef = 3E2C6AB718BBCA6D005BEE6C /* _TXHAddress.m */; };
		3E2C6ABB18BBCA74005BEE6C /* _TXHOrder.m in Sources */ = {isa = PBXBuildFile; fileRef = 3E2C6ABA18BBCA74005BEE6C /* _TXHOrder.m */; };
		3E2C6ABE18BBCA7A005BEE6C /* _TXHTicket.m in Sources */ = {isa = PBXBuildFile; fileRef = 3E2C6ABD18BBCA7A005BEE6C /* _TXHTicket.m */; };
		3E2C6AC118BBCA80005BEE6C /* TXHAddress.m in Sources */ = {isa = PBXBuildFile; fileRef = 3E2C6AC018BBCA80005BEE6C /* TXHAddress.m */; };
		3E2C6AC418BBCA89005BEE6C /* TXHOrder.m in Sources */ = {isa = PBXBuildFile; fileRef = 3E2C6AC318BBCA89005BEE6C /* TXHOrder.m */; };
		3E2C6AC718BBCA91005BEE6C /* TXHTicket.m in Sources */ = {isa = PBXBuildFile; fileRef = 3E2C6AC618BBCA91005BEE6C /* TXHTicket.m */; };
		3E2C6AC918BBCB3F005BEE6C /* Order.json in Resources */ = {isa = PBXBuildFile; fileRef = 3E2C6AC818BBCB3F005BEE6C /* Order.json */; };
		3E2C6ACB18BBCB45005BEE6C /* Ticket.json in Resources */ = {isa = PBXBuildFile; fileRef = 3E2C6ACA18BBCB45005BEE6C /* Ticket.json */; };
		3E2C6AD118BCB8AE005BEE6C /* TXHCustomer.m in Sources */ = {isa = PBXBuildFile; fileRef = 3E2C6AD018BCB8AE005BEE6C /* TXHCustomer.m */; };
		3E2C6AD418BCB8B8005BEE6C /* _TXHCustomer.m in Sources */ = {isa = PBXBuildFile; fileRef = 3E2C6AD318BCB8B8005BEE6C /* _TXHCustomer.m */; };
		3E2C6AD618BCBB36005BEE6C /* Customer.json in Resources */ = {isa = PBXBuildFile; fileRef = 3E2C6AD518BCBB36005BEE6C /* Customer.json */; };
		3E4DB46518A93D3A00F8793C /* TXHUser.h in CopyFiles */ = {isa = PBXBuildFile; fileRef = EE4B18BE18439A7200CE6D5E /* TXHUser.h */; };
		3E4EE8B418AD1018000BF0C8 /* TXHNumberFormatterCache.m in Sources */ = {isa = PBXBuildFile; fileRef = 3E4EE8B318AD1018000BF0C8 /* TXHNumberFormatterCache.m */; };
		3EBF42CC18BE34A30065E7A7 /* JSONResponseSerializerWithData.m in Sources */ = {isa = PBXBuildFile; fileRef = 3EBF42CB18BE34A30065E7A7 /* JSONResponseSerializerWithData.m */; };
		3ED7560B18BCDFEA00D8F60B /* NSDateFormatter+TicketingHubFormat.m in Sources */ = {isa = PBXBuildFile; fileRef = 3ED7560A18BCDFEA00D8F60B /* NSDateFormatter+TicketingHubFormat.m */; };
		3ED7560E18BD0AB500D8F60B /* ClientOrderSpec.m in Sources */ = {isa = PBXBuildFile; fileRef = 3ED7560D18BD0AB500D8F60B /* ClientOrderSpec.m */; };
		3ED7561418BD500E00D8F60B /* TXHField.m in Sources */ = {isa = PBXBuildFile; fileRef = 3ED7561318BD500E00D8F60B /* TXHField.m */; };
		3EF722D718ACC8C000E86FBE /* NSDate+ISO.m in Sources */ = {isa = PBXBuildFile; fileRef = 3EF722D618ACC8C000E86FBE /* NSDate+ISO.m */; };
		B876DDB016274378A1A77EF5 /* libPods-test.a in Frameworks */ = {isa = PBXBuildFile; fileRef = 104872410D26403FA500E626 /* libPods-test.a */; };
		EE1C019E182147DE005D754A /* NSDictionary+JCSKeyMapping.m in Sources */ = {isa = PBXBuildFile; fileRef = EE8C3DB3181AE1840036AE92 /* NSDictionary+JCSKeyMapping.m */; };
		EE1C01A918215007005D754A /* Seasons.json in Resources */ = {isa = PBXBuildFile; fileRef = EE1C01A818215007005D754A /* Seasons.json */; };
		EE29FD5B18522F3800E83196 /* TierWithoutUpgrades.json in Resources */ = {isa = PBXBuildFile; fileRef = EE29FD5918522F3800E83196 /* TierWithoutUpgrades.json */; };
		EE29FD5C18522F3800E83196 /* TierWithUpgrades.json in Resources */ = {isa = PBXBuildFile; fileRef = EE29FD5A18522F3800E83196 /* TierWithUpgrades.json */; };
		EE3B6BA3183F69DE00BC7B92 /* TXHProductSpec.m in Sources */ = {isa = PBXBuildFile; fileRef = EE3B6BA2183F69DE00BC7B92 /* TXHProductSpec.m */; };
		EE3B6BA5183F8A2700BC7B92 /* ClientLoginSpec.m in Sources */ = {isa = PBXBuildFile; fileRef = EE3B6BA4183F8A2700BC7B92 /* ClientLoginSpec.m */; };
		EE44711E18A0054E00E5F95B /* iOS-api.h in CopyFiles */ = {isa = PBXBuildFile; fileRef = EEB32C8E1847C90E006045AF /* iOS-api.h */; };
		EE44711F18A0057D00E5F95B /* TXHAvailability.h in CopyFiles */ = {isa = PBXBuildFile; fileRef = EE4926AF1850C27800336A2D /* TXHAvailability.h */; };
		EE44712018A0057D00E5F95B /* TXHProduct.h in CopyFiles */ = {isa = PBXBuildFile; fileRef = EED7E850183E2CA000853E73 /* TXHProduct.h */; };
		EE44712118A0057D00E5F95B /* TXHSupplier.h in CopyFiles */ = {isa = PBXBuildFile; fileRef = EED7E852183E2CA000853E73 /* TXHSupplier.h */; };
		EE44712218A0057D00E5F95B /* TXHTier.h in CopyFiles */ = {isa = PBXBuildFile; fileRef = EE4926B11850C27800336A2D /* TXHTier.h */; };
		EE44712318A0057D00E5F95B /* TXHUpgrade.h in CopyFiles */ = {isa = PBXBuildFile; fileRef = EE4926B31850C27800336A2D /* TXHUpgrade.h */; };
		EE44712518A0057D00E5F95B /* _TXHAvailability.h in CopyFiles */ = {isa = PBXBuildFile; fileRef = EE4926BA1850C28C00336A2D /* _TXHAvailability.h */; };
		EE44712618A0057D00E5F95B /* _TXHProduct.h in CopyFiles */ = {isa = PBXBuildFile; fileRef = EED7E855183E2CA000853E73 /* _TXHProduct.h */; };
		EE44712718A0057D00E5F95B /* _TXHSupplier.h in CopyFiles */ = {isa = PBXBuildFile; fileRef = EED7E857183E2CA000853E73 /* _TXHSupplier.h */; };
		EE44712818A0057D00E5F95B /* _TXHTier.h in CopyFiles */ = {isa = PBXBuildFile; fileRef = EE4926BC1850C28C00336A2D /* _TXHTier.h */; };
		EE44712918A0057D00E5F95B /* _TXHUpgrade.h in CopyFiles */ = {isa = PBXBuildFile; fileRef = EE4926BF1850C2A000336A2D /* _TXHUpgrade.h */; };
		EE44712A18A0057D00E5F95B /* _TXHUser.h in CopyFiles */ = {isa = PBXBuildFile; fileRef = EE4B18C118439A7D00CE6D5E /* _TXHUser.h */; };
		EE44712B18A0059000E5F95B /* TXHTicketingHubClient.h in CopyFiles */ = {isa = PBXBuildFile; fileRef = EEF85C8C181840A100658409 /* TXHTicketingHubClient.h */; };
		EE44712C18A0059800E5F95B /* TXHAPIError.h in CopyFiles */ = {isa = PBXBuildFile; fileRef = EE5B98DA1827F26D00591875 /* TXHAPIError.h */; };
		EE4926B51850C27800336A2D /* TXHAvailability.m in Sources */ = {isa = PBXBuildFile; fileRef = EE4926B01850C27800336A2D /* TXHAvailability.m */; };
		EE4926B61850C27800336A2D /* TXHTier.m in Sources */ = {isa = PBXBuildFile; fileRef = EE4926B21850C27800336A2D /* TXHTier.m */; };
		EE4926B71850C27800336A2D /* TXHUpgrade.m in Sources */ = {isa = PBXBuildFile; fileRef = EE4926B41850C27800336A2D /* TXHUpgrade.m */; };
		EE4926BD1850C28C00336A2D /* _TXHAvailability.m in Sources */ = {isa = PBXBuildFile; fileRef = EE4926BB1850C28C00336A2D /* _TXHAvailability.m */; };
		EE4926C11850C2A000336A2D /* _TXHTier.m in Sources */ = {isa = PBXBuildFile; fileRef = EE4926BE1850C2A000336A2D /* _TXHTier.m */; };
		EE4926C21850C2A000336A2D /* _TXHUpgrade.m in Sources */ = {isa = PBXBuildFile; fileRef = EE4926C01850C2A000336A2D /* _TXHUpgrade.m */; };
		EE4B18B918438CD700CE6D5E /* User.json in Resources */ = {isa = PBXBuildFile; fileRef = EE4B18B818438CD700CE6D5E /* User.json */; };
		EE4B18BD18439A1400CE6D5E /* TXHUserSpec.m in Sources */ = {isa = PBXBuildFile; fileRef = EE4B18BC18439A1400CE6D5E /* TXHUserSpec.m */; };
		EE4B18C018439A7200CE6D5E /* TXHUser.m in Sources */ = {isa = PBXBuildFile; fileRef = EE4B18BF18439A7200CE6D5E /* TXHUser.m */; };
		EE4B18C318439A7D00CE6D5E /* _TXHUser.m in Sources */ = {isa = PBXBuildFile; fileRef = EE4B18C218439A7D00CE6D5E /* _TXHUser.m */; };
		EE67B39A183D175D0021B76A /* CoreFoundation.framework in Frameworks */ = {isa = PBXBuildFile; fileRef = EE67B399183D175D0021B76A /* CoreFoundation.framework */; };
		EE689EB2183E6484000952F7 /* CoreDataModel.xcdatamodeld in Sources */ = {isa = PBXBuildFile; fileRef = EED7E84C183E2BC500853E73 /* CoreDataModel.xcdatamodeld */; };
		EE689EB4183E686B000952F7 /* Supplier.json in Resources */ = {isa = PBXBuildFile; fileRef = EE689EB3183E686B000952F7 /* Supplier.json */; };
		EE74D468182ADF34000266C3 /* ClientCreationSpec.m in Sources */ = {isa = PBXBuildFile; fileRef = EE74D467182ADF34000266C3 /* ClientCreationSpec.m */; };
		EE8C3DB4181AE1840036AE92 /* NSDictionary+JCSKeyMapping.m in Sources */ = {isa = PBXBuildFile; fileRef = EE8C3DB3181AE1840036AE92 /* NSDictionary+JCSKeyMapping.m */; };
		EEACDA271855D33900BF46C3 /* Upgrade.json in Resources */ = {isa = PBXBuildFile; fileRef = EEACDA261855D33800BF46C3 /* Upgrade.json */; };
		EEAD47621899736F005CBC67 /* ClientAvailabilitySpec.m in Sources */ = {isa = PBXBuildFile; fileRef = EEAD47611899736F005CBC67 /* ClientAvailabilitySpec.m */; };
		EEB8CB64184911ED00BDDDAB /* iOS-api-Model.bundle in Resources */ = {isa = PBXBuildFile; fileRef = EE67B398183D175D0021B76A /* iOS-api-Model.bundle */; };
		EEBFB9A4184FA8DF00DBF9FA /* Availability.json in Resources */ = {isa = PBXBuildFile; fileRef = EEBFB9A3184FA8DF00DBF9FA /* Availability.json */; };
		EEBFB9A8184FAA5100DBF9FA /* AvailibilityDecember2013.json in Resources */ = {isa = PBXBuildFile; fileRef = EEBFB9A7184FAA5100DBF9FA /* AvailibilityDecember2013.json */; };
		EEBFB9AA184FABA500DBF9FA /* AvailabilityOptionsFirstForDate.json in Resources */ = {isa = PBXBuildFile; fileRef = EEBFB9A9184FABA500DBF9FA /* AvailabilityOptionsFirstForDate.json */; };
		EECAE8BB1850E11D00AC9959 /* TXHAvailabilitySpec.m in Sources */ = {isa = PBXBuildFile; fileRef = EECAE8BA1850E11D00AC9959 /* TXHAvailabilitySpec.m */; };
		EECAE8BD1850E81900AC9959 /* TXHUpgradeSpec.m in Sources */ = {isa = PBXBuildFile; fileRef = EECAE8BC1850E81900AC9959 /* TXHUpgradeSpec.m */; };
		EECAE8BF1850E83000AC9959 /* TXHTierSpec.m in Sources */ = {isa = PBXBuildFile; fileRef = EECAE8BE1850E83000AC9959 /* TXHTierSpec.m */; };
		EED7E84E183E2BC500853E73 /* CoreDataModel.xcdatamodeld in Sources */ = {isa = PBXBuildFile; fileRef = EED7E84C183E2BC500853E73 /* CoreDataModel.xcdatamodeld */; };
		EED7E859183E2CA000853E73 /* TXHProduct.m in Sources */ = {isa = PBXBuildFile; fileRef = EED7E851183E2CA000853E73 /* TXHProduct.m */; };
		EED7E85A183E2CA000853E73 /* TXHSupplier.m in Sources */ = {isa = PBXBuildFile; fileRef = EED7E853183E2CA000853E73 /* TXHSupplier.m */; };
		EED7E85B183E2CA000853E73 /* _TXHProduct.m in Sources */ = {isa = PBXBuildFile; fileRef = EED7E856183E2CA000853E73 /* _TXHProduct.m */; };
		EED7E85C183E2CA000853E73 /* _TXHSupplier.m in Sources */ = {isa = PBXBuildFile; fileRef = EED7E858183E2CA000853E73 /* _TXHSupplier.m */; };
		EED7E85E183E363D00853E73 /* TXHSupplierSpec.m in Sources */ = {isa = PBXBuildFile; fileRef = EED7E85D183E363D00853E73 /* TXHSupplierSpec.m */; };
		EED7E861183E3C7200853E73 /* TestsHelper.m in Sources */ = {isa = PBXBuildFile; fileRef = EED7E860183E3C7200853E73 /* TestsHelper.m */; };
		EEECF735183A67650087472B /* Suppliers.json in Resources */ = {isa = PBXBuildFile; fileRef = EEECF734183A67650087472B /* Suppliers.json */; };
		EEF85C6618183D9200658409 /* Foundation.framework in Frameworks */ = {isa = PBXBuildFile; fileRef = EEF85C6518183D9200658409 /* Foundation.framework */; };
		EEF85C7418183D9200658409 /* XCTest.framework in Frameworks */ = {isa = PBXBuildFile; fileRef = EEF85C7318183D9200658409 /* XCTest.framework */; };
		EEF85C7518183D9200658409 /* Foundation.framework in Frameworks */ = {isa = PBXBuildFile; fileRef = EEF85C6518183D9200658409 /* Foundation.framework */; };
		EEF85C7A18183D9200658409 /* libiOS-api.a in Frameworks */ = {isa = PBXBuildFile; fileRef = EEF85C6218183D9200658409 /* libiOS-api.a */; };
		EEF85C8018183D9200658409 /* InfoPlist.strings in Resources */ = {isa = PBXBuildFile; fileRef = EEF85C7E18183D9200658409 /* InfoPlist.strings */; };
		EEF85C8E181840A100658409 /* TXHTicketingHubClient.m in Sources */ = {isa = PBXBuildFile; fileRef = EEF85C8D181840A100658409 /* TXHTicketingHubClient.m */; };
		F7C3CEDF8273432CAEA3F072 /* libPods.a in Frameworks */ = {isa = PBXBuildFile; fileRef = DBF275EF2FB24D9098ECDDBE /* libPods.a */; };
/* End PBXBuildFile section */

/* Begin PBXContainerItemProxy section */
		3EFF9A1618A97ED700E5DA47 /* PBXContainerItemProxy */ = {
			isa = PBXContainerItemProxy;
			containerPortal = EEF85C5A18183D9200658409 /* Project object */;
			proxyType = 1;
			remoteGlobalIDString = EE67B397183D175D0021B76A;
			remoteInfo = "iOS-api-Model";
		};
		EE689E53183E3D00000952F7 /* PBXContainerItemProxy */ = {
			isa = PBXContainerItemProxy;
			containerPortal = EEF85C5A18183D9200658409 /* Project object */;
			proxyType = 1;
			remoteGlobalIDString = EE67B397183D175D0021B76A;
			remoteInfo = "iOS-api-Model";
		};
		EEF85C7818183D9200658409 /* PBXContainerItemProxy */ = {
			isa = PBXContainerItemProxy;
			containerPortal = EEF85C5A18183D9200658409 /* Project object */;
			proxyType = 1;
			remoteGlobalIDString = EEF85C6118183D9200658409;
			remoteInfo = "iOS-api";
		};
/* End PBXContainerItemProxy section */

/* Begin PBXCopyFilesBuildPhase section */
		EE44711D18A004F800E5F95B /* CopyFiles */ = {
			isa = PBXCopyFilesBuildPhase;
			buildActionMask = 2147483647;
			dstPath = "include/${PRODUCT_NAME}";
			dstSubfolderSpec = 16;
			files = (
				3E4DB46518A93D3A00F8793C /* TXHUser.h in CopyFiles */,
				EE44712C18A0059800E5F95B /* TXHAPIError.h in CopyFiles */,
				EE44712B18A0059000E5F95B /* TXHTicketingHubClient.h in CopyFiles */,
				EE44711F18A0057D00E5F95B /* TXHAvailability.h in CopyFiles */,
				EE44712018A0057D00E5F95B /* TXHProduct.h in CopyFiles */,
				EE44712118A0057D00E5F95B /* TXHSupplier.h in CopyFiles */,
				EE44712218A0057D00E5F95B /* TXHTier.h in CopyFiles */,
				EE44712318A0057D00E5F95B /* TXHUpgrade.h in CopyFiles */,
				EE44712518A0057D00E5F95B /* _TXHAvailability.h in CopyFiles */,
				EE44712618A0057D00E5F95B /* _TXHProduct.h in CopyFiles */,
				EE44712718A0057D00E5F95B /* _TXHSupplier.h in CopyFiles */,
				EE44712818A0057D00E5F95B /* _TXHTier.h in CopyFiles */,
				EE44712918A0057D00E5F95B /* _TXHUpgrade.h in CopyFiles */,
				EE44712A18A0057D00E5F95B /* _TXHUser.h in CopyFiles */,
				EE44711E18A0054E00E5F95B /* iOS-api.h in CopyFiles */,
			);
			runOnlyForDeploymentPostprocessing = 0;
		};
/* End PBXCopyFilesBuildPhase section */

/* Begin PBXFileReference section */
		104872410D26403FA500E626 /* libPods-test.a */ = {isa = PBXFileReference; explicitFileType = archive.ar; includeInIndex = 0; path = "libPods-test.a"; sourceTree = BUILT_PRODUCTS_DIR; };
		3E2C6AB218BBCA44005BEE6C /* TXHTicketSpec.m */ = {isa = PBXFileReference; fileEncoding = 4; lastKnownFileType = sourcecode.c.objc; path = TXHTicketSpec.m; sourceTree = "<group>"; };
		3E2C6AB418BBCA4C005BEE6C /* TXHOrderSpec.m */ = {isa = PBXFileReference; fileEncoding = 4; lastKnownFileType = sourcecode.c.objc; path = TXHOrderSpec.m; sourceTree = "<group>"; };
		3E2C6AB618BBCA6D005BEE6C /* _TXHAddress.h */ = {isa = PBXFileReference; fileEncoding = 4; lastKnownFileType = sourcecode.c.h; path = _TXHAddress.h; sourceTree = "<group>"; };
		3E2C6AB718BBCA6D005BEE6C /* _TXHAddress.m */ = {isa = PBXFileReference; fileEncoding = 4; lastKnownFileType = sourcecode.c.objc; path = _TXHAddress.m; sourceTree = "<group>"; };
		3E2C6AB918BBCA74005BEE6C /* _TXHOrder.h */ = {isa = PBXFileReference; fileEncoding = 4; lastKnownFileType = sourcecode.c.h; path = _TXHOrder.h; sourceTree = "<group>"; };
		3E2C6ABA18BBCA74005BEE6C /* _TXHOrder.m */ = {isa = PBXFileReference; fileEncoding = 4; lastKnownFileType = sourcecode.c.objc; path = _TXHOrder.m; sourceTree = "<group>"; };
		3E2C6ABC18BBCA7A005BEE6C /* _TXHTicket.h */ = {isa = PBXFileReference; fileEncoding = 4; lastKnownFileType = sourcecode.c.h; path = _TXHTicket.h; sourceTree = "<group>"; };
		3E2C6ABD18BBCA7A005BEE6C /* _TXHTicket.m */ = {isa = PBXFileReference; fileEncoding = 4; lastKnownFileType = sourcecode.c.objc; path = _TXHTicket.m; sourceTree = "<group>"; };
		3E2C6ABF18BBCA80005BEE6C /* TXHAddress.h */ = {isa = PBXFileReference; fileEncoding = 4; lastKnownFileType = sourcecode.c.h; path = TXHAddress.h; sourceTree = "<group>"; };
		3E2C6AC018BBCA80005BEE6C /* TXHAddress.m */ = {isa = PBXFileReference; fileEncoding = 4; lastKnownFileType = sourcecode.c.objc; path = TXHAddress.m; sourceTree = "<group>"; };
		3E2C6AC218BBCA89005BEE6C /* TXHOrder.h */ = {isa = PBXFileReference; fileEncoding = 4; lastKnownFileType = sourcecode.c.h; path = TXHOrder.h; sourceTree = "<group>"; };
		3E2C6AC318BBCA89005BEE6C /* TXHOrder.m */ = {isa = PBXFileReference; fileEncoding = 4; lastKnownFileType = sourcecode.c.objc; path = TXHOrder.m; sourceTree = "<group>"; };
		3E2C6AC518BBCA91005BEE6C /* TXHTicket.h */ = {isa = PBXFileReference; fileEncoding = 4; lastKnownFileType = sourcecode.c.h; path = TXHTicket.h; sourceTree = "<group>"; };
		3E2C6AC618BBCA91005BEE6C /* TXHTicket.m */ = {isa = PBXFileReference; fileEncoding = 4; lastKnownFileType = sourcecode.c.objc; path = TXHTicket.m; sourceTree = "<group>"; };
		3E2C6AC818BBCB3F005BEE6C /* Order.json */ = {isa = PBXFileReference; fileEncoding = 4; lastKnownFileType = text.json; path = Order.json; sourceTree = "<group>"; };
		3E2C6ACA18BBCB45005BEE6C /* Ticket.json */ = {isa = PBXFileReference; fileEncoding = 4; lastKnownFileType = text.json; path = Ticket.json; sourceTree = "<group>"; };
		3E2C6ACF18BCB8AE005BEE6C /* TXHCustomer.h */ = {isa = PBXFileReference; fileEncoding = 4; lastKnownFileType = sourcecode.c.h; path = TXHCustomer.h; sourceTree = "<group>"; };
		3E2C6AD018BCB8AE005BEE6C /* TXHCustomer.m */ = {isa = PBXFileReference; fileEncoding = 4; lastKnownFileType = sourcecode.c.objc; path = TXHCustomer.m; sourceTree = "<group>"; };
		3E2C6AD218BCB8B8005BEE6C /* _TXHCustomer.h */ = {isa = PBXFileReference; fileEncoding = 4; lastKnownFileType = sourcecode.c.h; path = _TXHCustomer.h; sourceTree = "<group>"; };
		3E2C6AD318BCB8B8005BEE6C /* _TXHCustomer.m */ = {isa = PBXFileReference; fileEncoding = 4; lastKnownFileType = sourcecode.c.objc; path = _TXHCustomer.m; sourceTree = "<group>"; };
		3E2C6AD518BCBB36005BEE6C /* Customer.json */ = {isa = PBXFileReference; fileEncoding = 4; lastKnownFileType = text.json; path = Customer.json; sourceTree = "<group>"; };
		3E4EE8B218AD1018000BF0C8 /* TXHNumberFormatterCache.h */ = {isa = PBXFileReference; fileEncoding = 4; lastKnownFileType = sourcecode.c.h; name = TXHNumberFormatterCache.h; path = Classes/TXHNumberFormatterCache.h; sourceTree = "<group>"; };
		3E4EE8B318AD1018000BF0C8 /* TXHNumberFormatterCache.m */ = {isa = PBXFileReference; fileEncoding = 4; lastKnownFileType = sourcecode.c.objc; name = TXHNumberFormatterCache.m; path = Classes/TXHNumberFormatterCache.m; sourceTree = "<group>"; };
		3EBF42CA18BE34A30065E7A7 /* JSONResponseSerializerWithData.h */ = {isa = PBXFileReference; fileEncoding = 4; lastKnownFileType = sourcecode.c.h; name = JSONResponseSerializerWithData.h; path = Classes/JSONResponseSerializerWithData.h; sourceTree = "<group>"; };
		3EBF42CB18BE34A30065E7A7 /* JSONResponseSerializerWithData.m */ = {isa = PBXFileReference; fileEncoding = 4; lastKnownFileType = sourcecode.c.objc; name = JSONResponseSerializerWithData.m; path = Classes/JSONResponseSerializerWithData.m; sourceTree = "<group>"; };
		3ED7560918BCDFEA00D8F60B /* NSDateFormatter+TicketingHubFormat.h */ = {isa = PBXFileReference; fileEncoding = 4; lastKnownFileType = sourcecode.c.h; name = "NSDateFormatter+TicketingHubFormat.h"; path = "iOS-api/Classes/NSDateFormatter+TicketingHubFormat.h"; sourceTree = SOURCE_ROOT; };
		3ED7560A18BCDFEA00D8F60B /* NSDateFormatter+TicketingHubFormat.m */ = {isa = PBXFileReference; fileEncoding = 4; lastKnownFileType = sourcecode.c.objc; name = "NSDateFormatter+TicketingHubFormat.m"; path = "iOS-api/Classes/NSDateFormatter+TicketingHubFormat.m"; sourceTree = SOURCE_ROOT; };
		3ED7560D18BD0AB500D8F60B /* ClientOrderSpec.m */ = {isa = PBXFileReference; fileEncoding = 4; lastKnownFileType = sourcecode.c.objc; path = ClientOrderSpec.m; sourceTree = "<group>"; };
		3ED7561118BD159800D8F60B /* TXHDefines.h */ = {isa = PBXFileReference; lastKnownFileType = sourcecode.c.h; path = TXHDefines.h; sourceTree = "<group>"; };
		3ED7561218BD500E00D8F60B /* TXHField.h */ = {isa = PBXFileReference; fileEncoding = 4; lastKnownFileType = sourcecode.c.h; name = TXHField.h; path = Classes/TXHField.h; sourceTree = "<group>"; };
		3ED7561318BD500E00D8F60B /* TXHField.m */ = {isa = PBXFileReference; fileEncoding = 4; lastKnownFileType = sourcecode.c.objc; name = TXHField.m; path = Classes/TXHField.m; sourceTree = "<group>"; };
		3EF722D518ACC8C000E86FBE /* NSDate+ISO.h */ = {isa = PBXFileReference; fileEncoding = 4; lastKnownFileType = sourcecode.c.h; name = "NSDate+ISO.h"; path = "Classes/NSDate+ISO.h"; sourceTree = "<group>"; };
		3EF722D618ACC8C000E86FBE /* NSDate+ISO.m */ = {isa = PBXFileReference; fileEncoding = 4; lastKnownFileType = sourcecode.c.objc; name = "NSDate+ISO.m"; path = "Classes/NSDate+ISO.m"; sourceTree = "<group>"; };
		6D08F867AC524A9BBF9B4173 /* Pods.xcconfig */ = {isa = PBXFileReference; includeInIndex = 1; lastKnownFileType = text.xcconfig; name = Pods.xcconfig; path = Pods/Pods.xcconfig; sourceTree = "<group>"; };
		C6B38C5037A349A8B3384700 /* Pods-test.xcconfig */ = {isa = PBXFileReference; includeInIndex = 1; lastKnownFileType = text.xcconfig; name = "Pods-test.xcconfig"; path = "Pods/Pods-test.xcconfig"; sourceTree = "<group>"; };
		DBF275EF2FB24D9098ECDDBE /* libPods.a */ = {isa = PBXFileReference; explicitFileType = archive.ar; includeInIndex = 0; path = libPods.a; sourceTree = BUILT_PRODUCTS_DIR; };
		EE1C01A818215007005D754A /* Seasons.json */ = {isa = PBXFileReference; fileEncoding = 4; lastKnownFileType = text.json; path = Seasons.json; sourceTree = "<group>"; };
		EE29FD5918522F3800E83196 /* TierWithoutUpgrades.json */ = {isa = PBXFileReference; fileEncoding = 4; lastKnownFileType = text.json; path = TierWithoutUpgrades.json; sourceTree = "<group>"; };
		EE29FD5A18522F3800E83196 /* TierWithUpgrades.json */ = {isa = PBXFileReference; fileEncoding = 4; lastKnownFileType = text.json; path = TierWithUpgrades.json; sourceTree = "<group>"; };
		EE3B6BA2183F69DE00BC7B92 /* TXHProductSpec.m */ = {isa = PBXFileReference; fileEncoding = 4; lastKnownFileType = sourcecode.c.objc; lineEnding = 0; path = TXHProductSpec.m; sourceTree = "<group>"; xcLanguageSpecificationIdentifier = xcode.lang.objc; };
		EE3B6BA4183F8A2700BC7B92 /* ClientLoginSpec.m */ = {isa = PBXFileReference; fileEncoding = 4; lastKnownFileType = sourcecode.c.objc; path = ClientLoginSpec.m; sourceTree = "<group>"; };
		EE4926AF1850C27800336A2D /* TXHAvailability.h */ = {isa = PBXFileReference; fileEncoding = 4; lastKnownFileType = sourcecode.c.h; path = TXHAvailability.h; sourceTree = "<group>"; };
		EE4926B01850C27800336A2D /* TXHAvailability.m */ = {isa = PBXFileReference; fileEncoding = 4; lastKnownFileType = sourcecode.c.objc; path = TXHAvailability.m; sourceTree = "<group>"; };
		EE4926B11850C27800336A2D /* TXHTier.h */ = {isa = PBXFileReference; fileEncoding = 4; lastKnownFileType = sourcecode.c.h; path = TXHTier.h; sourceTree = "<group>"; };
		EE4926B21850C27800336A2D /* TXHTier.m */ = {isa = PBXFileReference; fileEncoding = 4; lastKnownFileType = sourcecode.c.objc; path = TXHTier.m; sourceTree = "<group>"; };
		EE4926B31850C27800336A2D /* TXHUpgrade.h */ = {isa = PBXFileReference; fileEncoding = 4; lastKnownFileType = sourcecode.c.h; path = TXHUpgrade.h; sourceTree = "<group>"; };
		EE4926B41850C27800336A2D /* TXHUpgrade.m */ = {isa = PBXFileReference; fileEncoding = 4; lastKnownFileType = sourcecode.c.objc; path = TXHUpgrade.m; sourceTree = "<group>"; };
		EE4926BA1850C28C00336A2D /* _TXHAvailability.h */ = {isa = PBXFileReference; fileEncoding = 4; lastKnownFileType = sourcecode.c.h; path = _TXHAvailability.h; sourceTree = "<group>"; };
		EE4926BB1850C28C00336A2D /* _TXHAvailability.m */ = {isa = PBXFileReference; fileEncoding = 4; lastKnownFileType = sourcecode.c.objc; path = _TXHAvailability.m; sourceTree = "<group>"; };
		EE4926BC1850C28C00336A2D /* _TXHTier.h */ = {isa = PBXFileReference; fileEncoding = 4; lastKnownFileType = sourcecode.c.h; path = _TXHTier.h; sourceTree = "<group>"; };
		EE4926BE1850C2A000336A2D /* _TXHTier.m */ = {isa = PBXFileReference; fileEncoding = 4; lastKnownFileType = sourcecode.c.objc; path = _TXHTier.m; sourceTree = "<group>"; };
		EE4926BF1850C2A000336A2D /* _TXHUpgrade.h */ = {isa = PBXFileReference; fileEncoding = 4; lastKnownFileType = sourcecode.c.h; path = _TXHUpgrade.h; sourceTree = "<group>"; };
		EE4926C01850C2A000336A2D /* _TXHUpgrade.m */ = {isa = PBXFileReference; fileEncoding = 4; lastKnownFileType = sourcecode.c.objc; path = _TXHUpgrade.m; sourceTree = "<group>"; };
		EE4B18B818438CD700CE6D5E /* User.json */ = {isa = PBXFileReference; fileEncoding = 4; lastKnownFileType = text.json; path = User.json; sourceTree = "<group>"; };
		EE4B18BC18439A1400CE6D5E /* TXHUserSpec.m */ = {isa = PBXFileReference; fileEncoding = 4; lastKnownFileType = sourcecode.c.objc; lineEnding = 0; path = TXHUserSpec.m; sourceTree = "<group>"; xcLanguageSpecificationIdentifier = xcode.lang.objc; };
		EE4B18BE18439A7200CE6D5E /* TXHUser.h */ = {isa = PBXFileReference; fileEncoding = 4; lastKnownFileType = sourcecode.c.h; lineEnding = 0; path = TXHUser.h; sourceTree = "<group>"; xcLanguageSpecificationIdentifier = xcode.lang.objcpp; };
		EE4B18BF18439A7200CE6D5E /* TXHUser.m */ = {isa = PBXFileReference; fileEncoding = 4; lastKnownFileType = sourcecode.c.objc; lineEnding = 0; path = TXHUser.m; sourceTree = "<group>"; xcLanguageSpecificationIdentifier = xcode.lang.objc; };
		EE4B18C118439A7D00CE6D5E /* _TXHUser.h */ = {isa = PBXFileReference; fileEncoding = 4; lastKnownFileType = sourcecode.c.h; path = _TXHUser.h; sourceTree = "<group>"; };
		EE4B18C218439A7D00CE6D5E /* _TXHUser.m */ = {isa = PBXFileReference; fileEncoding = 4; lastKnownFileType = sourcecode.c.objc; path = _TXHUser.m; sourceTree = "<group>"; };
		EE5B98DA1827F26D00591875 /* TXHAPIError.h */ = {isa = PBXFileReference; fileEncoding = 4; lastKnownFileType = sourcecode.c.h; path = TXHAPIError.h; sourceTree = "<group>"; };
		EE67B398183D175D0021B76A /* iOS-api-Model.bundle */ = {isa = PBXFileReference; explicitFileType = wrapper.cfbundle; includeInIndex = 0; path = "iOS-api-Model.bundle"; sourceTree = BUILT_PRODUCTS_DIR; };
		EE67B399183D175D0021B76A /* CoreFoundation.framework */ = {isa = PBXFileReference; lastKnownFileType = wrapper.framework; name = CoreFoundation.framework; path = System/Library/Frameworks/CoreFoundation.framework; sourceTree = SDKROOT; };
		EE67B39D183D175D0021B76A /* iOS-api-Model-Info.plist */ = {isa = PBXFileReference; lastKnownFileType = text.plist.xml; path = "iOS-api-Model-Info.plist"; sourceTree = "<group>"; };
		EE689EB3183E686B000952F7 /* Supplier.json */ = {isa = PBXFileReference; fileEncoding = 4; lastKnownFileType = text.json; path = Supplier.json; sourceTree = "<group>"; };
		EE74D467182ADF34000266C3 /* ClientCreationSpec.m */ = {isa = PBXFileReference; fileEncoding = 4; lastKnownFileType = sourcecode.c.objc; path = ClientCreationSpec.m; sourceTree = "<group>"; };
		EE8C3DB2181AE1840036AE92 /* NSDictionary+JCSKeyMapping.h */ = {isa = PBXFileReference; fileEncoding = 4; lastKnownFileType = sourcecode.c.h; path = "NSDictionary+JCSKeyMapping.h"; sourceTree = "<group>"; };
		EE8C3DB3181AE1840036AE92 /* NSDictionary+JCSKeyMapping.m */ = {isa = PBXFileReference; fileEncoding = 4; lastKnownFileType = sourcecode.c.objc; path = "NSDictionary+JCSKeyMapping.m"; sourceTree = "<group>"; };
		EEACDA261855D33800BF46C3 /* Upgrade.json */ = {isa = PBXFileReference; fileEncoding = 4; lastKnownFileType = text.json; path = Upgrade.json; sourceTree = "<group>"; };
		EEAD47611899736F005CBC67 /* ClientAvailabilitySpec.m */ = {isa = PBXFileReference; fileEncoding = 4; lastKnownFileType = sourcecode.c.objc; path = ClientAvailabilitySpec.m; sourceTree = "<group>"; };
		EEB32C8E1847C90E006045AF /* iOS-api.h */ = {isa = PBXFileReference; lastKnownFileType = sourcecode.c.h; path = "iOS-api.h"; sourceTree = "<group>"; };
		EEBFB9A3184FA8DF00DBF9FA /* Availability.json */ = {isa = PBXFileReference; fileEncoding = 4; lastKnownFileType = text.json; path = Availability.json; sourceTree = "<group>"; };
		EEBFB9A7184FAA5100DBF9FA /* AvailibilityDecember2013.json */ = {isa = PBXFileReference; fileEncoding = 4; lastKnownFileType = text.json; path = AvailibilityDecember2013.json; sourceTree = "<group>"; };
		EEBFB9A9184FABA500DBF9FA /* AvailabilityOptionsFirstForDate.json */ = {isa = PBXFileReference; fileEncoding = 4; lastKnownFileType = text.json; path = AvailabilityOptionsFirstForDate.json; sourceTree = "<group>"; };
		EECAE8BA1850E11D00AC9959 /* TXHAvailabilitySpec.m */ = {isa = PBXFileReference; fileEncoding = 4; lastKnownFileType = sourcecode.c.objc; lineEnding = 0; path = TXHAvailabilitySpec.m; sourceTree = "<group>"; xcLanguageSpecificationIdentifier = xcode.lang.objc; };
		EECAE8BC1850E81900AC9959 /* TXHUpgradeSpec.m */ = {isa = PBXFileReference; fileEncoding = 4; lastKnownFileType = sourcecode.c.objc; lineEnding = 0; path = TXHUpgradeSpec.m; sourceTree = "<group>"; xcLanguageSpecificationIdentifier = xcode.lang.objc; };
		EECAE8BE1850E83000AC9959 /* TXHTierSpec.m */ = {isa = PBXFileReference; fileEncoding = 4; lastKnownFileType = sourcecode.c.objc; lineEnding = 0; path = TXHTierSpec.m; sourceTree = "<group>"; xcLanguageSpecificationIdentifier = xcode.lang.objc; };
		EED7E84D183E2BC500853E73 /* CoreDataModel 1.xcdatamodel */ = {isa = PBXFileReference; lastKnownFileType = wrapper.xcdatamodel; path = "CoreDataModel 1.xcdatamodel"; sourceTree = "<group>"; };
		EED7E850183E2CA000853E73 /* TXHProduct.h */ = {isa = PBXFileReference; fileEncoding = 4; lastKnownFileType = sourcecode.c.h; path = TXHProduct.h; sourceTree = "<group>"; };
		EED7E851183E2CA000853E73 /* TXHProduct.m */ = {isa = PBXFileReference; fileEncoding = 4; lastKnownFileType = sourcecode.c.objc; path = TXHProduct.m; sourceTree = "<group>"; };
		EED7E852183E2CA000853E73 /* TXHSupplier.h */ = {isa = PBXFileReference; fileEncoding = 4; lastKnownFileType = sourcecode.c.h; path = TXHSupplier.h; sourceTree = "<group>"; };
		EED7E853183E2CA000853E73 /* TXHSupplier.m */ = {isa = PBXFileReference; fileEncoding = 4; lastKnownFileType = sourcecode.c.objc; path = TXHSupplier.m; sourceTree = "<group>"; };
		EED7E855183E2CA000853E73 /* _TXHProduct.h */ = {isa = PBXFileReference; fileEncoding = 4; lastKnownFileType = sourcecode.c.h; path = _TXHProduct.h; sourceTree = "<group>"; };
		EED7E856183E2CA000853E73 /* _TXHProduct.m */ = {isa = PBXFileReference; fileEncoding = 4; lastKnownFileType = sourcecode.c.objc; path = _TXHProduct.m; sourceTree = "<group>"; };
		EED7E857183E2CA000853E73 /* _TXHSupplier.h */ = {isa = PBXFileReference; fileEncoding = 4; lastKnownFileType = sourcecode.c.h; path = _TXHSupplier.h; sourceTree = "<group>"; };
		EED7E858183E2CA000853E73 /* _TXHSupplier.m */ = {isa = PBXFileReference; fileEncoding = 4; lastKnownFileType = sourcecode.c.objc; path = _TXHSupplier.m; sourceTree = "<group>"; };
		EED7E85D183E363D00853E73 /* TXHSupplierSpec.m */ = {isa = PBXFileReference; fileEncoding = 4; lastKnownFileType = sourcecode.c.objc; lineEnding = 0; path = TXHSupplierSpec.m; sourceTree = "<group>"; xcLanguageSpecificationIdentifier = xcode.lang.objc; };
		EED7E85F183E3C7200853E73 /* TestsHelper.h */ = {isa = PBXFileReference; fileEncoding = 4; lastKnownFileType = sourcecode.c.h; lineEnding = 0; path = TestsHelper.h; sourceTree = "<group>"; xcLanguageSpecificationIdentifier = xcode.lang.objcpp; };
		EED7E860183E3C7200853E73 /* TestsHelper.m */ = {isa = PBXFileReference; fileEncoding = 4; lastKnownFileType = sourcecode.c.objc; lineEnding = 0; path = TestsHelper.m; sourceTree = "<group>"; xcLanguageSpecificationIdentifier = xcode.lang.objc; };
		EEECF734183A67650087472B /* Suppliers.json */ = {isa = PBXFileReference; fileEncoding = 4; lastKnownFileType = text.json; path = Suppliers.json; sourceTree = "<group>"; };
		EEF85C6218183D9200658409 /* libiOS-api.a */ = {isa = PBXFileReference; explicitFileType = archive.ar; includeInIndex = 0; path = "libiOS-api.a"; sourceTree = BUILT_PRODUCTS_DIR; };
		EEF85C6518183D9200658409 /* Foundation.framework */ = {isa = PBXFileReference; lastKnownFileType = wrapper.framework; name = Foundation.framework; path = System/Library/Frameworks/Foundation.framework; sourceTree = SDKROOT; };
		EEF85C6918183D9200658409 /* Prefix.pch */ = {isa = PBXFileReference; lastKnownFileType = sourcecode.c.h; path = Prefix.pch; sourceTree = "<group>"; };
		EEF85C7218183D9200658409 /* iOS-apiTests.xctest */ = {isa = PBXFileReference; explicitFileType = wrapper.cfbundle; includeInIndex = 0; path = "iOS-apiTests.xctest"; sourceTree = BUILT_PRODUCTS_DIR; };
		EEF85C7318183D9200658409 /* XCTest.framework */ = {isa = PBXFileReference; lastKnownFileType = wrapper.framework; name = XCTest.framework; path = Library/Frameworks/XCTest.framework; sourceTree = DEVELOPER_DIR; };
		EEF85C7D18183D9200658409 /* iOS-apiTests-Info.plist */ = {isa = PBXFileReference; lastKnownFileType = text.plist.xml; path = "iOS-apiTests-Info.plist"; sourceTree = "<group>"; };
		EEF85C7F18183D9200658409 /* en */ = {isa = PBXFileReference; lastKnownFileType = text.plist.strings; name = en; path = en.lproj/InfoPlist.strings; sourceTree = "<group>"; };
		EEF85C8B18183F5A00658409 /* TestsPrefix.pch */ = {isa = PBXFileReference; fileEncoding = 4; lastKnownFileType = sourcecode.c.h; path = TestsPrefix.pch; sourceTree = "<group>"; };
		EEF85C8C181840A100658409 /* TXHTicketingHubClient.h */ = {isa = PBXFileReference; fileEncoding = 4; lastKnownFileType = sourcecode.c.h; path = TXHTicketingHubClient.h; sourceTree = "<group>"; };
		EEF85C8D181840A100658409 /* TXHTicketingHubClient.m */ = {isa = PBXFileReference; fileEncoding = 4; lastKnownFileType = sourcecode.c.objc; lineEnding = 0; path = TXHTicketingHubClient.m; sourceTree = "<group>"; xcLanguageSpecificationIdentifier = xcode.lang.objc; };
/* End PBXFileReference section */

/* Begin PBXFrameworksBuildPhase section */
		EE67B395183D175D0021B76A /* Frameworks */ = {
			isa = PBXFrameworksBuildPhase;
			buildActionMask = 2147483647;
			files = (
				EE67B39A183D175D0021B76A /* CoreFoundation.framework in Frameworks */,
			);
			runOnlyForDeploymentPostprocessing = 0;
		};
		EEF85C5F18183D9200658409 /* Frameworks */ = {
			isa = PBXFrameworksBuildPhase;
			buildActionMask = 2147483647;
			files = (
				EEF85C6618183D9200658409 /* Foundation.framework in Frameworks */,
				F7C3CEDF8273432CAEA3F072 /* libPods.a in Frameworks */,
			);
			runOnlyForDeploymentPostprocessing = 0;
		};
		EEF85C6F18183D9200658409 /* Frameworks */ = {
			isa = PBXFrameworksBuildPhase;
			buildActionMask = 2147483647;
			files = (
				EEF85C7A18183D9200658409 /* libiOS-api.a in Frameworks */,
				EEF85C7418183D9200658409 /* XCTest.framework in Frameworks */,
				EEF85C7518183D9200658409 /* Foundation.framework in Frameworks */,
				B876DDB016274378A1A77EF5 /* libPods-test.a in Frameworks */,
			);
			runOnlyForDeploymentPostprocessing = 0;
		};
/* End PBXFrameworksBuildPhase section */

/* Begin PBXGroup section */
		3E4EE8B118AD0DF9000BF0C8 /* Categories */ = {
			isa = PBXGroup;
			children = (
				3ED7560918BCDFEA00D8F60B /* NSDateFormatter+TicketingHubFormat.h */,
				3ED7560A18BCDFEA00D8F60B /* NSDateFormatter+TicketingHubFormat.m */,
			);
			name = Categories;
			sourceTree = "<group>";
		};
		3EBF42C918BE34820065E7A7 /* AFURLResponseSerialization */ = {
			isa = PBXGroup;
			children = (
				3EBF42CA18BE34A30065E7A7 /* JSONResponseSerializerWithData.h */,
				3EBF42CB18BE34A30065E7A7 /* JSONResponseSerializerWithData.m */,
			);
			name = AFURLResponseSerialization;
			sourceTree = "<group>";
		};
		3ED7561518BD510F00D8F60B /* Not core data */ = {
			isa = PBXGroup;
			children = (
				3ED7561218BD500E00D8F60B /* TXHField.h */,
				3ED7561318BD500E00D8F60B /* TXHField.m */,
			);
			name = "Not core data";
			sourceTree = "<group>";
		};
		EE67B39B183D175D0021B76A /* iOS-api-Model */ = {
			isa = PBXGroup;
			children = (
				EED7E84C183E2BC500853E73 /* CoreDataModel.xcdatamodeld */,
				EE67B39C183D175D0021B76A /* Supporting Files */,
			);
			path = "iOS-api-Model";
			sourceTree = "<group>";
		};
		EE67B39C183D175D0021B76A /* Supporting Files */ = {
			isa = PBXGroup;
			children = (
				EE67B39D183D175D0021B76A /* iOS-api-Model-Info.plist */,
			);
			name = "Supporting Files";
			sourceTree = "<group>";
		};
		EE8C3DA8181ADA510036AE92 /* StubResponses */ = {
			isa = PBXGroup;
			children = (
				EEBFB9A3184FA8DF00DBF9FA /* Availability.json */,
				EEBFB9A9184FABA500DBF9FA /* AvailabilityOptionsFirstForDate.json */,
				EEBFB9A7184FAA5100DBF9FA /* AvailibilityDecember2013.json */,
				3E2C6AD518BCBB36005BEE6C /* Customer.json */,
				3E2C6AC818BBCB3F005BEE6C /* Order.json */,
				EE1C01A818215007005D754A /* Seasons.json */,
				EE689EB3183E686B000952F7 /* Supplier.json */,
				EEECF734183A67650087472B /* Suppliers.json */,
				3E2C6ACA18BBCB45005BEE6C /* Ticket.json */,
				EE29FD5918522F3800E83196 /* TierWithoutUpgrades.json */,
				EE29FD5A18522F3800E83196 /* TierWithUpgrades.json */,
				EEACDA261855D33800BF46C3 /* Upgrade.json */,
				EE4B18B818438CD700CE6D5E /* User.json */,
			);
			path = StubResponses;
			sourceTree = "<group>";
		};
		EE8C3DAD181AE0D10036AE92 /* Model Files */ = {
			isa = PBXGroup;
			children = (
				3ED7561518BD510F00D8F60B /* Not core data */,
				EED7E84F183E2CA000853E73 /* Human */,
				EED7E854183E2CA000853E73 /* Machine */,
			);
			name = "Model Files";
			sourceTree = "<group>";
		};
		EE8C3DB1181AE1840036AE92 /* NSDictionary+JCSKeyMapping */ = {
			isa = PBXGroup;
			children = (
				EE8C3DB2181AE1840036AE92 /* NSDictionary+JCSKeyMapping.h */,
				EE8C3DB3181AE1840036AE92 /* NSDictionary+JCSKeyMapping.m */,
			);
			path = "NSDictionary+JCSKeyMapping";
			sourceTree = "<group>";
		};
		EED7E84F183E2CA000853E73 /* Human */ = {
			isa = PBXGroup;
			children = (
				3E4EE8B118AD0DF9000BF0C8 /* Categories */,
				3E2C6ABF18BBCA80005BEE6C /* TXHAddress.h */,
				3E2C6AC018BBCA80005BEE6C /* TXHAddress.m */,
				EE4926AF1850C27800336A2D /* TXHAvailability.h */,
				EE4926B01850C27800336A2D /* TXHAvailability.m */,
				3E2C6ACF18BCB8AE005BEE6C /* TXHCustomer.h */,
				3E2C6AD018BCB8AE005BEE6C /* TXHCustomer.m */,
				3E2C6AC218BBCA89005BEE6C /* TXHOrder.h */,
				3E2C6AC318BBCA89005BEE6C /* TXHOrder.m */,
				EED7E850183E2CA000853E73 /* TXHProduct.h */,
				EED7E851183E2CA000853E73 /* TXHProduct.m */,
				EED7E852183E2CA000853E73 /* TXHSupplier.h */,
				EED7E853183E2CA000853E73 /* TXHSupplier.m */,
				3E2C6AC518BBCA91005BEE6C /* TXHTicket.h */,
				3E2C6AC618BBCA91005BEE6C /* TXHTicket.m */,
				EE4926B11850C27800336A2D /* TXHTier.h */,
				EE4926B21850C27800336A2D /* TXHTier.m */,
				EE4926B31850C27800336A2D /* TXHUpgrade.h */,
				EE4926B41850C27800336A2D /* TXHUpgrade.m */,
				EE4B18BE18439A7200CE6D5E /* TXHUser.h */,
				EE4B18BF18439A7200CE6D5E /* TXHUser.m */,
			);
			path = Human;
			sourceTree = "<group>";
		};
		EED7E854183E2CA000853E73 /* Machine */ = {
			isa = PBXGroup;
			children = (
				3E2C6AB618BBCA6D005BEE6C /* _TXHAddress.h */,
				EE4926BA1850C28C00336A2D /* _TXHAvailability.h */,
				3E2C6AB718BBCA6D005BEE6C /* _TXHAddress.m */,
				EE4926BB1850C28C00336A2D /* _TXHAvailability.m */,
				3E2C6AD218BCB8B8005BEE6C /* _TXHCustomer.h */,
				3E2C6AD318BCB8B8005BEE6C /* _TXHCustomer.m */,
				3E2C6AB918BBCA74005BEE6C /* _TXHOrder.h */,
				3E2C6ABA18BBCA74005BEE6C /* _TXHOrder.m */,
				EED7E855183E2CA000853E73 /* _TXHProduct.h */,
				EED7E856183E2CA000853E73 /* _TXHProduct.m */,
				EED7E857183E2CA000853E73 /* _TXHSupplier.h */,
				EED7E858183E2CA000853E73 /* _TXHSupplier.m */,
				3E2C6ABC18BBCA7A005BEE6C /* _TXHTicket.h */,
				3E2C6ABD18BBCA7A005BEE6C /* _TXHTicket.m */,
				EE4926BC1850C28C00336A2D /* _TXHTier.h */,
				EE4926BE1850C2A000336A2D /* _TXHTier.m */,
				EE4926BF1850C2A000336A2D /* _TXHUpgrade.h */,
				EE4926C01850C2A000336A2D /* _TXHUpgrade.m */,
				EE4B18C118439A7D00CE6D5E /* _TXHUser.h */,
				EE4B18C218439A7D00CE6D5E /* _TXHUser.m */,
			);
			path = Machine;
			sourceTree = "<group>";
		};
		EEF85C5918183D9200658409 = {
			isa = PBXGroup;
			children = (
				EEF85C6718183D9200658409 /* iOS-api */,
				EE67B39B183D175D0021B76A /* iOS-api-Model */,
				EEF85C7B18183D9200658409 /* iOS-apiTests */,
				EEF85C6418183D9200658409 /* Frameworks */,
				EEF85C6318183D9200658409 /* Products */,
				6D08F867AC524A9BBF9B4173 /* Pods.xcconfig */,
				C6B38C5037A349A8B3384700 /* Pods-test.xcconfig */,
			);
			sourceTree = "<group>";
		};
		EEF85C6318183D9200658409 /* Products */ = {
			isa = PBXGroup;
			children = (
				EEF85C6218183D9200658409 /* libiOS-api.a */,
				EEF85C7218183D9200658409 /* iOS-apiTests.xctest */,
				EE67B398183D175D0021B76A /* iOS-api-Model.bundle */,
			);
			name = Products;
			sourceTree = "<group>";
		};
		EEF85C6418183D9200658409 /* Frameworks */ = {
			isa = PBXGroup;
			children = (
				EEF85C6518183D9200658409 /* Foundation.framework */,
				EEF85C7318183D9200658409 /* XCTest.framework */,
				EE67B399183D175D0021B76A /* CoreFoundation.framework */,
				DBF275EF2FB24D9098ECDDBE /* libPods.a */,
				104872410D26403FA500E626 /* libPods-test.a */,
			);
			name = Frameworks;
			sourceTree = "<group>";
		};
		EEF85C6718183D9200658409 /* iOS-api */ = {
			isa = PBXGroup;
			children = (
				EEB32C8E1847C90E006045AF /* iOS-api.h */,
				3ED7561118BD159800D8F60B /* TXHDefines.h */,
				EE5B98DA1827F26D00591875 /* TXHAPIError.h */,
				EEF85C8C181840A100658409 /* TXHTicketingHubClient.h */,
				EEF85C8D181840A100658409 /* TXHTicketingHubClient.m */,
				EE8C3DAD181AE0D10036AE92 /* Model Files */,
				EEF85C92181844A700658409 /* Externals */,
				EEF85C911818446F00658409 /* Private Classes */,
				EEF85C6818183D9200658409 /* Supporting Files */,
			);
			path = "iOS-api";
			sourceTree = "<group>";
		};
		EEF85C6818183D9200658409 /* Supporting Files */ = {
			isa = PBXGroup;
			children = (
				EEF85C6918183D9200658409 /* Prefix.pch */,
			);
			name = "Supporting Files";
			sourceTree = "<group>";
		};
		EEF85C7B18183D9200658409 /* iOS-apiTests */ = {
			isa = PBXGroup;
			children = (
				EEAD47611899736F005CBC67 /* ClientAvailabilitySpec.m */,
				3ED7560D18BD0AB500D8F60B /* ClientOrderSpec.m */,
				EE74D467182ADF34000266C3 /* ClientCreationSpec.m */,
				EE3B6BA4183F8A2700BC7B92 /* ClientLoginSpec.m */,
				EECAE8BA1850E11D00AC9959 /* TXHAvailabilitySpec.m */,
				3E2C6AB418BBCA4C005BEE6C /* TXHOrderSpec.m */,
				EE3B6BA2183F69DE00BC7B92 /* TXHProductSpec.m */,
				EED7E85D183E363D00853E73 /* TXHSupplierSpec.m */,
				3E2C6AB218BBCA44005BEE6C /* TXHTicketSpec.m */,
				EECAE8BE1850E83000AC9959 /* TXHTierSpec.m */,
				EECAE8BC1850E81900AC9959 /* TXHUpgradeSpec.m */,
				EE4B18BC18439A1400CE6D5E /* TXHUserSpec.m */,
				EEF85C7C18183D9200658409 /* Supporting Files */,
			);
			path = "iOS-apiTests";
			sourceTree = "<group>";
		};
		EEF85C7C18183D9200658409 /* Supporting Files */ = {
			isa = PBXGroup;
			children = (
				EEF85C7E18183D9200658409 /* InfoPlist.strings */,
				EEF85C7D18183D9200658409 /* iOS-apiTests-Info.plist */,
				EED7E85F183E3C7200853E73 /* TestsHelper.h */,
				EED7E860183E3C7200853E73 /* TestsHelper.m */,
				EEF85C8B18183F5A00658409 /* TestsPrefix.pch */,
				EE8C3DA8181ADA510036AE92 /* StubResponses */,
			);
			name = "Supporting Files";
			sourceTree = "<group>";
		};
		EEF85C911818446F00658409 /* Private Classes */ = {
			isa = PBXGroup;
			children = (
				3EF722D518ACC8C000E86FBE /* NSDate+ISO.h */,
				3EF722D618ACC8C000E86FBE /* NSDate+ISO.m */,
				3E4EE8B218AD1018000BF0C8 /* TXHNumberFormatterCache.h */,
				3E4EE8B318AD1018000BF0C8 /* TXHNumberFormatterCache.m */,
			);
			name = "Private Classes";
			sourceTree = "<group>";
		};
		EEF85C92181844A700658409 /* Externals */ = {
			isa = PBXGroup;
			children = (
				3EBF42C918BE34820065E7A7 /* AFURLResponseSerialization */,
				EE8C3DB1181AE1840036AE92 /* NSDictionary+JCSKeyMapping */,
			);
			name = Externals;
			sourceTree = "<group>";
		};
/* End PBXGroup section */

/* Begin PBXNativeTarget section */
		EE67B397183D175D0021B76A /* iOS-api-Model */ = {
			isa = PBXNativeTarget;
			buildConfigurationList = EE67B3A2183D175D0021B76A /* Build configuration list for PBXNativeTarget "iOS-api-Model" */;
			buildPhases = (
				EE67B394183D175D0021B76A /* Sources */,
				EE67B395183D175D0021B76A /* Frameworks */,
				EE67B396183D175D0021B76A /* Resources */,
				3ECE131C18B42DE000E7148F /* ShellScript */,
			);
			buildRules = (
			);
			dependencies = (
			);
			name = "iOS-api-Model";
			productName = "iOS-api-Model";
			productReference = EE67B398183D175D0021B76A /* iOS-api-Model.bundle */;
			productType = "com.apple.product-type.bundle";
		};
		EEF85C6118183D9200658409 /* iOS-api */ = {
			isa = PBXNativeTarget;
			buildConfigurationList = EEF85C8518183D9200658409 /* Build configuration list for PBXNativeTarget "iOS-api" */;
			buildPhases = (
				458ED211C5464649BF5F1DC1 /* Check Pods Manifest.lock */,
				EEF85C5E18183D9200658409 /* Sources */,
				EEF85C5F18183D9200658409 /* Frameworks */,
				EE44711D18A004F800E5F95B /* CopyFiles */,
				292940B2019C439EA53DAC3B /* Copy Pods Resources */,
			);
			buildRules = (
			);
			dependencies = (
				3EFF9A1718A97ED700E5DA47 /* PBXTargetDependency */,
			);
			name = "iOS-api";
			productName = "iOS-api";
			productReference = EEF85C6218183D9200658409 /* libiOS-api.a */;
			productType = "com.apple.product-type.library.static";
		};
		EEF85C7118183D9200658409 /* iOS-apiTests */ = {
			isa = PBXNativeTarget;
			buildConfigurationList = EEF85C8818183D9200658409 /* Build configuration list for PBXNativeTarget "iOS-apiTests" */;
			buildPhases = (
				DA959E731CB24A23B3FAC690 /* Check Pods Manifest.lock */,
				EEF85C6E18183D9200658409 /* Sources */,
				EEF85C6F18183D9200658409 /* Frameworks */,
				EEF85C7018183D9200658409 /* Resources */,
				35CF573819FE4597876E0F21 /* Copy Pods Resources */,
			);
			buildRules = (
			);
			dependencies = (
				EE689E54183E3D00000952F7 /* PBXTargetDependency */,
				EEF85C7918183D9200658409 /* PBXTargetDependency */,
			);
			name = "iOS-apiTests";
			productName = "iOS-apiTests";
			productReference = EEF85C7218183D9200658409 /* iOS-apiTests.xctest */;
			productType = "com.apple.product-type.bundle.unit-test";
		};
/* End PBXNativeTarget section */

/* Begin PBXProject section */
		EEF85C5A18183D9200658409 /* Project object */ = {
			isa = PBXProject;
			attributes = {
				LastUpgradeCheck = 0510;
				ORGANIZATIONNAME = TicketingHub;
			};
			buildConfigurationList = EEF85C5D18183D9200658409 /* Build configuration list for PBXProject "iOS-api" */;
			compatibilityVersion = "Xcode 3.2";
			developmentRegion = English;
			hasScannedForEncodings = 0;
			knownRegions = (
				en,
			);
			mainGroup = EEF85C5918183D9200658409;
			productRefGroup = EEF85C6318183D9200658409 /* Products */;
			projectDirPath = "";
			projectRoot = "";
			targets = (
				EEF85C6118183D9200658409 /* iOS-api */,
				EEF85C7118183D9200658409 /* iOS-apiTests */,
				EE67B397183D175D0021B76A /* iOS-api-Model */,
				3ECE131D18B4AE8700E7148F /* Mogenerator */,
			);
		};
/* End PBXProject section */

/* Begin PBXResourcesBuildPhase section */
		EE67B396183D175D0021B76A /* Resources */ = {
			isa = PBXResourcesBuildPhase;
			buildActionMask = 2147483647;
			files = (
			);
			runOnlyForDeploymentPostprocessing = 0;
		};
		EEF85C7018183D9200658409 /* Resources */ = {
			isa = PBXResourcesBuildPhase;
			buildActionMask = 2147483647;
			files = (
				EEF85C8018183D9200658409 /* InfoPlist.strings in Resources */,
				EEACDA271855D33900BF46C3 /* Upgrade.json in Resources */,
				EEBFB9AA184FABA500DBF9FA /* AvailabilityOptionsFirstForDate.json in Resources */,
				EEECF735183A67650087472B /* Suppliers.json in Resources */,
				3E2C6AD618BCBB36005BEE6C /* Customer.json in Resources */,
				EEBFB9A4184FA8DF00DBF9FA /* Availability.json in Resources */,
				3E2C6ACB18BBCB45005BEE6C /* Ticket.json in Resources */,
				EE4B18B918438CD700CE6D5E /* User.json in Resources */,
				EE689EB4183E686B000952F7 /* Supplier.json in Resources */,
				EE29FD5B18522F3800E83196 /* TierWithoutUpgrades.json in Resources */,
				EE1C01A918215007005D754A /* Seasons.json in Resources */,
				3E2C6AC918BBCB3F005BEE6C /* Order.json in Resources */,
				EEBFB9A8184FAA5100DBF9FA /* AvailibilityDecember2013.json in Resources */,
				EEB8CB64184911ED00BDDDAB /* iOS-api-Model.bundle in Resources */,
				EE29FD5C18522F3800E83196 /* TierWithUpgrades.json in Resources */,
			);
			runOnlyForDeploymentPostprocessing = 0;
		};
/* End PBXResourcesBuildPhase section */

/* Begin PBXShellScriptBuildPhase section */
		292940B2019C439EA53DAC3B /* Copy Pods Resources */ = {
			isa = PBXShellScriptBuildPhase;
			buildActionMask = 2147483647;
			files = (
			);
			inputPaths = (
			);
			name = "Copy Pods Resources";
			outputPaths = (
			);
			runOnlyForDeploymentPostprocessing = 0;
			shellPath = /bin/sh;
			shellScript = "\"${SRCROOT}/Pods/Pods-resources.sh\"\n";
			showEnvVarsInLog = 0;
		};
		35CF573819FE4597876E0F21 /* Copy Pods Resources */ = {
			isa = PBXShellScriptBuildPhase;
			buildActionMask = 2147483647;
			files = (
			);
			inputPaths = (
			);
			name = "Copy Pods Resources";
			outputPaths = (
			);
			runOnlyForDeploymentPostprocessing = 0;
			shellPath = /bin/sh;
			shellScript = "\"${SRCROOT}/Pods/Pods-test-resources.sh\"\n";
			showEnvVarsInLog = 0;
		};
		3ECE131C18B42DE000E7148F /* ShellScript */ = {
			isa = PBXShellScriptBuildPhase;
			buildActionMask = 2147483647;
			files = (
			);
			inputPaths = (
			);
			outputPaths = (
			);
			runOnlyForDeploymentPostprocessing = 0;
			shellPath = /bin/sh;
			shellScript = "";
		};
		3ECE132118B4AE9200E7148F /* ShellScript */ = {
			isa = PBXShellScriptBuildPhase;
			buildActionMask = 2147483647;
			files = (
			);
			inputPaths = (
			);
			outputPaths = (
			);
			runOnlyForDeploymentPostprocessing = 0;
			shellPath = /bin/sh;
			shellScript = "/usr/local/bin/mogenerator -m iOS-api-Model/CoreDataModel.xcdatamodeld -M iOS-api/Machine -H iOS-api/Human --template-var arc=true";
		};
		458ED211C5464649BF5F1DC1 /* Check Pods Manifest.lock */ = {
			isa = PBXShellScriptBuildPhase;
			buildActionMask = 2147483647;
			files = (
			);
			inputPaths = (
			);
			name = "Check Pods Manifest.lock";
			outputPaths = (
			);
			runOnlyForDeploymentPostprocessing = 0;
			shellPath = /bin/sh;
			shellScript = "diff \"${PODS_ROOT}/../Podfile.lock\" \"${PODS_ROOT}/Manifest.lock\" > /dev/null\nif [[ $? != 0 ]] ; then\n    cat << EOM\nerror: The sandbox is not in sync with the Podfile.lock. Run 'pod install' or update your CocoaPods installation.\nEOM\n    exit 1\nfi\n";
			showEnvVarsInLog = 0;
		};
		DA959E731CB24A23B3FAC690 /* Check Pods Manifest.lock */ = {
			isa = PBXShellScriptBuildPhase;
			buildActionMask = 2147483647;
			files = (
			);
			inputPaths = (
			);
			name = "Check Pods Manifest.lock";
			outputPaths = (
			);
			runOnlyForDeploymentPostprocessing = 0;
			shellPath = /bin/sh;
			shellScript = "diff \"${PODS_ROOT}/../Podfile.lock\" \"${PODS_ROOT}/Manifest.lock\" > /dev/null\nif [[ $? != 0 ]] ; then\n    cat << EOM\nerror: The sandbox is not in sync with the Podfile.lock. Run 'pod install' or update your CocoaPods installation.\nEOM\n    exit 1\nfi\n";
			showEnvVarsInLog = 0;
		};
/* End PBXShellScriptBuildPhase section */

/* Begin PBXSourcesBuildPhase section */
		EE67B394183D175D0021B76A /* Sources */ = {
			isa = PBXSourcesBuildPhase;
			buildActionMask = 2147483647;
			files = (
				EED7E84E183E2BC500853E73 /* CoreDataModel.xcdatamodeld in Sources */,
			);
			runOnlyForDeploymentPostprocessing = 0;
		};
		EEF85C5E18183D9200658409 /* Sources */ = {
			isa = PBXSourcesBuildPhase;
			buildActionMask = 2147483647;
			files = (
				EED7E85A183E2CA000853E73 /* TXHSupplier.m in Sources */,
				EED7E85C183E2CA000853E73 /* _TXHSupplier.m in Sources */,
				3EF722D718ACC8C000E86FBE /* NSDate+ISO.m in Sources */,
				3E2C6AB818BBCA6D005BEE6C /* _TXHAddress.m in Sources */,
				3E2C6AD418BCB8B8005BEE6C /* _TXHCustomer.m in Sources */,
				3E2C6AD118BCB8AE005BEE6C /* TXHCustomer.m in Sources */,
				EE4926C21850C2A000336A2D /* _TXHUpgrade.m in Sources */,
				EEF85C8E181840A100658409 /* TXHTicketingHubClient.m in Sources */,
				3E2C6ABE18BBCA7A005BEE6C /* _TXHTicket.m in Sources */,
				EED7E859183E2CA000853E73 /* TXHProduct.m in Sources */,
				EE4926B51850C27800336A2D /* TXHAvailability.m in Sources */,
				EE4926C11850C2A000336A2D /* _TXHTier.m in Sources */,
				EE4926B61850C27800336A2D /* TXHTier.m in Sources */,
				EED7E85B183E2CA000853E73 /* _TXHProduct.m in Sources */,
				3E2C6AC118BBCA80005BEE6C /* TXHAddress.m in Sources */,
				3E2C6AC418BBCA89005BEE6C /* TXHOrder.m in Sources */,
				EE8C3DB4181AE1840036AE92 /* NSDictionary+JCSKeyMapping.m in Sources */,
				3E4EE8B418AD1018000BF0C8 /* TXHNumberFormatterCache.m in Sources */,
				3E2C6AC718BBCA91005BEE6C /* TXHTicket.m in Sources */,
				3ED7561418BD500E00D8F60B /* TXHField.m in Sources */,
				EE4B18C318439A7D00CE6D5E /* _TXHUser.m in Sources */,
				EE4B18C018439A7200CE6D5E /* TXHUser.m in Sources */,
				3ED7560B18BCDFEA00D8F60B /* NSDateFormatter+TicketingHubFormat.m in Sources */,
				3EBF42CC18BE34A30065E7A7 /* JSONResponseSerializerWithData.m in Sources */,
				EE4926BD1850C28C00336A2D /* _TXHAvailability.m in Sources */,
				3E2C6ABB18BBCA74005BEE6C /* _TXHOrder.m in Sources */,
				EE4926B71850C27800336A2D /* TXHUpgrade.m in Sources */,
			);
			runOnlyForDeploymentPostprocessing = 0;
		};
		EEF85C6E18183D9200658409 /* Sources */ = {
			isa = PBXSourcesBuildPhase;
			buildActionMask = 2147483647;
			files = (
				EED7E861183E3C7200853E73 /* TestsHelper.m in Sources */,
				EE1C019E182147DE005D754A /* NSDictionary+JCSKeyMapping.m in Sources */,
				3E2C6AB518BBCA4C005BEE6C /* TXHOrderSpec.m in Sources */,
				3ED7560E18BD0AB500D8F60B /* ClientOrderSpec.m in Sources */,
				EE689EB2183E6484000952F7 /* CoreDataModel.xcdatamodeld in Sources */,
				EECAE8BD1850E81900AC9959 /* TXHUpgradeSpec.m in Sources */,
				EEAD47621899736F005CBC67 /* ClientAvailabilitySpec.m in Sources */,
				EE3B6BA5183F8A2700BC7B92 /* ClientLoginSpec.m in Sources */,
				EE74D468182ADF34000266C3 /* ClientCreationSpec.m in Sources */,
				EECAE8BF1850E83000AC9959 /* TXHTierSpec.m in Sources */,
				EE3B6BA3183F69DE00BC7B92 /* TXHProductSpec.m in Sources */,
				EECAE8BB1850E11D00AC9959 /* TXHAvailabilitySpec.m in Sources */,
				EE4B18BD18439A1400CE6D5E /* TXHUserSpec.m in Sources */,
				EED7E85E183E363D00853E73 /* TXHSupplierSpec.m in Sources */,
				3E2C6AB318BBCA44005BEE6C /* TXHTicketSpec.m in Sources */,
			);
			runOnlyForDeploymentPostprocessing = 0;
		};
/* End PBXSourcesBuildPhase section */

/* Begin PBXTargetDependency section */
		3EFF9A1718A97ED700E5DA47 /* PBXTargetDependency */ = {
			isa = PBXTargetDependency;
			target = EE67B397183D175D0021B76A /* iOS-api-Model */;
			targetProxy = 3EFF9A1618A97ED700E5DA47 /* PBXContainerItemProxy */;
		};
		EE689E54183E3D00000952F7 /* PBXTargetDependency */ = {
			isa = PBXTargetDependency;
			target = EE67B397183D175D0021B76A /* iOS-api-Model */;
			targetProxy = EE689E53183E3D00000952F7 /* PBXContainerItemProxy */;
		};
		EEF85C7918183D9200658409 /* PBXTargetDependency */ = {
			isa = PBXTargetDependency;
			target = EEF85C6118183D9200658409 /* iOS-api */;
			targetProxy = EEF85C7818183D9200658409 /* PBXContainerItemProxy */;
		};
/* End PBXTargetDependency section */

/* Begin PBXVariantGroup section */
		EEF85C7E18183D9200658409 /* InfoPlist.strings */ = {
			isa = PBXVariantGroup;
			children = (
				EEF85C7F18183D9200658409 /* en */,
			);
			name = InfoPlist.strings;
			sourceTree = "<group>";
		};
/* End PBXVariantGroup section */

/* Begin XCBuildConfiguration section */
		3ECE131F18B4AE8700E7148F /* Debug */ = {
			isa = XCBuildConfiguration;
			buildSettings = {
				PRODUCT_NAME = "$(TARGET_NAME)";
			};
			name = Debug;
		};
		3ECE132018B4AE8700E7148F /* Release */ = {
			isa = XCBuildConfiguration;
			buildSettings = {
				PRODUCT_NAME = "$(TARGET_NAME)";
			};
			name = Release;
		};
		EE67B3A3183D175D0021B76A /* Debug */ = {
			isa = XCBuildConfiguration;
			buildSettings = {
				COMBINE_HIDPI_IMAGES = YES;
				GCC_ENABLE_OBJC_EXCEPTIONS = YES;
				GCC_PRECOMPILE_PREFIX_HEADER = YES;
				GCC_PREFIX_HEADER = "iOS-api-Model/iOS-api-Model-Prefix.pch";
				GCC_PREPROCESSOR_DEFINITIONS = (
					"DEBUG=1",
					"$(inherited)",
				);
				INFOPLIST_FILE = "iOS-api-Model/iOS-api-Model-Info.plist";
				INSTALL_PATH = "$(LOCAL_LIBRARY_DIR)/Bundles";
				MACOSX_DEPLOYMENT_TARGET = 10.9;
				PRODUCT_NAME = "$(TARGET_NAME)";
				SDKROOT = iphoneos;
				WRAPPER_EXTENSION = bundle;
			};
			name = Debug;
		};
		EE67B3A4183D175D0021B76A /* Release */ = {
			isa = XCBuildConfiguration;
			buildSettings = {
				COMBINE_HIDPI_IMAGES = YES;
				DEBUG_INFORMATION_FORMAT = "dwarf-with-dsym";
				GCC_ENABLE_OBJC_EXCEPTIONS = YES;
				GCC_PRECOMPILE_PREFIX_HEADER = YES;
				GCC_PREFIX_HEADER = "iOS-api-Model/iOS-api-Model-Prefix.pch";
				INFOPLIST_FILE = "iOS-api-Model/iOS-api-Model-Info.plist";
				INSTALL_PATH = "$(LOCAL_LIBRARY_DIR)/Bundles";
				MACOSX_DEPLOYMENT_TARGET = 10.9;
				PRODUCT_NAME = "$(TARGET_NAME)";
				SDKROOT = iphoneos;
				WRAPPER_EXTENSION = bundle;
			};
			name = Release;
		};
		EEF85C8318183D9200658409 /* Debug */ = {
			isa = XCBuildConfiguration;
			buildSettings = {
				ALWAYS_SEARCH_USER_PATHS = NO;
				CLANG_CXX_LANGUAGE_STANDARD = "gnu++0x";
				CLANG_CXX_LIBRARY = "libc++";
				CLANG_ENABLE_MODULES = YES;
				CLANG_ENABLE_OBJC_ARC = YES;
				CLANG_WARN_BOOL_CONVERSION = YES;
				CLANG_WARN_CONSTANT_CONVERSION = YES;
				CLANG_WARN_DIRECT_OBJC_ISA_USAGE = YES_ERROR;
				CLANG_WARN_EMPTY_BODY = YES;
				CLANG_WARN_ENUM_CONVERSION = YES;
				CLANG_WARN_INT_CONVERSION = YES;
				CLANG_WARN_OBJC_ROOT_CLASS = YES_ERROR;
				CLANG_WARN__DUPLICATE_METHOD_MATCH = YES;
				COPY_PHASE_STRIP = NO;
				GCC_C_LANGUAGE_STANDARD = gnu99;
				GCC_DYNAMIC_NO_PIC = NO;
				GCC_OPTIMIZATION_LEVEL = 0;
				GCC_PREPROCESSOR_DEFINITIONS = (
					"DEBUG=1",
					"$(inherited)",
				);
				GCC_SYMBOLS_PRIVATE_EXTERN = NO;
				GCC_WARN_64_TO_32_BIT_CONVERSION = YES;
				GCC_WARN_ABOUT_RETURN_TYPE = YES_ERROR;
				GCC_WARN_UNDECLARED_SELECTOR = YES;
				GCC_WARN_UNINITIALIZED_AUTOS = YES;
				GCC_WARN_UNUSED_FUNCTION = YES;
				GCC_WARN_UNUSED_VARIABLE = YES;
				IPHONEOS_DEPLOYMENT_TARGET = 7.0;
				ONLY_ACTIVE_ARCH = YES;
				SDKROOT = iphoneos;
			};
			name = Debug;
		};
		EEF85C8418183D9200658409 /* Release */ = {
			isa = XCBuildConfiguration;
			buildSettings = {
				ALWAYS_SEARCH_USER_PATHS = NO;
				CLANG_CXX_LANGUAGE_STANDARD = "gnu++0x";
				CLANG_CXX_LIBRARY = "libc++";
				CLANG_ENABLE_MODULES = YES;
				CLANG_ENABLE_OBJC_ARC = YES;
				CLANG_WARN_BOOL_CONVERSION = YES;
				CLANG_WARN_CONSTANT_CONVERSION = YES;
				CLANG_WARN_DIRECT_OBJC_ISA_USAGE = YES_ERROR;
				CLANG_WARN_EMPTY_BODY = YES;
				CLANG_WARN_ENUM_CONVERSION = YES;
				CLANG_WARN_INT_CONVERSION = YES;
				CLANG_WARN_OBJC_ROOT_CLASS = YES_ERROR;
				CLANG_WARN__DUPLICATE_METHOD_MATCH = YES;
				COPY_PHASE_STRIP = YES;
				ENABLE_NS_ASSERTIONS = NO;
				GCC_C_LANGUAGE_STANDARD = gnu99;
				GCC_WARN_64_TO_32_BIT_CONVERSION = YES;
				GCC_WARN_ABOUT_RETURN_TYPE = YES_ERROR;
				GCC_WARN_UNDECLARED_SELECTOR = YES;
				GCC_WARN_UNINITIALIZED_AUTOS = YES;
				GCC_WARN_UNUSED_FUNCTION = YES;
				GCC_WARN_UNUSED_VARIABLE = YES;
				IPHONEOS_DEPLOYMENT_TARGET = 7.0;
				SDKROOT = iphoneos;
				VALIDATE_PRODUCT = YES;
			};
			name = Release;
		};
		EEF85C8618183D9200658409 /* Debug */ = {
			isa = XCBuildConfiguration;
			baseConfigurationReference = 6D08F867AC524A9BBF9B4173 /* Pods.xcconfig */;
			buildSettings = {
				CLANG_WARN_DOCUMENTATION_COMMENTS = YES;
				DSTROOT = /tmp/iOS_api.dst;
				GCC_PRECOMPILE_PREFIX_HEADER = YES;
				GCC_PREFIX_HEADER = "iOS-api/Prefix.pch";
				HEADER_SEARCH_PATHS = (
					"\"${PODS_ROOT}/Headers/AFNetworking\"",
					"\"${PODS_ROOT}/Headers/DCTCoreDataStack\"",
					"$(inherited)",
				);
				OTHER_LDFLAGS = (
					"-ObjC",
					"$(inherited)",
				);
				PRODUCT_NAME = "$(TARGET_NAME)";
				SKIP_INSTALL = YES;
			};
			name = Debug;
		};
		EEF85C8718183D9200658409 /* Release */ = {
			isa = XCBuildConfiguration;
			baseConfigurationReference = 6D08F867AC524A9BBF9B4173 /* Pods.xcconfig */;
			buildSettings = {
				CLANG_WARN_DOCUMENTATION_COMMENTS = YES;
				DSTROOT = /tmp/iOS_api.dst;
				GCC_PRECOMPILE_PREFIX_HEADER = YES;
				GCC_PREFIX_HEADER = "iOS-api/Prefix.pch";
				HEADER_SEARCH_PATHS = (
					"\"${PODS_ROOT}/Headers/AFNetworking\"",
					"\"${PODS_ROOT}/Headers/DCTCoreDataStack\"",
					"$(inherited)",
				);
				OTHER_LDFLAGS = (
					"-ObjC",
					"$(inherited)",
				);
				PRODUCT_NAME = "$(TARGET_NAME)";
				SKIP_INSTALL = YES;
			};
			name = Release;
		};
		EEF85C8918183D9200658409 /* Debug */ = {
			isa = XCBuildConfiguration;
			baseConfigurationReference = C6B38C5037A349A8B3384700 /* Pods-test.xcconfig */;
			buildSettings = {
				FRAMEWORK_SEARCH_PATHS = (
					"$(SDKROOT)/Developer/Library/Frameworks",
					"$(inherited)",
					"$(DEVELOPER_FRAMEWORKS_DIR)",
				);
				GCC_PRECOMPILE_PREFIX_HEADER = YES;
				GCC_PREFIX_HEADER = "iOS-apiTests/TestsPrefix.pch";
				GCC_PREPROCESSOR_DEFINITIONS = (
					"DEBUG=1",
					"$(inherited)",
				);
				HEADER_SEARCH_PATHS = (
					"\"${PODS_ROOT}/Headers\"",
					"\"${PODS_ROOT}/Headers/AFNetworking\"",
					"\"${PODS_ROOT}/Headers/DCTCoreDataStack\"",
					"\"${PODS_ROOT}/Headers/Expecta\"",
					"\"${PODS_ROOT}/Headers/OHHTTPStubs\"",
					"\"${PODS_ROOT}/Headers/Specta\"",
					"$(inherited)",
				);
				INFOPLIST_FILE = "iOS-apiTests/iOS-apiTests-Info.plist";
				PRODUCT_NAME = "$(TARGET_NAME)";
				WRAPPER_EXTENSION = xctest;
			};
			name = Debug;
		};
		EEF85C8A18183D9200658409 /* Release */ = {
			isa = XCBuildConfiguration;
			baseConfigurationReference = C6B38C5037A349A8B3384700 /* Pods-test.xcconfig */;
			buildSettings = {
				FRAMEWORK_SEARCH_PATHS = (
					"$(SDKROOT)/Developer/Library/Frameworks",
					"$(inherited)",
					"$(DEVELOPER_FRAMEWORKS_DIR)",
				);
				GCC_PRECOMPILE_PREFIX_HEADER = YES;
				GCC_PREFIX_HEADER = "iOS-apiTests/TestsPrefix.pch";
				HEADER_SEARCH_PATHS = (
					"\"${PODS_ROOT}/Headers\"",
					"\"${PODS_ROOT}/Headers/AFNetworking\"",
					"\"${PODS_ROOT}/Headers/DCTCoreDataStack\"",
					"\"${PODS_ROOT}/Headers/Expecta\"",
					"\"${PODS_ROOT}/Headers/OHHTTPStubs\"",
					"\"${PODS_ROOT}/Headers/Specta\"",
					"$(inherited)",
				);
				INFOPLIST_FILE = "iOS-apiTests/iOS-apiTests-Info.plist";
				PRODUCT_NAME = "$(TARGET_NAME)";
				WRAPPER_EXTENSION = xctest;
			};
			name = Release;
		};
/* End XCBuildConfiguration section */

/* Begin XCConfigurationList section */
		3ECE131E18B4AE8700E7148F /* Build configuration list for PBXAggregateTarget "Mogenerator" */ = {
			isa = XCConfigurationList;
			buildConfigurations = (
				3ECE131F18B4AE8700E7148F /* Debug */,
				3ECE132018B4AE8700E7148F /* Release */,
			);
			defaultConfigurationIsVisible = 0;
			defaultConfigurationName = Release;
		};
		EE67B3A2183D175D0021B76A /* Build configuration list for PBXNativeTarget "iOS-api-Model" */ = {
			isa = XCConfigurationList;
			buildConfigurations = (
				EE67B3A3183D175D0021B76A /* Debug */,
				EE67B3A4183D175D0021B76A /* Release */,
			);
			defaultConfigurationIsVisible = 0;
			defaultConfigurationName = Release;
		};
		EEF85C5D18183D9200658409 /* Build configuration list for PBXProject "iOS-api" */ = {
			isa = XCConfigurationList;
			buildConfigurations = (
				EEF85C8318183D9200658409 /* Debug */,
				EEF85C8418183D9200658409 /* Release */,
			);
			defaultConfigurationIsVisible = 0;
			defaultConfigurationName = Release;
		};
		EEF85C8518183D9200658409 /* Build configuration list for PBXNativeTarget "iOS-api" */ = {
			isa = XCConfigurationList;
			buildConfigurations = (
				EEF85C8618183D9200658409 /* Debug */,
				EEF85C8718183D9200658409 /* Release */,
			);
			defaultConfigurationIsVisible = 0;
			defaultConfigurationName = Release;
		};
		EEF85C8818183D9200658409 /* Build configuration list for PBXNativeTarget "iOS-apiTests" */ = {
			isa = XCConfigurationList;
			buildConfigurations = (
				EEF85C8918183D9200658409 /* Debug */,
				EEF85C8A18183D9200658409 /* Release */,
			);
			defaultConfigurationIsVisible = 0;
			defaultConfigurationName = Release;
		};
/* End XCConfigurationList section */

/* Begin XCVersionGroup section */
		EED7E84C183E2BC500853E73 /* CoreDataModel.xcdatamodeld */ = {
			isa = XCVersionGroup;
			children = (
				EED7E84D183E2BC500853E73 /* CoreDataModel 1.xcdatamodel */,
			);
			currentVersion = EED7E84D183E2BC500853E73 /* CoreDataModel 1.xcdatamodel */;
			path = CoreDataModel.xcdatamodeld;
			sourceTree = "<group>";
			versionGroupType = wrapper.xcdatamodel;
		};
/* End XCVersionGroup section */
	};
	rootObject = EEF85C5A18183D9200658409 /* Project object */;
}
