// !$*UTF8*$!
{
	archiveVersion = 1;
	classes = {
	};
	objectVersion = 46;
	objects = {

/* Begin PBXBuildFile section */
		EE1C019E182147DE005D754A /* NSDictionary+JCSKeyMapping.m in Sources */ = {isa = PBXBuildFile; fileRef = EE8C3DB3181AE1840036AE92 /* NSDictionary+JCSKeyMapping.m */; };
		EE1C01A918215007005D754A /* Seasons.json in Resources */ = {isa = PBXBuildFile; fileRef = EE1C01A818215007005D754A /* Seasons.json */; };
		EE29FD5B18522F3800E83196 /* TierWithoutUpgrades.json in Resources */ = {isa = PBXBuildFile; fileRef = EE29FD5918522F3800E83196 /* TierWithoutUpgrades.json */; };
		EE29FD5C18522F3800E83196 /* TierWithUpgrades.json in Resources */ = {isa = PBXBuildFile; fileRef = EE29FD5A18522F3800E83196 /* TierWithUpgrades.json */; };
		EE3361B41819343400FC511A /* AFHTTPRequestOperation.m in Sources */ = {isa = PBXBuildFile; fileRef = EE3361901819343400FC511A /* AFHTTPRequestOperation.m */; };
		EE3361B51819343400FC511A /* AFHTTPRequestOperationManager.m in Sources */ = {isa = PBXBuildFile; fileRef = EE3361921819343400FC511A /* AFHTTPRequestOperationManager.m */; };
		EE3361B61819343400FC511A /* AFHTTPSessionManager.m in Sources */ = {isa = PBXBuildFile; fileRef = EE3361941819343400FC511A /* AFHTTPSessionManager.m */; };
		EE3361B71819343400FC511A /* AFNetworkReachabilityManager.m in Sources */ = {isa = PBXBuildFile; fileRef = EE3361971819343400FC511A /* AFNetworkReachabilityManager.m */; };
		EE3361B81819343400FC511A /* AFSecurityPolicy.m in Sources */ = {isa = PBXBuildFile; fileRef = EE3361991819343400FC511A /* AFSecurityPolicy.m */; };
		EE3361B91819343400FC511A /* AFURLConnectionOperation.m in Sources */ = {isa = PBXBuildFile; fileRef = EE33619B1819343400FC511A /* AFURLConnectionOperation.m */; };
		EE3361BA1819343400FC511A /* AFURLRequestSerialization.m in Sources */ = {isa = PBXBuildFile; fileRef = EE33619D1819343400FC511A /* AFURLRequestSerialization.m */; };
		EE3361BB1819343400FC511A /* AFURLResponseSerialization.m in Sources */ = {isa = PBXBuildFile; fileRef = EE33619F1819343400FC511A /* AFURLResponseSerialization.m */; };
		EE3361BC1819343400FC511A /* AFURLSessionManager.m in Sources */ = {isa = PBXBuildFile; fileRef = EE3361A11819343400FC511A /* AFURLSessionManager.m */; };
		EE3361BD1819343400FC511A /* AFNetworkActivityIndicatorManager.m in Sources */ = {isa = PBXBuildFile; fileRef = EE3361A61819343400FC511A /* AFNetworkActivityIndicatorManager.m */; };
		EE3361BE1819343400FC511A /* UIActivityIndicatorView+AFNetworking.m in Sources */ = {isa = PBXBuildFile; fileRef = EE3361A81819343400FC511A /* UIActivityIndicatorView+AFNetworking.m */; };
		EE3361BF1819343400FC511A /* UIAlertView+AFNetworking.m in Sources */ = {isa = PBXBuildFile; fileRef = EE3361AA1819343400FC511A /* UIAlertView+AFNetworking.m */; };
		EE3361C01819343400FC511A /* UIButton+AFNetworking.m in Sources */ = {isa = PBXBuildFile; fileRef = EE3361AC1819343400FC511A /* UIButton+AFNetworking.m */; };
		EE3361C11819343400FC511A /* UIImageView+AFNetworking.m in Sources */ = {isa = PBXBuildFile; fileRef = EE3361AE1819343400FC511A /* UIImageView+AFNetworking.m */; };
		EE3361C21819343400FC511A /* UIProgressView+AFNetworking.m in Sources */ = {isa = PBXBuildFile; fileRef = EE3361B11819343400FC511A /* UIProgressView+AFNetworking.m */; };
		EE3361C31819343400FC511A /* UIWebView+AFNetworking.m in Sources */ = {isa = PBXBuildFile; fileRef = EE3361B31819343400FC511A /* UIWebView+AFNetworking.m */; };
		EE3B6BA3183F69DE00BC7B92 /* TXHProductSpec.m in Sources */ = {isa = PBXBuildFile; fileRef = EE3B6BA2183F69DE00BC7B92 /* TXHProductSpec.m */; };
		EE3B6BA5183F8A2700BC7B92 /* TXHTicketingHubClientSpec.m in Sources */ = {isa = PBXBuildFile; fileRef = EE3B6BA4183F8A2700BC7B92 /* TXHTicketingHubClientSpec.m */; };
		EE3B6BBB183FE84200BC7B92 /* libDCTCoreDataStack.a in Frameworks */ = {isa = PBXBuildFile; fileRef = EE3B6BB4183FDEBC00BC7B92 /* libDCTCoreDataStack.a */; };
		EE4926B51850C27800336A2D /* TXHAvailability.m in Sources */ = {isa = PBXBuildFile; fileRef = EE4926B01850C27800336A2D /* TXHAvailability.m */; };
		EE4926B61850C27800336A2D /* TXHTier.m in Sources */ = {isa = PBXBuildFile; fileRef = EE4926B21850C27800336A2D /* TXHTier.m */; };
		EE4926B71850C27800336A2D /* TXHUpgrade.m in Sources */ = {isa = PBXBuildFile; fileRef = EE4926B41850C27800336A2D /* TXHUpgrade.m */; };
		EE4926BD1850C28C00336A2D /* _TXHAvailability.m in Sources */ = {isa = PBXBuildFile; fileRef = EE4926BB1850C28C00336A2D /* _TXHAvailability.m */; };
		EE4926C11850C2A000336A2D /* _TXHTier.m in Sources */ = {isa = PBXBuildFile; fileRef = EE4926BE1850C2A000336A2D /* _TXHTier.m */; };
		EE4926C21850C2A000336A2D /* _TXHUpgrade.m in Sources */ = {isa = PBXBuildFile; fileRef = EE4926C01850C2A000336A2D /* _TXHUpgrade.m */; };
		EE4B18B918438CD700CE6D5E /* User.json in Resources */ = {isa = PBXBuildFile; fileRef = EE4B18B818438CD700CE6D5E /* User.json */; };
		EE4B18BD18439A1400CE6D5E /* TXHUserSpec.m in Sources */ = {isa = PBXBuildFile; fileRef = EE4B18BC18439A1400CE6D5E /* TXHUserSpec.m */; };
		EE4B18C018439A7200CE6D5E /* TXHUser.m in Sources */ = {isa = PBXBuildFile; fileRef = EE4B18BF18439A7200CE6D5E /* TXHUser.m */; };
		EE4B18C318439A7D00CE6D5E /* _TXHUser.m in Sources */ = {isa = PBXBuildFile; fileRef = EE4B18C218439A7D00CE6D5E /* _TXHUser.m */; };
		EE5B98D21827BF7500591875 /* libExpecta-ios-universal.a in Frameworks */ = {isa = PBXBuildFile; fileRef = EE5B98BE1827BF7500591875 /* libExpecta-ios-universal.a */; };
		EE5B98D51827BF7500591875 /* libSpecta-ios-universal.a in Frameworks */ = {isa = PBXBuildFile; fileRef = EE5B98C41827BF7500591875 /* libSpecta-ios-universal.a */; };
		EE67B39A183D175D0021B76A /* CoreFoundation.framework in Frameworks */ = {isa = PBXBuildFile; fileRef = EE67B399183D175D0021B76A /* CoreFoundation.framework */; };
		EE689EB2183E6484000952F7 /* CoreDataModel.xcdatamodeld in Sources */ = {isa = PBXBuildFile; fileRef = EED7E84C183E2BC500853E73 /* CoreDataModel.xcdatamodeld */; };
		EE689EB4183E686B000952F7 /* Supplier.json in Resources */ = {isa = PBXBuildFile; fileRef = EE689EB3183E686B000952F7 /* Supplier.json */; };
		EE74D468182ADF34000266C3 /* ClientCreationSpec.m in Sources */ = {isa = PBXBuildFile; fileRef = EE74D467182ADF34000266C3 /* ClientCreationSpec.m */; };
		EE8C3DAB181ADA510036AE92 /* VenuesEmpty.json in Resources */ = {isa = PBXBuildFile; fileRef = EE8C3DA9181ADA510036AE92 /* VenuesEmpty.json */; };
		EE8C3DAC181ADA510036AE92 /* VenuesSuccess.json in Resources */ = {isa = PBXBuildFile; fileRef = EE8C3DAA181ADA510036AE92 /* VenuesSuccess.json */; };
		EE8C3DB4181AE1840036AE92 /* NSDictionary+JCSKeyMapping.m in Sources */ = {isa = PBXBuildFile; fileRef = EE8C3DB3181AE1840036AE92 /* NSDictionary+JCSKeyMapping.m */; };
		EE8C3DBD181AE2EB0036AE92 /* OHHTTPStubs.m in Sources */ = {isa = PBXBuildFile; fileRef = EE8C3DB8181AE2EB0036AE92 /* OHHTTPStubs.m */; };
		EE8C3DBE181AE2EB0036AE92 /* OHHTTPStubsResponse.m in Sources */ = {isa = PBXBuildFile; fileRef = EE8C3DBA181AE2EB0036AE92 /* OHHTTPStubsResponse.m */; };
		EE8C3DC5181AE5830036AE92 /* OHHTTPStubs+NSURLSessionConfiguration.m in Sources */ = {isa = PBXBuildFile; fileRef = EE8C3DC0181AE5830036AE92 /* OHHTTPStubs+NSURLSessionConfiguration.m */; };
		EE8C3DC6181AE5830036AE92 /* OHHTTPStubsResponse+HTTPMessage.m in Sources */ = {isa = PBXBuildFile; fileRef = EE8C3DC2181AE5830036AE92 /* OHHTTPStubsResponse+HTTPMessage.m */; };
		EE8C3DC7181AE5830036AE92 /* OHHTTPStubsResponse+JSON.m in Sources */ = {isa = PBXBuildFile; fileRef = EE8C3DC4181AE5830036AE92 /* OHHTTPStubsResponse+JSON.m */; };
		EEACDA271855D33900BF46C3 /* Upgrade.json in Resources */ = {isa = PBXBuildFile; fileRef = EEACDA261855D33800BF46C3 /* Upgrade.json */; };
		EEB32C29184753DD006045AF /* TXHAPIError.h in CopyFiles */ = {isa = PBXBuildFile; fileRef = EE5B98DA1827F26D00591875 /* TXHAPIError.h */; };
		EEB32C2A184753DD006045AF /* TXHTicketingHubClient.h in CopyFiles */ = {isa = PBXBuildFile; fileRef = EEF85C8C181840A100658409 /* TXHTicketingHubClient.h */; };
		EEB32C2B184753DD006045AF /* TXHProduct.h in CopyFiles */ = {isa = PBXBuildFile; fileRef = EED7E850183E2CA000853E73 /* TXHProduct.h */; };
		EEB32C2C184753DD006045AF /* TXHSupplier.h in CopyFiles */ = {isa = PBXBuildFile; fileRef = EED7E852183E2CA000853E73 /* TXHSupplier.h */; };
		EEB32C2D184753DD006045AF /* TXHUser.h in CopyFiles */ = {isa = PBXBuildFile; fileRef = EE4B18BE18439A7200CE6D5E /* TXHUser.h */; };
		EEB32C37184754CC006045AF /* _TXHProduct.h in CopyFiles */ = {isa = PBXBuildFile; fileRef = EED7E855183E2CA000853E73 /* _TXHProduct.h */; };
		EEB32C38184754CC006045AF /* _TXHSupplier.h in CopyFiles */ = {isa = PBXBuildFile; fileRef = EED7E857183E2CA000853E73 /* _TXHSupplier.h */; };
		EEB32C39184754CC006045AF /* _TXHUser.h in CopyFiles */ = {isa = PBXBuildFile; fileRef = EE4B18C118439A7D00CE6D5E /* _TXHUser.h */; };
		EEB32C911847C9AB006045AF /* iOS-api.h in CopyFiles */ = {isa = PBXBuildFile; fileRef = EEB32C8E1847C90E006045AF /* iOS-api.h */; };
		EEB8CB64184911ED00BDDDAB /* iOS-api-Model.bundle in Resources */ = {isa = PBXBuildFile; fileRef = EE67B398183D175D0021B76A /* iOS-api-Model.bundle */; };
		EEBFB9A4184FA8DF00DBF9FA /* Availability.json in Resources */ = {isa = PBXBuildFile; fileRef = EEBFB9A3184FA8DF00DBF9FA /* Availability.json */; };
		EEBFB9A8184FAA5100DBF9FA /* AvailibilityDecember2013.json in Resources */ = {isa = PBXBuildFile; fileRef = EEBFB9A7184FAA5100DBF9FA /* AvailibilityDecember2013.json */; };
		EEBFB9AA184FABA500DBF9FA /* AvailabilityOptionsFirstForDate.json in Resources */ = {isa = PBXBuildFile; fileRef = EEBFB9A9184FABA500DBF9FA /* AvailabilityOptionsFirstForDate.json */; };
		EECAE8BB1850E11D00AC9959 /* TXHAvailabilitySpec.m in Sources */ = {isa = PBXBuildFile; fileRef = EECAE8BA1850E11D00AC9959 /* TXHAvailabilitySpec.m */; };
		EECAE8BD1850E81900AC9959 /* TXHUpgradeSpec.m in Sources */ = {isa = PBXBuildFile; fileRef = EECAE8BC1850E81900AC9959 /* TXHUpgradeSpec.m */; };
		EECAE8BF1850E83000AC9959 /* TXHTierSpec.m in Sources */ = {isa = PBXBuildFile; fileRef = EECAE8BE1850E83000AC9959 /* TXHTierSpec.m */; };
		EED7E84E183E2BC500853E73 /* CoreDataModel.xcdatamodeld in Sources */ = {isa = PBXBuildFile; fileRef = EED7E84C183E2BC500853E73 /* CoreDataModel.xcdatamodeld */; };
		EED7E859183E2CA000853E73 /* TXHProduct.m in Sources */ = {isa = PBXBuildFile; fileRef = EED7E851183E2CA000853E73 /* TXHProduct.m */; };
		EED7E85A183E2CA000853E73 /* TXHSupplier.m in Sources */ = {isa = PBXBuildFile; fileRef = EED7E853183E2CA000853E73 /* TXHSupplier.m */; };
		EED7E85B183E2CA000853E73 /* _TXHProduct.m in Sources */ = {isa = PBXBuildFile; fileRef = EED7E856183E2CA000853E73 /* _TXHProduct.m */; };
		EED7E85C183E2CA000853E73 /* _TXHSupplier.m in Sources */ = {isa = PBXBuildFile; fileRef = EED7E858183E2CA000853E73 /* _TXHSupplier.m */; };
		EED7E85E183E363D00853E73 /* TXHSupplierSpec.m in Sources */ = {isa = PBXBuildFile; fileRef = EED7E85D183E363D00853E73 /* TXHSupplierSpec.m */; };
		EED7E861183E3C7200853E73 /* CoreDataTestsHelper.m in Sources */ = {isa = PBXBuildFile; fileRef = EED7E860183E3C7200853E73 /* CoreDataTestsHelper.m */; };
		EEECF735183A67650087472B /* Suppliers.json in Resources */ = {isa = PBXBuildFile; fileRef = EEECF734183A67650087472B /* Suppliers.json */; };
		EEF85C6618183D9200658409 /* Foundation.framework in Frameworks */ = {isa = PBXBuildFile; fileRef = EEF85C6518183D9200658409 /* Foundation.framework */; };
		EEF85C7418183D9200658409 /* XCTest.framework in Frameworks */ = {isa = PBXBuildFile; fileRef = EEF85C7318183D9200658409 /* XCTest.framework */; };
		EEF85C7518183D9200658409 /* Foundation.framework in Frameworks */ = {isa = PBXBuildFile; fileRef = EEF85C6518183D9200658409 /* Foundation.framework */; };
		EEF85C7718183D9200658409 /* UIKit.framework in Frameworks */ = {isa = PBXBuildFile; fileRef = EEF85C7618183D9200658409 /* UIKit.framework */; };
		EEF85C7A18183D9200658409 /* libiOS-api.a in Frameworks */ = {isa = PBXBuildFile; fileRef = EEF85C6218183D9200658409 /* libiOS-api.a */; };
		EEF85C8018183D9200658409 /* InfoPlist.strings in Resources */ = {isa = PBXBuildFile; fileRef = EEF85C7E18183D9200658409 /* InfoPlist.strings */; };
		EEF85C8E181840A100658409 /* TXHTicketingHubClient.m in Sources */ = {isa = PBXBuildFile; fileRef = EEF85C8D181840A100658409 /* TXHTicketingHubClient.m */; };
/* End PBXBuildFile section */

/* Begin PBXContainerItemProxy section */
		EE3B6BB3183FDEBC00BC7B92 /* PBXContainerItemProxy */ = {
			isa = PBXContainerItemProxy;
			containerPortal = EE3B6BAD183FDEBA00BC7B92 /* DCTCoreDataStack.xcodeproj */;
			proxyType = 2;
			remoteGlobalIDString = 2437B68D15B97C2600750117;
			remoteInfo = DCTCoreDataStack;
		};
		EE3B6BB5183FDEBC00BC7B92 /* PBXContainerItemProxy */ = {
			isa = PBXContainerItemProxy;
			containerPortal = EE3B6BAD183FDEBA00BC7B92 /* DCTCoreDataStack.xcodeproj */;
			proxyType = 2;
			remoteGlobalIDString = 24F6EC00158A261000CEDD41;
			remoteInfo = DCTCoreDataStackTests;
		};
		EE3B6BB7183FDEBC00BC7B92 /* PBXContainerItemProxy */ = {
			isa = PBXContainerItemProxy;
			containerPortal = EE3B6BAD183FDEBA00BC7B92 /* DCTCoreDataStack.xcodeproj */;
			proxyType = 2;
			remoteGlobalIDString = 24E91B5715BEB1FA00E0DB54;
			remoteInfo = "DCTCoreDataStack Demo";
		};
		EE3B6BB9183FDF4A00BC7B92 /* PBXContainerItemProxy */ = {
			isa = PBXContainerItemProxy;
			containerPortal = EE3B6BAD183FDEBA00BC7B92 /* DCTCoreDataStack.xcodeproj */;
			proxyType = 1;
			remoteGlobalIDString = 2437B68C15B97C2600750117;
			remoteInfo = DCTCoreDataStack;
		};
		EE67B3A8183D17CC0021B76A /* PBXContainerItemProxy */ = {
			isa = PBXContainerItemProxy;
			containerPortal = EEF85C5A18183D9200658409 /* Project object */;
			proxyType = 1;
			remoteGlobalIDString = EE67B397183D175D0021B76A;
			remoteInfo = "iOS-api-Model";
		};
		EE689E53183E3D00000952F7 /* PBXContainerItemProxy */ = {
			isa = PBXContainerItemProxy;
			containerPortal = EEF85C5A18183D9200658409 /* Project object */;
			proxyType = 1;
			remoteGlobalIDString = EE67B397183D175D0021B76A;
			remoteInfo = "iOS-api-Model";
		};
		EEF85C7818183D9200658409 /* PBXContainerItemProxy */ = {
			isa = PBXContainerItemProxy;
			containerPortal = EEF85C5A18183D9200658409 /* Project object */;
			proxyType = 1;
			remoteGlobalIDString = EEF85C6118183D9200658409;
			remoteInfo = "iOS-api";
		};
/* End PBXContainerItemProxy section */

/* Begin PBXCopyFilesBuildPhase section */
		EEF85C6018183D9200658409 /* CopyFiles */ = {
			isa = PBXCopyFilesBuildPhase;
			buildActionMask = 2147483647;
			dstPath = "include/$(PRODUCT_NAME)";
			dstSubfolderSpec = 16;
			files = (
				EEB32C911847C9AB006045AF /* iOS-api.h in CopyFiles */,
				EEB32C37184754CC006045AF /* _TXHProduct.h in CopyFiles */,
				EEB32C38184754CC006045AF /* _TXHSupplier.h in CopyFiles */,
				EEB32C39184754CC006045AF /* _TXHUser.h in CopyFiles */,
				EEB32C29184753DD006045AF /* TXHAPIError.h in CopyFiles */,
				EEB32C2A184753DD006045AF /* TXHTicketingHubClient.h in CopyFiles */,
				EEB32C2B184753DD006045AF /* TXHProduct.h in CopyFiles */,
				EEB32C2C184753DD006045AF /* TXHSupplier.h in CopyFiles */,
				EEB32C2D184753DD006045AF /* TXHUser.h in CopyFiles */,
			);
			runOnlyForDeploymentPostprocessing = 0;
		};
/* End PBXCopyFilesBuildPhase section */

/* Begin PBXFileReference section */
		EE1C01A818215007005D754A /* Seasons.json */ = {isa = PBXFileReference; fileEncoding = 4; lastKnownFileType = text.json; path = Seasons.json; sourceTree = "<group>"; };
		EE29FD5918522F3800E83196 /* TierWithoutUpgrades.json */ = {isa = PBXFileReference; fileEncoding = 4; lastKnownFileType = text.json; path = TierWithoutUpgrades.json; sourceTree = "<group>"; };
		EE29FD5A18522F3800E83196 /* TierWithUpgrades.json */ = {isa = PBXFileReference; fileEncoding = 4; lastKnownFileType = text.json; path = TierWithUpgrades.json; sourceTree = "<group>"; };
		EE33618F1819343400FC511A /* AFHTTPRequestOperation.h */ = {isa = PBXFileReference; fileEncoding = 4; lastKnownFileType = sourcecode.c.h; path = AFHTTPRequestOperation.h; sourceTree = "<group>"; };
		EE3361901819343400FC511A /* AFHTTPRequestOperation.m */ = {isa = PBXFileReference; fileEncoding = 4; lastKnownFileType = sourcecode.c.objc; path = AFHTTPRequestOperation.m; sourceTree = "<group>"; };
		EE3361911819343400FC511A /* AFHTTPRequestOperationManager.h */ = {isa = PBXFileReference; fileEncoding = 4; lastKnownFileType = sourcecode.c.h; path = AFHTTPRequestOperationManager.h; sourceTree = "<group>"; };
		EE3361921819343400FC511A /* AFHTTPRequestOperationManager.m */ = {isa = PBXFileReference; fileEncoding = 4; lastKnownFileType = sourcecode.c.objc; path = AFHTTPRequestOperationManager.m; sourceTree = "<group>"; };
		EE3361931819343400FC511A /* AFHTTPSessionManager.h */ = {isa = PBXFileReference; fileEncoding = 4; lastKnownFileType = sourcecode.c.h; path = AFHTTPSessionManager.h; sourceTree = "<group>"; };
		EE3361941819343400FC511A /* AFHTTPSessionManager.m */ = {isa = PBXFileReference; fileEncoding = 4; lastKnownFileType = sourcecode.c.objc; path = AFHTTPSessionManager.m; sourceTree = "<group>"; };
		EE3361951819343400FC511A /* AFNetworking.h */ = {isa = PBXFileReference; fileEncoding = 4; lastKnownFileType = sourcecode.c.h; path = AFNetworking.h; sourceTree = "<group>"; };
		EE3361961819343400FC511A /* AFNetworkReachabilityManager.h */ = {isa = PBXFileReference; fileEncoding = 4; lastKnownFileType = sourcecode.c.h; path = AFNetworkReachabilityManager.h; sourceTree = "<group>"; };
		EE3361971819343400FC511A /* AFNetworkReachabilityManager.m */ = {isa = PBXFileReference; fileEncoding = 4; lastKnownFileType = sourcecode.c.objc; path = AFNetworkReachabilityManager.m; sourceTree = "<group>"; };
		EE3361981819343400FC511A /* AFSecurityPolicy.h */ = {isa = PBXFileReference; fileEncoding = 4; lastKnownFileType = sourcecode.c.h; path = AFSecurityPolicy.h; sourceTree = "<group>"; };
		EE3361991819343400FC511A /* AFSecurityPolicy.m */ = {isa = PBXFileReference; fileEncoding = 4; lastKnownFileType = sourcecode.c.objc; path = AFSecurityPolicy.m; sourceTree = "<group>"; };
		EE33619A1819343400FC511A /* AFURLConnectionOperation.h */ = {isa = PBXFileReference; fileEncoding = 4; lastKnownFileType = sourcecode.c.h; path = AFURLConnectionOperation.h; sourceTree = "<group>"; };
		EE33619B1819343400FC511A /* AFURLConnectionOperation.m */ = {isa = PBXFileReference; fileEncoding = 4; lastKnownFileType = sourcecode.c.objc; path = AFURLConnectionOperation.m; sourceTree = "<group>"; };
		EE33619C1819343400FC511A /* AFURLRequestSerialization.h */ = {isa = PBXFileReference; fileEncoding = 4; lastKnownFileType = sourcecode.c.h; path = AFURLRequestSerialization.h; sourceTree = "<group>"; };
		EE33619D1819343400FC511A /* AFURLRequestSerialization.m */ = {isa = PBXFileReference; fileEncoding = 4; lastKnownFileType = sourcecode.c.objc; path = AFURLRequestSerialization.m; sourceTree = "<group>"; };
		EE33619E1819343400FC511A /* AFURLResponseSerialization.h */ = {isa = PBXFileReference; fileEncoding = 4; lastKnownFileType = sourcecode.c.h; path = AFURLResponseSerialization.h; sourceTree = "<group>"; };
		EE33619F1819343400FC511A /* AFURLResponseSerialization.m */ = {isa = PBXFileReference; fileEncoding = 4; lastKnownFileType = sourcecode.c.objc; path = AFURLResponseSerialization.m; sourceTree = "<group>"; };
		EE3361A01819343400FC511A /* AFURLSessionManager.h */ = {isa = PBXFileReference; fileEncoding = 4; lastKnownFileType = sourcecode.c.h; path = AFURLSessionManager.h; sourceTree = "<group>"; };
		EE3361A11819343400FC511A /* AFURLSessionManager.m */ = {isa = PBXFileReference; fileEncoding = 4; lastKnownFileType = sourcecode.c.objc; path = AFURLSessionManager.m; sourceTree = "<group>"; };
		EE3361A51819343400FC511A /* AFNetworkActivityIndicatorManager.h */ = {isa = PBXFileReference; fileEncoding = 4; lastKnownFileType = sourcecode.c.h; path = AFNetworkActivityIndicatorManager.h; sourceTree = "<group>"; };
		EE3361A61819343400FC511A /* AFNetworkActivityIndicatorManager.m */ = {isa = PBXFileReference; fileEncoding = 4; lastKnownFileType = sourcecode.c.objc; path = AFNetworkActivityIndicatorManager.m; sourceTree = "<group>"; };
		EE3361A71819343400FC511A /* UIActivityIndicatorView+AFNetworking.h */ = {isa = PBXFileReference; fileEncoding = 4; lastKnownFileType = sourcecode.c.h; path = "UIActivityIndicatorView+AFNetworking.h"; sourceTree = "<group>"; };
		EE3361A81819343400FC511A /* UIActivityIndicatorView+AFNetworking.m */ = {isa = PBXFileReference; fileEncoding = 4; lastKnownFileType = sourcecode.c.objc; path = "UIActivityIndicatorView+AFNetworking.m"; sourceTree = "<group>"; };
		EE3361A91819343400FC511A /* UIAlertView+AFNetworking.h */ = {isa = PBXFileReference; fileEncoding = 4; lastKnownFileType = sourcecode.c.h; path = "UIAlertView+AFNetworking.h"; sourceTree = "<group>"; };
		EE3361AA1819343400FC511A /* UIAlertView+AFNetworking.m */ = {isa = PBXFileReference; fileEncoding = 4; lastKnownFileType = sourcecode.c.objc; path = "UIAlertView+AFNetworking.m"; sourceTree = "<group>"; };
		EE3361AB1819343400FC511A /* UIButton+AFNetworking.h */ = {isa = PBXFileReference; fileEncoding = 4; lastKnownFileType = sourcecode.c.h; path = "UIButton+AFNetworking.h"; sourceTree = "<group>"; };
		EE3361AC1819343400FC511A /* UIButton+AFNetworking.m */ = {isa = PBXFileReference; fileEncoding = 4; lastKnownFileType = sourcecode.c.objc; path = "UIButton+AFNetworking.m"; sourceTree = "<group>"; };
		EE3361AD1819343400FC511A /* UIImageView+AFNetworking.h */ = {isa = PBXFileReference; fileEncoding = 4; lastKnownFileType = sourcecode.c.h; path = "UIImageView+AFNetworking.h"; sourceTree = "<group>"; };
		EE3361AE1819343400FC511A /* UIImageView+AFNetworking.m */ = {isa = PBXFileReference; fileEncoding = 4; lastKnownFileType = sourcecode.c.objc; path = "UIImageView+AFNetworking.m"; sourceTree = "<group>"; };
		EE3361AF1819343400FC511A /* UIKit+AFNetworking.h */ = {isa = PBXFileReference; fileEncoding = 4; lastKnownFileType = sourcecode.c.h; path = "UIKit+AFNetworking.h"; sourceTree = "<group>"; };
		EE3361B01819343400FC511A /* UIProgressView+AFNetworking.h */ = {isa = PBXFileReference; fileEncoding = 4; lastKnownFileType = sourcecode.c.h; path = "UIProgressView+AFNetworking.h"; sourceTree = "<group>"; };
		EE3361B11819343400FC511A /* UIProgressView+AFNetworking.m */ = {isa = PBXFileReference; fileEncoding = 4; lastKnownFileType = sourcecode.c.objc; path = "UIProgressView+AFNetworking.m"; sourceTree = "<group>"; };
		EE3361B21819343400FC511A /* UIWebView+AFNetworking.h */ = {isa = PBXFileReference; fileEncoding = 4; lastKnownFileType = sourcecode.c.h; path = "UIWebView+AFNetworking.h"; sourceTree = "<group>"; };
		EE3361B31819343400FC511A /* UIWebView+AFNetworking.m */ = {isa = PBXFileReference; fileEncoding = 4; lastKnownFileType = sourcecode.c.objc; path = "UIWebView+AFNetworking.m"; sourceTree = "<group>"; };
		EE3B6BA2183F69DE00BC7B92 /* TXHProductSpec.m */ = {isa = PBXFileReference; fileEncoding = 4; lastKnownFileType = sourcecode.c.objc; path = TXHProductSpec.m; sourceTree = "<group>"; };
		EE3B6BA4183F8A2700BC7B92 /* TXHTicketingHubClientSpec.m */ = {isa = PBXFileReference; fileEncoding = 4; lastKnownFileType = sourcecode.c.objc; path = TXHTicketingHubClientSpec.m; sourceTree = "<group>"; };
		EE3B6BAD183FDEBA00BC7B92 /* DCTCoreDataStack.xcodeproj */ = {isa = PBXFileReference; lastKnownFileType = "wrapper.pb-project"; name = DCTCoreDataStack.xcodeproj; path = DCTCoreDataStack/DCTCoreDataStack.xcodeproj; sourceTree = SOURCE_ROOT; };
		EE4926AF1850C27800336A2D /* TXHAvailability.h */ = {isa = PBXFileReference; fileEncoding = 4; lastKnownFileType = sourcecode.c.h; path = TXHAvailability.h; sourceTree = "<group>"; };
		EE4926B01850C27800336A2D /* TXHAvailability.m */ = {isa = PBXFileReference; fileEncoding = 4; lastKnownFileType = sourcecode.c.objc; path = TXHAvailability.m; sourceTree = "<group>"; };
		EE4926B11850C27800336A2D /* TXHTier.h */ = {isa = PBXFileReference; fileEncoding = 4; lastKnownFileType = sourcecode.c.h; path = TXHTier.h; sourceTree = "<group>"; };
		EE4926B21850C27800336A2D /* TXHTier.m */ = {isa = PBXFileReference; fileEncoding = 4; lastKnownFileType = sourcecode.c.objc; path = TXHTier.m; sourceTree = "<group>"; };
		EE4926B31850C27800336A2D /* TXHUpgrade.h */ = {isa = PBXFileReference; fileEncoding = 4; lastKnownFileType = sourcecode.c.h; path = TXHUpgrade.h; sourceTree = "<group>"; };
		EE4926B41850C27800336A2D /* TXHUpgrade.m */ = {isa = PBXFileReference; fileEncoding = 4; lastKnownFileType = sourcecode.c.objc; path = TXHUpgrade.m; sourceTree = "<group>"; };
		EE4926BA1850C28C00336A2D /* _TXHAvailability.h */ = {isa = PBXFileReference; fileEncoding = 4; lastKnownFileType = sourcecode.c.h; path = _TXHAvailability.h; sourceTree = "<group>"; };
		EE4926BB1850C28C00336A2D /* _TXHAvailability.m */ = {isa = PBXFileReference; fileEncoding = 4; lastKnownFileType = sourcecode.c.objc; path = _TXHAvailability.m; sourceTree = "<group>"; };
		EE4926BC1850C28C00336A2D /* _TXHTier.h */ = {isa = PBXFileReference; fileEncoding = 4; lastKnownFileType = sourcecode.c.h; path = _TXHTier.h; sourceTree = "<group>"; };
		EE4926BE1850C2A000336A2D /* _TXHTier.m */ = {isa = PBXFileReference; fileEncoding = 4; lastKnownFileType = sourcecode.c.objc; path = _TXHTier.m; sourceTree = "<group>"; };
		EE4926BF1850C2A000336A2D /* _TXHUpgrade.h */ = {isa = PBXFileReference; fileEncoding = 4; lastKnownFileType = sourcecode.c.h; path = _TXHUpgrade.h; sourceTree = "<group>"; };
		EE4926C01850C2A000336A2D /* _TXHUpgrade.m */ = {isa = PBXFileReference; fileEncoding = 4; lastKnownFileType = sourcecode.c.objc; path = _TXHUpgrade.m; sourceTree = "<group>"; };
		EE4B18B818438CD700CE6D5E /* User.json */ = {isa = PBXFileReference; fileEncoding = 4; lastKnownFileType = text.json; path = User.json; sourceTree = "<group>"; };
		EE4B18BC18439A1400CE6D5E /* TXHUserSpec.m */ = {isa = PBXFileReference; fileEncoding = 4; lastKnownFileType = sourcecode.c.objc; lineEnding = 0; path = TXHUserSpec.m; sourceTree = "<group>"; xcLanguageSpecificationIdentifier = xcode.lang.objc; };
		EE4B18BE18439A7200CE6D5E /* TXHUser.h */ = {isa = PBXFileReference; fileEncoding = 4; lastKnownFileType = sourcecode.c.h; lineEnding = 0; path = TXHUser.h; sourceTree = "<group>"; xcLanguageSpecificationIdentifier = xcode.lang.objcpp; };
		EE4B18BF18439A7200CE6D5E /* TXHUser.m */ = {isa = PBXFileReference; fileEncoding = 4; lastKnownFileType = sourcecode.c.objc; lineEnding = 0; path = TXHUser.m; sourceTree = "<group>"; xcLanguageSpecificationIdentifier = xcode.lang.objc; };
		EE4B18C118439A7D00CE6D5E /* _TXHUser.h */ = {isa = PBXFileReference; fileEncoding = 4; lastKnownFileType = sourcecode.c.h; path = _TXHUser.h; sourceTree = "<group>"; };
		EE4B18C218439A7D00CE6D5E /* _TXHUser.m */ = {isa = PBXFileReference; fileEncoding = 4; lastKnownFileType = sourcecode.c.objc; path = _TXHUser.m; sourceTree = "<group>"; };
		EE5B989D1827BF7500591875 /* EXPBackwardCompatibility.h */ = {isa = PBXFileReference; fileEncoding = 4; lastKnownFileType = sourcecode.c.h; path = EXPBackwardCompatibility.h; sourceTree = "<group>"; };
		EE5B989E1827BF7500591875 /* EXPBlockDefinedMatcher.h */ = {isa = PBXFileReference; fileEncoding = 4; lastKnownFileType = sourcecode.c.h; path = EXPBlockDefinedMatcher.h; sourceTree = "<group>"; };
		EE5B989F1827BF7500591875 /* EXPDefines.h */ = {isa = PBXFileReference; fileEncoding = 4; lastKnownFileType = sourcecode.c.h; path = EXPDefines.h; sourceTree = "<group>"; };
		EE5B98A01827BF7500591875 /* EXPDoubleTuple.h */ = {isa = PBXFileReference; fileEncoding = 4; lastKnownFileType = sourcecode.c.h; path = EXPDoubleTuple.h; sourceTree = "<group>"; };
		EE5B98A11827BF7500591875 /* Expecta.h */ = {isa = PBXFileReference; fileEncoding = 4; lastKnownFileType = sourcecode.c.h; path = Expecta.h; sourceTree = "<group>"; };
		EE5B98A21827BF7500591875 /* ExpectaSupport.h */ = {isa = PBXFileReference; fileEncoding = 4; lastKnownFileType = sourcecode.c.h; path = ExpectaSupport.h; sourceTree = "<group>"; };
		EE5B98A31827BF7500591875 /* EXPExpect.h */ = {isa = PBXFileReference; fileEncoding = 4; lastKnownFileType = sourcecode.c.h; path = EXPExpect.h; sourceTree = "<group>"; };
		EE5B98A41827BF7500591875 /* EXPFloatTuple.h */ = {isa = PBXFileReference; fileEncoding = 4; lastKnownFileType = sourcecode.c.h; path = EXPFloatTuple.h; sourceTree = "<group>"; };
		EE5B98A51827BF7500591875 /* EXPMatcher.h */ = {isa = PBXFileReference; fileEncoding = 4; lastKnownFileType = sourcecode.c.h; path = EXPMatcher.h; sourceTree = "<group>"; };
		EE5B98A61827BF7500591875 /* EXPMatcherHelpers.h */ = {isa = PBXFileReference; fileEncoding = 4; lastKnownFileType = sourcecode.c.h; path = EXPMatcherHelpers.h; sourceTree = "<group>"; };
		EE5B98A71827BF7500591875 /* EXPMatchers+beCloseTo.h */ = {isa = PBXFileReference; fileEncoding = 4; lastKnownFileType = sourcecode.c.h; path = "EXPMatchers+beCloseTo.h"; sourceTree = "<group>"; };
		EE5B98A81827BF7500591875 /* EXPMatchers+beFalsy.h */ = {isa = PBXFileReference; fileEncoding = 4; lastKnownFileType = sourcecode.c.h; path = "EXPMatchers+beFalsy.h"; sourceTree = "<group>"; };
		EE5B98A91827BF7500591875 /* EXPMatchers+beGreaterThan.h */ = {isa = PBXFileReference; fileEncoding = 4; lastKnownFileType = sourcecode.c.h; path = "EXPMatchers+beGreaterThan.h"; sourceTree = "<group>"; };
		EE5B98AA1827BF7500591875 /* EXPMatchers+beGreaterThanOrEqualTo.h */ = {isa = PBXFileReference; fileEncoding = 4; lastKnownFileType = sourcecode.c.h; path = "EXPMatchers+beGreaterThanOrEqualTo.h"; sourceTree = "<group>"; };
		EE5B98AB1827BF7500591875 /* EXPMatchers+beIdenticalTo.h */ = {isa = PBXFileReference; fileEncoding = 4; lastKnownFileType = sourcecode.c.h; path = "EXPMatchers+beIdenticalTo.h"; sourceTree = "<group>"; };
		EE5B98AC1827BF7500591875 /* EXPMatchers+beInstanceOf.h */ = {isa = PBXFileReference; fileEncoding = 4; lastKnownFileType = sourcecode.c.h; path = "EXPMatchers+beInstanceOf.h"; sourceTree = "<group>"; };
		EE5B98AD1827BF7500591875 /* EXPMatchers+beInTheRangeOf.h */ = {isa = PBXFileReference; fileEncoding = 4; lastKnownFileType = sourcecode.c.h; path = "EXPMatchers+beInTheRangeOf.h"; sourceTree = "<group>"; };
		EE5B98AE1827BF7500591875 /* EXPMatchers+beKindOf.h */ = {isa = PBXFileReference; fileEncoding = 4; lastKnownFileType = sourcecode.c.h; path = "EXPMatchers+beKindOf.h"; sourceTree = "<group>"; };
		EE5B98AF1827BF7500591875 /* EXPMatchers+beLessThan.h */ = {isa = PBXFileReference; fileEncoding = 4; lastKnownFileType = sourcecode.c.h; path = "EXPMatchers+beLessThan.h"; sourceTree = "<group>"; };
		EE5B98B01827BF7500591875 /* EXPMatchers+beLessThanOrEqualTo.h */ = {isa = PBXFileReference; fileEncoding = 4; lastKnownFileType = sourcecode.c.h; path = "EXPMatchers+beLessThanOrEqualTo.h"; sourceTree = "<group>"; };
		EE5B98B11827BF7500591875 /* EXPMatchers+beNil.h */ = {isa = PBXFileReference; fileEncoding = 4; lastKnownFileType = sourcecode.c.h; path = "EXPMatchers+beNil.h"; sourceTree = "<group>"; };
		EE5B98B21827BF7500591875 /* EXPMatchers+beSubclassOf.h */ = {isa = PBXFileReference; fileEncoding = 4; lastKnownFileType = sourcecode.c.h; path = "EXPMatchers+beSubclassOf.h"; sourceTree = "<group>"; };
		EE5B98B31827BF7500591875 /* EXPMatchers+beSupersetOf.h */ = {isa = PBXFileReference; fileEncoding = 4; lastKnownFileType = sourcecode.c.h; path = "EXPMatchers+beSupersetOf.h"; sourceTree = "<group>"; };
		EE5B98B41827BF7500591875 /* EXPMatchers+beTruthy.h */ = {isa = PBXFileReference; fileEncoding = 4; lastKnownFileType = sourcecode.c.h; path = "EXPMatchers+beTruthy.h"; sourceTree = "<group>"; };
		EE5B98B51827BF7500591875 /* EXPMatchers+conformTo.h */ = {isa = PBXFileReference; fileEncoding = 4; lastKnownFileType = sourcecode.c.h; path = "EXPMatchers+conformTo.h"; sourceTree = "<group>"; };
		EE5B98B61827BF7500591875 /* EXPMatchers+contain.h */ = {isa = PBXFileReference; fileEncoding = 4; lastKnownFileType = sourcecode.c.h; path = "EXPMatchers+contain.h"; sourceTree = "<group>"; };
		EE5B98B71827BF7500591875 /* EXPMatchers+equal.h */ = {isa = PBXFileReference; fileEncoding = 4; lastKnownFileType = sourcecode.c.h; path = "EXPMatchers+equal.h"; sourceTree = "<group>"; };
		EE5B98B81827BF7500591875 /* EXPMatchers+haveCountOf.h */ = {isa = PBXFileReference; fileEncoding = 4; lastKnownFileType = sourcecode.c.h; path = "EXPMatchers+haveCountOf.h"; sourceTree = "<group>"; };
		EE5B98B91827BF7500591875 /* EXPMatchers+raise.h */ = {isa = PBXFileReference; fileEncoding = 4; lastKnownFileType = sourcecode.c.h; path = "EXPMatchers+raise.h"; sourceTree = "<group>"; };
		EE5B98BA1827BF7500591875 /* EXPMatchers+raiseWithReason.h */ = {isa = PBXFileReference; fileEncoding = 4; lastKnownFileType = sourcecode.c.h; path = "EXPMatchers+raiseWithReason.h"; sourceTree = "<group>"; };
		EE5B98BB1827BF7500591875 /* EXPMatchers+respondTo.h */ = {isa = PBXFileReference; fileEncoding = 4; lastKnownFileType = sourcecode.c.h; path = "EXPMatchers+respondTo.h"; sourceTree = "<group>"; };
		EE5B98BC1827BF7500591875 /* EXPMatchers.h */ = {isa = PBXFileReference; fileEncoding = 4; lastKnownFileType = sourcecode.c.h; path = EXPMatchers.h; sourceTree = "<group>"; };
		EE5B98BD1827BF7500591875 /* EXPUnsupportedObject.h */ = {isa = PBXFileReference; fileEncoding = 4; lastKnownFileType = sourcecode.c.h; path = EXPUnsupportedObject.h; sourceTree = "<group>"; };
		EE5B98BE1827BF7500591875 /* libExpecta-ios-universal.a */ = {isa = PBXFileReference; lastKnownFileType = archive.ar; path = "libExpecta-ios-universal.a"; sourceTree = "<group>"; };
		EE5B98C01827BF7500591875 /* NSObject+Expecta.h */ = {isa = PBXFileReference; fileEncoding = 4; lastKnownFileType = sourcecode.c.h; path = "NSObject+Expecta.h"; sourceTree = "<group>"; };
		EE5B98C11827BF7500591875 /* NSValue+Expecta.h */ = {isa = PBXFileReference; fileEncoding = 4; lastKnownFileType = sourcecode.c.h; path = "NSValue+Expecta.h"; sourceTree = "<group>"; };
		EE5B98C41827BF7500591875 /* libSpecta-ios-universal.a */ = {isa = PBXFileReference; lastKnownFileType = archive.ar; path = "libSpecta-ios-universal.a"; sourceTree = "<group>"; };
		EE5B98C71827BF7500591875 /* Specta.h */ = {isa = PBXFileReference; fileEncoding = 4; lastKnownFileType = sourcecode.c.h; path = Specta.h; sourceTree = "<group>"; };
		EE5B98C81827BF7500591875 /* SpectaSupport.h */ = {isa = PBXFileReference; fileEncoding = 4; lastKnownFileType = sourcecode.c.h; path = SpectaSupport.h; sourceTree = "<group>"; };
		EE5B98C91827BF7500591875 /* SpectaTypes.h */ = {isa = PBXFileReference; fileEncoding = 4; lastKnownFileType = sourcecode.c.h; path = SpectaTypes.h; sourceTree = "<group>"; };
		EE5B98CA1827BF7500591875 /* SpectaUtility.h */ = {isa = PBXFileReference; fileEncoding = 4; lastKnownFileType = sourcecode.c.h; path = SpectaUtility.h; sourceTree = "<group>"; };
		EE5B98CB1827BF7500591875 /* SPTExample.h */ = {isa = PBXFileReference; fileEncoding = 4; lastKnownFileType = sourcecode.c.h; path = SPTExample.h; sourceTree = "<group>"; };
		EE5B98CC1827BF7500591875 /* SPTExampleGroup.h */ = {isa = PBXFileReference; fileEncoding = 4; lastKnownFileType = sourcecode.c.h; path = SPTExampleGroup.h; sourceTree = "<group>"; };
		EE5B98CD1827BF7500591875 /* SPTSharedExampleGroups.h */ = {isa = PBXFileReference; fileEncoding = 4; lastKnownFileType = sourcecode.c.h; path = SPTSharedExampleGroups.h; sourceTree = "<group>"; };
		EE5B98CE1827BF7500591875 /* SPTSpec.h */ = {isa = PBXFileReference; fileEncoding = 4; lastKnownFileType = sourcecode.c.h; path = SPTSpec.h; sourceTree = "<group>"; };
		EE5B98CF1827BF7500591875 /* SPTXCTestCase.h */ = {isa = PBXFileReference; fileEncoding = 4; lastKnownFileType = sourcecode.c.h; path = SPTXCTestCase.h; sourceTree = "<group>"; };
		EE5B98D01827BF7500591875 /* SPTXCTestInvocation.h */ = {isa = PBXFileReference; fileEncoding = 4; lastKnownFileType = sourcecode.c.h; path = SPTXCTestInvocation.h; sourceTree = "<group>"; };
		EE5B98D11827BF7500591875 /* XCTestCase+Specta.h */ = {isa = PBXFileReference; fileEncoding = 4; lastKnownFileType = sourcecode.c.h; path = "XCTestCase+Specta.h"; sourceTree = "<group>"; };
		EE5B98DA1827F26D00591875 /* TXHAPIError.h */ = {isa = PBXFileReference; fileEncoding = 4; lastKnownFileType = sourcecode.c.h; path = TXHAPIError.h; sourceTree = "<group>"; };
		EE67B398183D175D0021B76A /* iOS-api-Model.bundle */ = {isa = PBXFileReference; explicitFileType = wrapper.cfbundle; includeInIndex = 0; path = "iOS-api-Model.bundle"; sourceTree = BUILT_PRODUCTS_DIR; };
		EE67B399183D175D0021B76A /* CoreFoundation.framework */ = {isa = PBXFileReference; lastKnownFileType = wrapper.framework; name = CoreFoundation.framework; path = System/Library/Frameworks/CoreFoundation.framework; sourceTree = SDKROOT; };
		EE67B39D183D175D0021B76A /* iOS-api-Model-Info.plist */ = {isa = PBXFileReference; lastKnownFileType = text.plist.xml; path = "iOS-api-Model-Info.plist"; sourceTree = "<group>"; };
		EE689EB3183E686B000952F7 /* Supplier.json */ = {isa = PBXFileReference; fileEncoding = 4; lastKnownFileType = text.json; path = Supplier.json; sourceTree = "<group>"; };
		EE74D467182ADF34000266C3 /* ClientCreationSpec.m */ = {isa = PBXFileReference; fileEncoding = 4; lastKnownFileType = sourcecode.c.objc; path = ClientCreationSpec.m; sourceTree = "<group>"; };
		EE8C3DA9181ADA510036AE92 /* VenuesEmpty.json */ = {isa = PBXFileReference; fileEncoding = 4; lastKnownFileType = text.json; path = VenuesEmpty.json; sourceTree = "<group>"; };
		EE8C3DAA181ADA510036AE92 /* VenuesSuccess.json */ = {isa = PBXFileReference; fileEncoding = 4; lastKnownFileType = text.json; path = VenuesSuccess.json; sourceTree = "<group>"; };
		EE8C3DB2181AE1840036AE92 /* NSDictionary+JCSKeyMapping.h */ = {isa = PBXFileReference; fileEncoding = 4; lastKnownFileType = sourcecode.c.h; path = "NSDictionary+JCSKeyMapping.h"; sourceTree = "<group>"; };
		EE8C3DB3181AE1840036AE92 /* NSDictionary+JCSKeyMapping.m */ = {isa = PBXFileReference; fileEncoding = 4; lastKnownFileType = sourcecode.c.objc; path = "NSDictionary+JCSKeyMapping.m"; sourceTree = "<group>"; };
		EE8C3DB7181AE2EB0036AE92 /* OHHTTPStubs.h */ = {isa = PBXFileReference; fileEncoding = 4; lastKnownFileType = sourcecode.c.h; path = OHHTTPStubs.h; sourceTree = "<group>"; };
		EE8C3DB8181AE2EB0036AE92 /* OHHTTPStubs.m */ = {isa = PBXFileReference; fileEncoding = 4; lastKnownFileType = sourcecode.c.objc; path = OHHTTPStubs.m; sourceTree = "<group>"; };
		EE8C3DB9181AE2EB0036AE92 /* OHHTTPStubsResponse.h */ = {isa = PBXFileReference; fileEncoding = 4; lastKnownFileType = sourcecode.c.h; path = OHHTTPStubsResponse.h; sourceTree = "<group>"; };
		EE8C3DBA181AE2EB0036AE92 /* OHHTTPStubsResponse.m */ = {isa = PBXFileReference; fileEncoding = 4; lastKnownFileType = sourcecode.c.objc; path = OHHTTPStubsResponse.m; sourceTree = "<group>"; };
		EE8C3DC0181AE5830036AE92 /* OHHTTPStubs+NSURLSessionConfiguration.m */ = {isa = PBXFileReference; fileEncoding = 4; lastKnownFileType = sourcecode.c.objc; path = "OHHTTPStubs+NSURLSessionConfiguration.m"; sourceTree = "<group>"; };
		EE8C3DC1181AE5830036AE92 /* OHHTTPStubsResponse+HTTPMessage.h */ = {isa = PBXFileReference; fileEncoding = 4; lastKnownFileType = sourcecode.c.h; path = "OHHTTPStubsResponse+HTTPMessage.h"; sourceTree = "<group>"; };
		EE8C3DC2181AE5830036AE92 /* OHHTTPStubsResponse+HTTPMessage.m */ = {isa = PBXFileReference; fileEncoding = 4; lastKnownFileType = sourcecode.c.objc; path = "OHHTTPStubsResponse+HTTPMessage.m"; sourceTree = "<group>"; };
		EE8C3DC3181AE5830036AE92 /* OHHTTPStubsResponse+JSON.h */ = {isa = PBXFileReference; fileEncoding = 4; lastKnownFileType = sourcecode.c.h; path = "OHHTTPStubsResponse+JSON.h"; sourceTree = "<group>"; };
		EE8C3DC4181AE5830036AE92 /* OHHTTPStubsResponse+JSON.m */ = {isa = PBXFileReference; fileEncoding = 4; lastKnownFileType = sourcecode.c.objc; path = "OHHTTPStubsResponse+JSON.m"; sourceTree = "<group>"; };
		EEACDA261855D33800BF46C3 /* Upgrade.json */ = {isa = PBXFileReference; fileEncoding = 4; lastKnownFileType = text.json; path = Upgrade.json; sourceTree = "<group>"; };
		EEB32C8E1847C90E006045AF /* iOS-api.h */ = {isa = PBXFileReference; lastKnownFileType = sourcecode.c.h; path = "iOS-api.h"; sourceTree = "<group>"; };
		EEBFB9A3184FA8DF00DBF9FA /* Availability.json */ = {isa = PBXFileReference; fileEncoding = 4; lastKnownFileType = text.json; path = Availability.json; sourceTree = "<group>"; };
		EEBFB9A7184FAA5100DBF9FA /* AvailibilityDecember2013.json */ = {isa = PBXFileReference; fileEncoding = 4; lastKnownFileType = text.json; path = AvailibilityDecember2013.json; sourceTree = "<group>"; };
		EEBFB9A9184FABA500DBF9FA /* AvailabilityOptionsFirstForDate.json */ = {isa = PBXFileReference; fileEncoding = 4; lastKnownFileType = text.json; path = AvailabilityOptionsFirstForDate.json; sourceTree = "<group>"; };
		EECAE8BA1850E11D00AC9959 /* TXHAvailabilitySpec.m */ = {isa = PBXFileReference; fileEncoding = 4; lastKnownFileType = sourcecode.c.objc; path = TXHAvailabilitySpec.m; sourceTree = "<group>"; };
		EECAE8BC1850E81900AC9959 /* TXHUpgradeSpec.m */ = {isa = PBXFileReference; fileEncoding = 4; lastKnownFileType = sourcecode.c.objc; path = TXHUpgradeSpec.m; sourceTree = "<group>"; };
		EECAE8BE1850E83000AC9959 /* TXHTierSpec.m */ = {isa = PBXFileReference; fileEncoding = 4; lastKnownFileType = sourcecode.c.objc; path = TXHTierSpec.m; sourceTree = "<group>"; };
		EED7E84D183E2BC500853E73 /* CoreDataModel 1.xcdatamodel */ = {isa = PBXFileReference; lastKnownFileType = wrapper.xcdatamodel; path = "CoreDataModel 1.xcdatamodel"; sourceTree = "<group>"; };
		EED7E850183E2CA000853E73 /* TXHProduct.h */ = {isa = PBXFileReference; fileEncoding = 4; lastKnownFileType = sourcecode.c.h; path = TXHProduct.h; sourceTree = "<group>"; };
		EED7E851183E2CA000853E73 /* TXHProduct.m */ = {isa = PBXFileReference; fileEncoding = 4; lastKnownFileType = sourcecode.c.objc; path = TXHProduct.m; sourceTree = "<group>"; };
		EED7E852183E2CA000853E73 /* TXHSupplier.h */ = {isa = PBXFileReference; fileEncoding = 4; lastKnownFileType = sourcecode.c.h; path = TXHSupplier.h; sourceTree = "<group>"; };
		EED7E853183E2CA000853E73 /* TXHSupplier.m */ = {isa = PBXFileReference; fileEncoding = 4; lastKnownFileType = sourcecode.c.objc; path = TXHSupplier.m; sourceTree = "<group>"; };
		EED7E855183E2CA000853E73 /* _TXHProduct.h */ = {isa = PBXFileReference; fileEncoding = 4; lastKnownFileType = sourcecode.c.h; path = _TXHProduct.h; sourceTree = "<group>"; };
		EED7E856183E2CA000853E73 /* _TXHProduct.m */ = {isa = PBXFileReference; fileEncoding = 4; lastKnownFileType = sourcecode.c.objc; path = _TXHProduct.m; sourceTree = "<group>"; };
		EED7E857183E2CA000853E73 /* _TXHSupplier.h */ = {isa = PBXFileReference; fileEncoding = 4; lastKnownFileType = sourcecode.c.h; path = _TXHSupplier.h; sourceTree = "<group>"; };
		EED7E858183E2CA000853E73 /* _TXHSupplier.m */ = {isa = PBXFileReference; fileEncoding = 4; lastKnownFileType = sourcecode.c.objc; path = _TXHSupplier.m; sourceTree = "<group>"; };
		EED7E85D183E363D00853E73 /* TXHSupplierSpec.m */ = {isa = PBXFileReference; fileEncoding = 4; lastKnownFileType = sourcecode.c.objc; path = TXHSupplierSpec.m; sourceTree = "<group>"; };
		EED7E85F183E3C7200853E73 /* CoreDataTestsHelper.h */ = {isa = PBXFileReference; fileEncoding = 4; lastKnownFileType = sourcecode.c.h; path = CoreDataTestsHelper.h; sourceTree = "<group>"; };
		EED7E860183E3C7200853E73 /* CoreDataTestsHelper.m */ = {isa = PBXFileReference; fileEncoding = 4; lastKnownFileType = sourcecode.c.objc; path = CoreDataTestsHelper.m; sourceTree = "<group>"; };
		EEECF734183A67650087472B /* Suppliers.json */ = {isa = PBXFileReference; fileEncoding = 4; lastKnownFileType = text.json; path = Suppliers.json; sourceTree = "<group>"; };
		EEF85C6218183D9200658409 /* libiOS-api.a */ = {isa = PBXFileReference; explicitFileType = archive.ar; includeInIndex = 0; path = "libiOS-api.a"; sourceTree = BUILT_PRODUCTS_DIR; };
		EEF85C6518183D9200658409 /* Foundation.framework */ = {isa = PBXFileReference; lastKnownFileType = wrapper.framework; name = Foundation.framework; path = System/Library/Frameworks/Foundation.framework; sourceTree = SDKROOT; };
		EEF85C6918183D9200658409 /* Prefix.pch */ = {isa = PBXFileReference; lastKnownFileType = sourcecode.c.h; path = Prefix.pch; sourceTree = "<group>"; };
		EEF85C7218183D9200658409 /* iOS-apiTests.xctest */ = {isa = PBXFileReference; explicitFileType = wrapper.cfbundle; includeInIndex = 0; path = "iOS-apiTests.xctest"; sourceTree = BUILT_PRODUCTS_DIR; };
		EEF85C7318183D9200658409 /* XCTest.framework */ = {isa = PBXFileReference; lastKnownFileType = wrapper.framework; name = XCTest.framework; path = Library/Frameworks/XCTest.framework; sourceTree = DEVELOPER_DIR; };
		EEF85C7618183D9200658409 /* UIKit.framework */ = {isa = PBXFileReference; lastKnownFileType = wrapper.framework; name = UIKit.framework; path = Library/Frameworks/UIKit.framework; sourceTree = DEVELOPER_DIR; };
		EEF85C7D18183D9200658409 /* iOS-apiTests-Info.plist */ = {isa = PBXFileReference; lastKnownFileType = text.plist.xml; path = "iOS-apiTests-Info.plist"; sourceTree = "<group>"; };
		EEF85C7F18183D9200658409 /* en */ = {isa = PBXFileReference; lastKnownFileType = text.plist.strings; name = en; path = en.lproj/InfoPlist.strings; sourceTree = "<group>"; };
		EEF85C8B18183F5A00658409 /* TestsPrefix.pch */ = {isa = PBXFileReference; fileEncoding = 4; lastKnownFileType = sourcecode.c.h; path = TestsPrefix.pch; sourceTree = "<group>"; };
		EEF85C8C181840A100658409 /* TXHTicketingHubClient.h */ = {isa = PBXFileReference; fileEncoding = 4; lastKnownFileType = sourcecode.c.h; path = TXHTicketingHubClient.h; sourceTree = "<group>"; };
		EEF85C8D181840A100658409 /* TXHTicketingHubClient.m */ = {isa = PBXFileReference; fileEncoding = 4; lastKnownFileType = sourcecode.c.objc; lineEnding = 0; path = TXHTicketingHubClient.m; sourceTree = "<group>"; xcLanguageSpecificationIdentifier = xcode.lang.objc; };
/* End PBXFileReference section */

/* Begin PBXFrameworksBuildPhase section */
		EE67B395183D175D0021B76A /* Frameworks */ = {
			isa = PBXFrameworksBuildPhase;
			buildActionMask = 2147483647;
			files = (
				EE67B39A183D175D0021B76A /* CoreFoundation.framework in Frameworks */,
			);
			runOnlyForDeploymentPostprocessing = 0;
		};
		EEF85C5F18183D9200658409 /* Frameworks */ = {
			isa = PBXFrameworksBuildPhase;
			buildActionMask = 2147483647;
			files = (
				EE3B6BBB183FE84200BC7B92 /* libDCTCoreDataStack.a in Frameworks */,
				EEF85C6618183D9200658409 /* Foundation.framework in Frameworks */,
			);
			runOnlyForDeploymentPostprocessing = 0;
		};
		EEF85C6F18183D9200658409 /* Frameworks */ = {
			isa = PBXFrameworksBuildPhase;
			buildActionMask = 2147483647;
			files = (
				EE5B98D21827BF7500591875 /* libExpecta-ios-universal.a in Frameworks */,
				EEF85C7A18183D9200658409 /* libiOS-api.a in Frameworks */,
				EEF85C7418183D9200658409 /* XCTest.framework in Frameworks */,
				EE5B98D51827BF7500591875 /* libSpecta-ios-universal.a in Frameworks */,
				EEF85C7718183D9200658409 /* UIKit.framework in Frameworks */,
				EEF85C7518183D9200658409 /* Foundation.framework in Frameworks */,
			);
			runOnlyForDeploymentPostprocessing = 0;
		};
/* End PBXFrameworksBuildPhase section */

/* Begin PBXGroup section */
		EE33618C1819343400FC511A /* AFNetworking */ = {
			isa = PBXGroup;
			children = (
				EE33618E1819343400FC511A /* AFNetworking */,
				EE3361A41819343400FC511A /* UIKit+AFNetworking */,
			);
			path = AFNetworking;
			sourceTree = SOURCE_ROOT;
		};
		EE33618E1819343400FC511A /* AFNetworking */ = {
			isa = PBXGroup;
			children = (
				EE33618F1819343400FC511A /* AFHTTPRequestOperation.h */,
				EE3361901819343400FC511A /* AFHTTPRequestOperation.m */,
				EE3361911819343400FC511A /* AFHTTPRequestOperationManager.h */,
				EE3361921819343400FC511A /* AFHTTPRequestOperationManager.m */,
				EE3361931819343400FC511A /* AFHTTPSessionManager.h */,
				EE3361941819343400FC511A /* AFHTTPSessionManager.m */,
				EE3361951819343400FC511A /* AFNetworking.h */,
				EE3361961819343400FC511A /* AFNetworkReachabilityManager.h */,
				EE3361971819343400FC511A /* AFNetworkReachabilityManager.m */,
				EE3361981819343400FC511A /* AFSecurityPolicy.h */,
				EE3361991819343400FC511A /* AFSecurityPolicy.m */,
				EE33619A1819343400FC511A /* AFURLConnectionOperation.h */,
				EE33619B1819343400FC511A /* AFURLConnectionOperation.m */,
				EE33619C1819343400FC511A /* AFURLRequestSerialization.h */,
				EE33619D1819343400FC511A /* AFURLRequestSerialization.m */,
				EE33619E1819343400FC511A /* AFURLResponseSerialization.h */,
				EE33619F1819343400FC511A /* AFURLResponseSerialization.m */,
				EE3361A01819343400FC511A /* AFURLSessionManager.h */,
				EE3361A11819343400FC511A /* AFURLSessionManager.m */,
			);
			path = AFNetworking;
			sourceTree = "<group>";
		};
		EE3361A41819343400FC511A /* UIKit+AFNetworking */ = {
			isa = PBXGroup;
			children = (
				EE3361A51819343400FC511A /* AFNetworkActivityIndicatorManager.h */,
				EE3361A61819343400FC511A /* AFNetworkActivityIndicatorManager.m */,
				EE3361A71819343400FC511A /* UIActivityIndicatorView+AFNetworking.h */,
				EE3361A81819343400FC511A /* UIActivityIndicatorView+AFNetworking.m */,
				EE3361A91819343400FC511A /* UIAlertView+AFNetworking.h */,
				EE3361AA1819343400FC511A /* UIAlertView+AFNetworking.m */,
				EE3361AB1819343400FC511A /* UIButton+AFNetworking.h */,
				EE3361AC1819343400FC511A /* UIButton+AFNetworking.m */,
				EE3361AD1819343400FC511A /* UIImageView+AFNetworking.h */,
				EE3361AE1819343400FC511A /* UIImageView+AFNetworking.m */,
				EE3361AF1819343400FC511A /* UIKit+AFNetworking.h */,
				EE3361B01819343400FC511A /* UIProgressView+AFNetworking.h */,
				EE3361B11819343400FC511A /* UIProgressView+AFNetworking.m */,
				EE3361B21819343400FC511A /* UIWebView+AFNetworking.h */,
				EE3361B31819343400FC511A /* UIWebView+AFNetworking.m */,
			);
			path = "UIKit+AFNetworking";
			sourceTree = "<group>";
		};
		EE3B6BAE183FDEBA00BC7B92 /* Products */ = {
			isa = PBXGroup;
			children = (
				EE3B6BB4183FDEBC00BC7B92 /* libDCTCoreDataStack.a */,
				EE3B6BB6183FDEBC00BC7B92 /* DCTCoreDataStackTests.octest */,
				EE3B6BB8183FDEBC00BC7B92 /* CoreDataStack.app */,
			);
			name = Products;
			sourceTree = "<group>";
		};
		EE5B989C1827BF7500591875 /* expecta */ = {
			isa = PBXGroup;
			children = (
				EE5B989D1827BF7500591875 /* EXPBackwardCompatibility.h */,
				EE5B989E1827BF7500591875 /* EXPBlockDefinedMatcher.h */,
				EE5B989F1827BF7500591875 /* EXPDefines.h */,
				EE5B98A01827BF7500591875 /* EXPDoubleTuple.h */,
				EE5B98A11827BF7500591875 /* Expecta.h */,
				EE5B98A21827BF7500591875 /* ExpectaSupport.h */,
				EE5B98A31827BF7500591875 /* EXPExpect.h */,
				EE5B98A41827BF7500591875 /* EXPFloatTuple.h */,
				EE5B98A51827BF7500591875 /* EXPMatcher.h */,
				EE5B98A61827BF7500591875 /* EXPMatcherHelpers.h */,
				EE5B98A71827BF7500591875 /* EXPMatchers+beCloseTo.h */,
				EE5B98A81827BF7500591875 /* EXPMatchers+beFalsy.h */,
				EE5B98A91827BF7500591875 /* EXPMatchers+beGreaterThan.h */,
				EE5B98AA1827BF7500591875 /* EXPMatchers+beGreaterThanOrEqualTo.h */,
				EE5B98AB1827BF7500591875 /* EXPMatchers+beIdenticalTo.h */,
				EE5B98AC1827BF7500591875 /* EXPMatchers+beInstanceOf.h */,
				EE5B98AD1827BF7500591875 /* EXPMatchers+beInTheRangeOf.h */,
				EE5B98AE1827BF7500591875 /* EXPMatchers+beKindOf.h */,
				EE5B98AF1827BF7500591875 /* EXPMatchers+beLessThan.h */,
				EE5B98B01827BF7500591875 /* EXPMatchers+beLessThanOrEqualTo.h */,
				EE5B98B11827BF7500591875 /* EXPMatchers+beNil.h */,
				EE5B98B21827BF7500591875 /* EXPMatchers+beSubclassOf.h */,
				EE5B98B31827BF7500591875 /* EXPMatchers+beSupersetOf.h */,
				EE5B98B41827BF7500591875 /* EXPMatchers+beTruthy.h */,
				EE5B98B51827BF7500591875 /* EXPMatchers+conformTo.h */,
				EE5B98B61827BF7500591875 /* EXPMatchers+contain.h */,
				EE5B98B71827BF7500591875 /* EXPMatchers+equal.h */,
				EE5B98B81827BF7500591875 /* EXPMatchers+haveCountOf.h */,
				EE5B98B91827BF7500591875 /* EXPMatchers+raise.h */,
				EE5B98BA1827BF7500591875 /* EXPMatchers+raiseWithReason.h */,
				EE5B98BB1827BF7500591875 /* EXPMatchers+respondTo.h */,
				EE5B98BC1827BF7500591875 /* EXPMatchers.h */,
				EE5B98BD1827BF7500591875 /* EXPUnsupportedObject.h */,
				EE5B98BE1827BF7500591875 /* libExpecta-ios-universal.a */,
				EE5B98C01827BF7500591875 /* NSObject+Expecta.h */,
				EE5B98C11827BF7500591875 /* NSValue+Expecta.h */,
			);
			name = expecta;
			path = Externals/TestKits/expecta;
			sourceTree = "<group>";
		};
		EE5B98C31827BF7500591875 /* specta */ = {
			isa = PBXGroup;
			children = (
				EE5B98C41827BF7500591875 /* libSpecta-ios-universal.a */,
				EE5B98C71827BF7500591875 /* Specta.h */,
				EE5B98C81827BF7500591875 /* SpectaSupport.h */,
				EE5B98C91827BF7500591875 /* SpectaTypes.h */,
				EE5B98CA1827BF7500591875 /* SpectaUtility.h */,
				EE5B98CB1827BF7500591875 /* SPTExample.h */,
				EE5B98CC1827BF7500591875 /* SPTExampleGroup.h */,
				EE5B98CD1827BF7500591875 /* SPTSharedExampleGroups.h */,
				EE5B98CE1827BF7500591875 /* SPTSpec.h */,
				EE5B98CF1827BF7500591875 /* SPTXCTestCase.h */,
				EE5B98D01827BF7500591875 /* SPTXCTestInvocation.h */,
				EE5B98D11827BF7500591875 /* XCTestCase+Specta.h */,
			);
			name = specta;
			path = Externals/TestKits/specta;
			sourceTree = "<group>";
		};
		EE67B39B183D175D0021B76A /* iOS-api-Model */ = {
			isa = PBXGroup;
			children = (
				EED7E84C183E2BC500853E73 /* CoreDataModel.xcdatamodeld */,
				EE67B39C183D175D0021B76A /* Supporting Files */,
			);
			path = "iOS-api-Model";
			sourceTree = "<group>";
		};
		EE67B39C183D175D0021B76A /* Supporting Files */ = {
			isa = PBXGroup;
			children = (
				EE67B39D183D175D0021B76A /* iOS-api-Model-Info.plist */,
			);
			name = "Supporting Files";
			sourceTree = "<group>";
		};
		EE8C3DA8181ADA510036AE92 /* StubResponses */ = {
			isa = PBXGroup;
			children = (
				EE29FD5918522F3800E83196 /* TierWithoutUpgrades.json */,
				EE29FD5A18522F3800E83196 /* TierWithUpgrades.json */,
				EE1C01A818215007005D754A /* Seasons.json */,
				EE689EB3183E686B000952F7 /* Supplier.json */,
				EEECF734183A67650087472B /* Suppliers.json */,
				EE8C3DA9181ADA510036AE92 /* VenuesEmpty.json */,
				EE8C3DAA181ADA510036AE92 /* VenuesSuccess.json */,
				EE4B18B818438CD700CE6D5E /* User.json */,
				EEBFB9A3184FA8DF00DBF9FA /* Availability.json */,
				EEBFB9A7184FAA5100DBF9FA /* AvailibilityDecember2013.json */,
				EEBFB9A9184FABA500DBF9FA /* AvailabilityOptionsFirstForDate.json */,
				EEACDA261855D33800BF46C3 /* Upgrade.json */,
			);
			path = StubResponses;
			sourceTree = "<group>";
		};
		EE8C3DAD181AE0D10036AE92 /* Model Files */ = {
			isa = PBXGroup;
			children = (
				EED7E84F183E2CA000853E73 /* Human */,
				EED7E854183E2CA000853E73 /* Machine */,
			);
			name = "Model Files";
			sourceTree = "<group>";
		};
		EE8C3DB1181AE1840036AE92 /* NSDictionary+JCSKeyMapping */ = {
			isa = PBXGroup;
			children = (
				EE8C3DB2181AE1840036AE92 /* NSDictionary+JCSKeyMapping.h */,
				EE8C3DB3181AE1840036AE92 /* NSDictionary+JCSKeyMapping.m */,
			);
			path = "NSDictionary+JCSKeyMapping";
			sourceTree = "<group>";
		};
		EE8C3DB5181AE2EB0036AE92 /* OHHTTPStubs */ = {
			isa = PBXGroup;
			children = (
				EE8C3DC0181AE5830036AE92 /* OHHTTPStubs+NSURLSessionConfiguration.m */,
				EE8C3DC1181AE5830036AE92 /* OHHTTPStubsResponse+HTTPMessage.h */,
				EE8C3DC2181AE5830036AE92 /* OHHTTPStubsResponse+HTTPMessage.m */,
				EE8C3DC3181AE5830036AE92 /* OHHTTPStubsResponse+JSON.h */,
				EE8C3DC4181AE5830036AE92 /* OHHTTPStubsResponse+JSON.m */,
				EE8C3DB7181AE2EB0036AE92 /* OHHTTPStubs.h */,
				EE8C3DB8181AE2EB0036AE92 /* OHHTTPStubs.m */,
				EE8C3DB9181AE2EB0036AE92 /* OHHTTPStubsResponse.h */,
				EE8C3DBA181AE2EB0036AE92 /* OHHTTPStubsResponse.m */,
			);
			path = OHHTTPStubs;
			sourceTree = "<group>";
		};
		EED7E84F183E2CA000853E73 /* Human */ = {
			isa = PBXGroup;
			children = (
				EE4926AF1850C27800336A2D /* TXHAvailability.h */,
				EE4926B01850C27800336A2D /* TXHAvailability.m */,
				EED7E850183E2CA000853E73 /* TXHProduct.h */,
				EED7E851183E2CA000853E73 /* TXHProduct.m */,
				EED7E852183E2CA000853E73 /* TXHSupplier.h */,
				EED7E853183E2CA000853E73 /* TXHSupplier.m */,
				EE4926B11850C27800336A2D /* TXHTier.h */,
				EE4926B21850C27800336A2D /* TXHTier.m */,
				EE4926B31850C27800336A2D /* TXHUpgrade.h */,
				EE4926B41850C27800336A2D /* TXHUpgrade.m */,
				EE4B18BE18439A7200CE6D5E /* TXHUser.h */,
				EE4B18BF18439A7200CE6D5E /* TXHUser.m */,
			);
			path = Human;
			sourceTree = "<group>";
		};
		EED7E854183E2CA000853E73 /* Machine */ = {
			isa = PBXGroup;
			children = (
				EE4926BA1850C28C00336A2D /* _TXHAvailability.h */,
				EE4926BB1850C28C00336A2D /* _TXHAvailability.m */,
				EED7E855183E2CA000853E73 /* _TXHProduct.h */,
				EED7E856183E2CA000853E73 /* _TXHProduct.m */,
				EED7E857183E2CA000853E73 /* _TXHSupplier.h */,
				EED7E858183E2CA000853E73 /* _TXHSupplier.m */,
				EE4926BC1850C28C00336A2D /* _TXHTier.h */,
				EE4926BE1850C2A000336A2D /* _TXHTier.m */,
				EE4926BF1850C2A000336A2D /* _TXHUpgrade.h */,
				EE4926C01850C2A000336A2D /* _TXHUpgrade.m */,
				EE4B18C118439A7D00CE6D5E /* _TXHUser.h */,
				EE4B18C218439A7D00CE6D5E /* _TXHUser.m */,
			);
			path = Machine;
			sourceTree = "<group>";
		};
		EEF85C5918183D9200658409 = {
			isa = PBXGroup;
			children = (
				EEF85C6718183D9200658409 /* iOS-api */,
				EE67B39B183D175D0021B76A /* iOS-api-Model */,
				EEF85C7B18183D9200658409 /* iOS-apiTests */,
				EEF85C6418183D9200658409 /* Frameworks */,
				EEF85C6318183D9200658409 /* Products */,
			);
			sourceTree = "<group>";
		};
		EEF85C6318183D9200658409 /* Products */ = {
			isa = PBXGroup;
			children = (
				EEF85C6218183D9200658409 /* libiOS-api.a */,
				EEF85C7218183D9200658409 /* iOS-apiTests.xctest */,
				EE67B398183D175D0021B76A /* iOS-api-Model.bundle */,
			);
			name = Products;
			sourceTree = "<group>";
		};
		EEF85C6418183D9200658409 /* Frameworks */ = {
			isa = PBXGroup;
			children = (
				EEF85C6518183D9200658409 /* Foundation.framework */,
				EEF85C7318183D9200658409 /* XCTest.framework */,
				EEF85C7618183D9200658409 /* UIKit.framework */,
				EE67B399183D175D0021B76A /* CoreFoundation.framework */,
			);
			name = Frameworks;
			sourceTree = "<group>";
		};
		EEF85C6718183D9200658409 /* iOS-api */ = {
			isa = PBXGroup;
			children = (
				EEB32C8E1847C90E006045AF /* iOS-api.h */,
				EE5B98DA1827F26D00591875 /* TXHAPIError.h */,
				EEF85C8C181840A100658409 /* TXHTicketingHubClient.h */,
				EEF85C8D181840A100658409 /* TXHTicketingHubClient.m */,
				EE8C3DAD181AE0D10036AE92 /* Model Files */,
				EEF85C92181844A700658409 /* Externals */,
				EEF85C911818446F00658409 /* Private Classes */,
				EEF85C6818183D9200658409 /* Supporting Files */,
			);
			path = "iOS-api";
			sourceTree = "<group>";
		};
		EEF85C6818183D9200658409 /* Supporting Files */ = {
			isa = PBXGroup;
			children = (
				EEF85C6918183D9200658409 /* Prefix.pch */,
			);
			name = "Supporting Files";
			sourceTree = "<group>";
		};
		EEF85C7B18183D9200658409 /* iOS-apiTests */ = {
			isa = PBXGroup;
			children = (
				EE74D467182ADF34000266C3 /* ClientCreationSpec.m */,
				EECAE8BA1850E11D00AC9959 /* TXHAvailabilitySpec.m */,
				EE3B6BA2183F69DE00BC7B92 /* TXHProductSpec.m */,
				EED7E85D183E363D00853E73 /* TXHSupplierSpec.m */,
				EE3B6BA4183F8A2700BC7B92 /* TXHTicketingHubClientSpec.m */,
				EECAE8BE1850E83000AC9959 /* TXHTierSpec.m */,
				EECAE8BC1850E81900AC9959 /* TXHUpgradeSpec.m */,
				EE4B18BC18439A1400CE6D5E /* TXHUserSpec.m */,
				EEF85C7C18183D9200658409 /* Supporting Files */,
			);
			path = "iOS-apiTests";
			sourceTree = "<group>";
		};
		EEF85C7C18183D9200658409 /* Supporting Files */ = {
			isa = PBXGroup;
			children = (
				EEF85C7E18183D9200658409 /* InfoPlist.strings */,
				EEF85C7D18183D9200658409 /* iOS-apiTests-Info.plist */,
				EEF85C8B18183F5A00658409 /* TestsPrefix.pch */,
				EE5B989C1827BF7500591875 /* expecta */,
				EE8C3DB5181AE2EB0036AE92 /* OHHTTPStubs */,
				EE5B98C31827BF7500591875 /* specta */,
				EE8C3DA8181ADA510036AE92 /* StubResponses */,
				EED7E85F183E3C7200853E73 /* CoreDataTestsHelper.h */,
				EED7E860183E3C7200853E73 /* CoreDataTestsHelper.m */,
			);
			name = "Supporting Files";
			sourceTree = "<group>";
		};
		EEF85C911818446F00658409 /* Private Classes */ = {
			isa = PBXGroup;
			children = (
			);
			name = "Private Classes";
			sourceTree = "<group>";
		};
		EEF85C92181844A700658409 /* Externals */ = {
			isa = PBXGroup;
			children = (
				EE3B6BAD183FDEBA00BC7B92 /* DCTCoreDataStack.xcodeproj */,
				EE33618C1819343400FC511A /* AFNetworking */,
				EE8C3DB1181AE1840036AE92 /* NSDictionary+JCSKeyMapping */,
			);
			name = Externals;
			sourceTree = "<group>";
		};
/* End PBXGroup section */

/* Begin PBXNativeTarget section */
		EE67B397183D175D0021B76A /* iOS-api-Model */ = {
			isa = PBXNativeTarget;
			buildConfigurationList = EE67B3A2183D175D0021B76A /* Build configuration list for PBXNativeTarget "iOS-api-Model" */;
			buildPhases = (
				EE67B394183D175D0021B76A /* Sources */,
				EE67B395183D175D0021B76A /* Frameworks */,
				EE67B396183D175D0021B76A /* Resources */,
			);
			buildRules = (
			);
			dependencies = (
			);
			name = "iOS-api-Model";
			productName = "iOS-api-Model";
			productReference = EE67B398183D175D0021B76A /* iOS-api-Model.bundle */;
			productType = "com.apple.product-type.bundle";
		};
		EEF85C6118183D9200658409 /* iOS-api */ = {
			isa = PBXNativeTarget;
			buildConfigurationList = EEF85C8518183D9200658409 /* Build configuration list for PBXNativeTarget "iOS-api" */;
			buildPhases = (
				EEF85C5E18183D9200658409 /* Sources */,
				EEF85C5F18183D9200658409 /* Frameworks */,
				EEF85C6018183D9200658409 /* CopyFiles */,
			);
			buildRules = (
			);
			dependencies = (
				EE3B6BBA183FDF4A00BC7B92 /* PBXTargetDependency */,
				EE67B3A9183D17CC0021B76A /* PBXTargetDependency */,
			);
			name = "iOS-api";
			productName = "iOS-api";
			productReference = EEF85C6218183D9200658409 /* libiOS-api.a */;
			productType = "com.apple.product-type.library.static";
		};
		EEF85C7118183D9200658409 /* iOS-apiTests */ = {
			isa = PBXNativeTarget;
			buildConfigurationList = EEF85C8818183D9200658409 /* Build configuration list for PBXNativeTarget "iOS-apiTests" */;
			buildPhases = (
				EEF85C6E18183D9200658409 /* Sources */,
				EEF85C6F18183D9200658409 /* Frameworks */,
				EEF85C7018183D9200658409 /* Resources */,
			);
			buildRules = (
			);
			dependencies = (
				EE689E54183E3D00000952F7 /* PBXTargetDependency */,
				EEF85C7918183D9200658409 /* PBXTargetDependency */,
			);
			name = "iOS-apiTests";
			productName = "iOS-apiTests";
			productReference = EEF85C7218183D9200658409 /* iOS-apiTests.xctest */;
			productType = "com.apple.product-type.bundle.unit-test";
		};
/* End PBXNativeTarget section */

/* Begin PBXProject section */
		EEF85C5A18183D9200658409 /* Project object */ = {
			isa = PBXProject;
			attributes = {
				LastUpgradeCheck = 0500;
				ORGANIZATIONNAME = TicketingHub;
			};
			buildConfigurationList = EEF85C5D18183D9200658409 /* Build configuration list for PBXProject "iOS-api" */;
			compatibilityVersion = "Xcode 3.2";
			developmentRegion = English;
			hasScannedForEncodings = 0;
			knownRegions = (
				en,
			);
			mainGroup = EEF85C5918183D9200658409;
			productRefGroup = EEF85C6318183D9200658409 /* Products */;
			projectDirPath = "";
			projectReferences = (
				{
					ProductGroup = EE3B6BAE183FDEBA00BC7B92 /* Products */;
					ProjectRef = EE3B6BAD183FDEBA00BC7B92 /* DCTCoreDataStack.xcodeproj */;
				},
			);
			projectRoot = "";
			targets = (
				EEF85C6118183D9200658409 /* iOS-api */,
				EEF85C7118183D9200658409 /* iOS-apiTests */,
				EE67B397183D175D0021B76A /* iOS-api-Model */,
			);
		};
/* End PBXProject section */

/* Begin PBXReferenceProxy section */
		EE3B6BB4183FDEBC00BC7B92 /* libDCTCoreDataStack.a */ = {
			isa = PBXReferenceProxy;
			fileType = archive.ar;
			path = libDCTCoreDataStack.a;
			remoteRef = EE3B6BB3183FDEBC00BC7B92 /* PBXContainerItemProxy */;
			sourceTree = BUILT_PRODUCTS_DIR;
		};
		EE3B6BB6183FDEBC00BC7B92 /* DCTCoreDataStackTests.octest */ = {
			isa = PBXReferenceProxy;
			fileType = wrapper.cfbundle;
			path = DCTCoreDataStackTests.octest;
			remoteRef = EE3B6BB5183FDEBC00BC7B92 /* PBXContainerItemProxy */;
			sourceTree = BUILT_PRODUCTS_DIR;
		};
		EE3B6BB8183FDEBC00BC7B92 /* CoreDataStack.app */ = {
			isa = PBXReferenceProxy;
			fileType = wrapper.application;
			path = CoreDataStack.app;
			remoteRef = EE3B6BB7183FDEBC00BC7B92 /* PBXContainerItemProxy */;
			sourceTree = BUILT_PRODUCTS_DIR;
		};
/* End PBXReferenceProxy section */

/* Begin PBXResourcesBuildPhase section */
		EE67B396183D175D0021B76A /* Resources */ = {
			isa = PBXResourcesBuildPhase;
			buildActionMask = 2147483647;
			files = (
			);
			runOnlyForDeploymentPostprocessing = 0;
		};
		EEF85C7018183D9200658409 /* Resources */ = {
			isa = PBXResourcesBuildPhase;
			buildActionMask = 2147483647;
			files = (
				EEF85C8018183D9200658409 /* InfoPlist.strings in Resources */,
				EE8C3DAB181ADA510036AE92 /* VenuesEmpty.json in Resources */,
				EEACDA271855D33900BF46C3 /* Upgrade.json in Resources */,
				EEBFB9AA184FABA500DBF9FA /* AvailabilityOptionsFirstForDate.json in Resources */,
				EEECF735183A67650087472B /* Suppliers.json in Resources */,
				EEBFB9A4184FA8DF00DBF9FA /* Availability.json in Resources */,
				EE4B18B918438CD700CE6D5E /* User.json in Resources */,
				EE689EB4183E686B000952F7 /* Supplier.json in Resources */,
				EE29FD5B18522F3800E83196 /* TierWithoutUpgrades.json in Resources */,
				EE1C01A918215007005D754A /* Seasons.json in Resources */,
				EEBFB9A8184FAA5100DBF9FA /* AvailibilityDecember2013.json in Resources */,
				EE8C3DAC181ADA510036AE92 /* VenuesSuccess.json in Resources */,
				EEB8CB64184911ED00BDDDAB /* iOS-api-Model.bundle in Resources */,
				EE29FD5C18522F3800E83196 /* TierWithUpgrades.json in Resources */,
			);
			runOnlyForDeploymentPostprocessing = 0;
		};
/* End PBXResourcesBuildPhase section */

/* Begin PBXSourcesBuildPhase section */
		EE67B394183D175D0021B76A /* Sources */ = {
			isa = PBXSourcesBuildPhase;
			buildActionMask = 2147483647;
			files = (
				EED7E84E183E2BC500853E73 /* CoreDataModel.xcdatamodeld in Sources */,
			);
			runOnlyForDeploymentPostprocessing = 0;
		};
		EEF85C5E18183D9200658409 /* Sources */ = {
			isa = PBXSourcesBuildPhase;
			buildActionMask = 2147483647;
			files = (
				EED7E85A183E2CA000853E73 /* TXHSupplier.m in Sources */,
				EE3361B41819343400FC511A /* AFHTTPRequestOperation.m in Sources */,
				EED7E85C183E2CA000853E73 /* _TXHSupplier.m in Sources */,
				EE4926C21850C2A000336A2D /* _TXHUpgrade.m in Sources */,
				EE3361C11819343400FC511A /* UIImageView+AFNetworking.m in Sources */,
				EEF85C8E181840A100658409 /* TXHTicketingHubClient.m in Sources */,
				EED7E859183E2CA000853E73 /* TXHProduct.m in Sources */,
				EE3361B51819343400FC511A /* AFHTTPRequestOperationManager.m in Sources */,
				EE3361C21819343400FC511A /* UIProgressView+AFNetworking.m in Sources */,
				EE3361B71819343400FC511A /* AFNetworkReachabilityManager.m in Sources */,
				EE3361BB1819343400FC511A /* AFURLResponseSerialization.m in Sources */,
				EE4926B51850C27800336A2D /* TXHAvailability.m in Sources */,
				EE4926C11850C2A000336A2D /* _TXHTier.m in Sources */,
				EE3361B91819343400FC511A /* AFURLConnectionOperation.m in Sources */,
				EE4926B61850C27800336A2D /* TXHTier.m in Sources */,
				EE3361C01819343400FC511A /* UIButton+AFNetworking.m in Sources */,
				EED7E85B183E2CA000853E73 /* _TXHProduct.m in Sources */,
				EE3361BE1819343400FC511A /* UIActivityIndicatorView+AFNetworking.m in Sources */,
				EE8C3DB4181AE1840036AE92 /* NSDictionary+JCSKeyMapping.m in Sources */,
				EE3361B81819343400FC511A /* AFSecurityPolicy.m in Sources */,
				EE3361B61819343400FC511A /* AFHTTPSessionManager.m in Sources */,
				EE4B18C318439A7D00CE6D5E /* _TXHUser.m in Sources */,
				EE3361BF1819343400FC511A /* UIAlertView+AFNetworking.m in Sources */,
				EE3361BA1819343400FC511A /* AFURLRequestSerialization.m in Sources */,
				EE4B18C018439A7200CE6D5E /* TXHUser.m in Sources */,
				EE3361BD1819343400FC511A /* AFNetworkActivityIndicatorManager.m in Sources */,
				EE4926BD1850C28C00336A2D /* _TXHAvailability.m in Sources */,
				EE4926B71850C27800336A2D /* TXHUpgrade.m in Sources */,
				EE3361C31819343400FC511A /* UIWebView+AFNetworking.m in Sources */,
				EE3361BC1819343400FC511A /* AFURLSessionManager.m in Sources */,
			);
			runOnlyForDeploymentPostprocessing = 0;
		};
		EEF85C6E18183D9200658409 /* Sources */ = {
			isa = PBXSourcesBuildPhase;
			buildActionMask = 2147483647;
			files = (
				EE8C3DBE181AE2EB0036AE92 /* OHHTTPStubsResponse.m in Sources */,
				EED7E861183E3C7200853E73 /* CoreDataTestsHelper.m in Sources */,
				EE1C019E182147DE005D754A /* NSDictionary+JCSKeyMapping.m in Sources */,
				EE8C3DC7181AE5830036AE92 /* OHHTTPStubsResponse+JSON.m in Sources */,
				EE689EB2183E6484000952F7 /* CoreDataModel.xcdatamodeld in Sources */,
				EECAE8BD1850E81900AC9959 /* TXHUpgradeSpec.m in Sources */,
				EE3B6BA5183F8A2700BC7B92 /* TXHTicketingHubClientSpec.m in Sources */,
				EE8C3DC6181AE5830036AE92 /* OHHTTPStubsResponse+HTTPMessage.m in Sources */,
				EE8C3DBD181AE2EB0036AE92 /* OHHTTPStubs.m in Sources */,
				EE74D468182ADF34000266C3 /* ClientCreationSpec.m in Sources */,
				EE8C3DC5181AE5830036AE92 /* OHHTTPStubs+NSURLSessionConfiguration.m in Sources */,
				EECAE8BF1850E83000AC9959 /* TXHTierSpec.m in Sources */,
				EE3B6BA3183F69DE00BC7B92 /* TXHProductSpec.m in Sources */,
				EECAE8BB1850E11D00AC9959 /* TXHAvailabilitySpec.m in Sources */,
				EE4B18BD18439A1400CE6D5E /* TXHUserSpec.m in Sources */,
				EED7E85E183E363D00853E73 /* TXHSupplierSpec.m in Sources */,
			);
			runOnlyForDeploymentPostprocessing = 0;
		};
/* End PBXSourcesBuildPhase section */

/* Begin PBXTargetDependency section */
		EE3B6BBA183FDF4A00BC7B92 /* PBXTargetDependency */ = {
			isa = PBXTargetDependency;
			name = DCTCoreDataStack;
			targetProxy = EE3B6BB9183FDF4A00BC7B92 /* PBXContainerItemProxy */;
		};
		EE67B3A9183D17CC0021B76A /* PBXTargetDependency */ = {
			isa = PBXTargetDependency;
			target = EE67B397183D175D0021B76A /* iOS-api-Model */;
			targetProxy = EE67B3A8183D17CC0021B76A /* PBXContainerItemProxy */;
		};
		EE689E54183E3D00000952F7 /* PBXTargetDependency */ = {
			isa = PBXTargetDependency;
			target = EE67B397183D175D0021B76A /* iOS-api-Model */;
			targetProxy = EE689E53183E3D00000952F7 /* PBXContainerItemProxy */;
		};
		EEF85C7918183D9200658409 /* PBXTargetDependency */ = {
			isa = PBXTargetDependency;
			target = EEF85C6118183D9200658409 /* iOS-api */;
			targetProxy = EEF85C7818183D9200658409 /* PBXContainerItemProxy */;
		};
/* End PBXTargetDependency section */

/* Begin PBXVariantGroup section */
		EEF85C7E18183D9200658409 /* InfoPlist.strings */ = {
			isa = PBXVariantGroup;
			children = (
				EEF85C7F18183D9200658409 /* en */,
			);
			name = InfoPlist.strings;
			sourceTree = "<group>";
		};
/* End PBXVariantGroup section */

/* Begin XCBuildConfiguration section */
		EE67B3A3183D175D0021B76A /* Debug */ = {
			isa = XCBuildConfiguration;
			buildSettings = {
				COMBINE_HIDPI_IMAGES = YES;
				GCC_ENABLE_OBJC_EXCEPTIONS = YES;
				GCC_PRECOMPILE_PREFIX_HEADER = YES;
				GCC_PREFIX_HEADER = "iOS-api-Model/iOS-api-Model-Prefix.pch";
				GCC_PREPROCESSOR_DEFINITIONS = (
					"DEBUG=1",
					"$(inherited)",
				);
				INFOPLIST_FILE = "iOS-api-Model/iOS-api-Model-Info.plist";
				INSTALL_PATH = "$(LOCAL_LIBRARY_DIR)/Bundles";
				MACOSX_DEPLOYMENT_TARGET = 10.9;
				PRODUCT_NAME = "$(TARGET_NAME)";
				SDKROOT = iphoneos;
				WRAPPER_EXTENSION = bundle;
			};
			name = Debug;
		};
		EE67B3A4183D175D0021B76A /* Release */ = {
			isa = XCBuildConfiguration;
			buildSettings = {
				COMBINE_HIDPI_IMAGES = YES;
				DEBUG_INFORMATION_FORMAT = "dwarf-with-dsym";
				GCC_ENABLE_OBJC_EXCEPTIONS = YES;
				GCC_PRECOMPILE_PREFIX_HEADER = YES;
				GCC_PREFIX_HEADER = "iOS-api-Model/iOS-api-Model-Prefix.pch";
				INFOPLIST_FILE = "iOS-api-Model/iOS-api-Model-Info.plist";
				INSTALL_PATH = "$(LOCAL_LIBRARY_DIR)/Bundles";
				MACOSX_DEPLOYMENT_TARGET = 10.9;
				PRODUCT_NAME = "$(TARGET_NAME)";
				SDKROOT = iphoneos;
				WRAPPER_EXTENSION = bundle;
			};
			name = Release;
		};
		EEF85C8318183D9200658409 /* Debug */ = {
			isa = XCBuildConfiguration;
			buildSettings = {
				ALWAYS_SEARCH_USER_PATHS = NO;
				ARCHS = "$(ARCHS_STANDARD_INCLUDING_64_BIT)";
				CLANG_CXX_LANGUAGE_STANDARD = "gnu++0x";
				CLANG_CXX_LIBRARY = "libc++";
				CLANG_ENABLE_MODULES = YES;
				CLANG_ENABLE_OBJC_ARC = YES;
				CLANG_WARN_BOOL_CONVERSION = YES;
				CLANG_WARN_CONSTANT_CONVERSION = YES;
				CLANG_WARN_DIRECT_OBJC_ISA_USAGE = YES_ERROR;
				CLANG_WARN_EMPTY_BODY = YES;
				CLANG_WARN_ENUM_CONVERSION = YES;
				CLANG_WARN_INT_CONVERSION = YES;
				CLANG_WARN_OBJC_ROOT_CLASS = YES_ERROR;
				CLANG_WARN__DUPLICATE_METHOD_MATCH = YES;
				COPY_PHASE_STRIP = NO;
				GCC_C_LANGUAGE_STANDARD = gnu99;
				GCC_DYNAMIC_NO_PIC = NO;
				GCC_OPTIMIZATION_LEVEL = 0;
				GCC_PREPROCESSOR_DEFINITIONS = (
					"DEBUG=1",
					"$(inherited)",
				);
				GCC_SYMBOLS_PRIVATE_EXTERN = NO;
				GCC_WARN_64_TO_32_BIT_CONVERSION = YES;
				GCC_WARN_ABOUT_RETURN_TYPE = YES_ERROR;
				GCC_WARN_UNDECLARED_SELECTOR = YES;
				GCC_WARN_UNINITIALIZED_AUTOS = YES;
				GCC_WARN_UNUSED_FUNCTION = YES;
				GCC_WARN_UNUSED_VARIABLE = YES;
				IPHONEOS_DEPLOYMENT_TARGET = 7.0;
				ONLY_ACTIVE_ARCH = YES;
				SDKROOT = iphoneos;
			};
			name = Debug;
		};
		EEF85C8418183D9200658409 /* Release */ = {
			isa = XCBuildConfiguration;
			buildSettings = {
				ALWAYS_SEARCH_USER_PATHS = NO;
				ARCHS = "$(ARCHS_STANDARD_INCLUDING_64_BIT)";
				CLANG_CXX_LANGUAGE_STANDARD = "gnu++0x";
				CLANG_CXX_LIBRARY = "libc++";
				CLANG_ENABLE_MODULES = YES;
				CLANG_ENABLE_OBJC_ARC = YES;
				CLANG_WARN_BOOL_CONVERSION = YES;
				CLANG_WARN_CONSTANT_CONVERSION = YES;
				CLANG_WARN_DIRECT_OBJC_ISA_USAGE = YES_ERROR;
				CLANG_WARN_EMPTY_BODY = YES;
				CLANG_WARN_ENUM_CONVERSION = YES;
				CLANG_WARN_INT_CONVERSION = YES;
				CLANG_WARN_OBJC_ROOT_CLASS = YES_ERROR;
				CLANG_WARN__DUPLICATE_METHOD_MATCH = YES;
				COPY_PHASE_STRIP = YES;
				ENABLE_NS_ASSERTIONS = NO;
				GCC_C_LANGUAGE_STANDARD = gnu99;
				GCC_WARN_64_TO_32_BIT_CONVERSION = YES;
				GCC_WARN_ABOUT_RETURN_TYPE = YES_ERROR;
				GCC_WARN_UNDECLARED_SELECTOR = YES;
				GCC_WARN_UNINITIALIZED_AUTOS = YES;
				GCC_WARN_UNUSED_FUNCTION = YES;
				GCC_WARN_UNUSED_VARIABLE = YES;
				IPHONEOS_DEPLOYMENT_TARGET = 7.0;
				SDKROOT = iphoneos;
				VALIDATE_PRODUCT = YES;
			};
			name = Release;
		};
		EEF85C8618183D9200658409 /* Debug */ = {
			isa = XCBuildConfiguration;
			buildSettings = {
				DSTROOT = /tmp/iOS_api.dst;
				GCC_PRECOMPILE_PREFIX_HEADER = YES;
				GCC_PREFIX_HEADER = "iOS-api/Prefix.pch";
				OTHER_LDFLAGS = "-ObjC";
				PRODUCT_NAME = "$(TARGET_NAME)";
				SKIP_INSTALL = YES;
			};
			name = Debug;
		};
		EEF85C8718183D9200658409 /* Release */ = {
			isa = XCBuildConfiguration;
			buildSettings = {
				DSTROOT = /tmp/iOS_api.dst;
				GCC_PRECOMPILE_PREFIX_HEADER = YES;
				GCC_PREFIX_HEADER = "iOS-api/Prefix.pch";
				OTHER_LDFLAGS = "-ObjC";
				PRODUCT_NAME = "$(TARGET_NAME)";
				SKIP_INSTALL = YES;
			};
			name = Release;
		};
		EEF85C8918183D9200658409 /* Debug */ = {
			isa = XCBuildConfiguration;
			buildSettings = {
				ARCHS = "$(ARCHS_STANDARD_INCLUDING_64_BIT)";
				FRAMEWORK_SEARCH_PATHS = (
					"$(SDKROOT)/Developer/Library/Frameworks",
					"$(inherited)",
					"$(DEVELOPER_FRAMEWORKS_DIR)",
				);
				GCC_PRECOMPILE_PREFIX_HEADER = YES;
				GCC_PREFIX_HEADER = "iOS-apiTests/TestsPrefix.pch";
				GCC_PREPROCESSOR_DEFINITIONS = (
					"DEBUG=1",
					"$(inherited)",
				);
				INFOPLIST_FILE = "iOS-apiTests/iOS-apiTests-Info.plist";
				LIBRARY_SEARCH_PATHS = (
					"$(inherited)",
					"$(SRCROOT)/iOS-apiTests/Externals/TestKits/expecta",
					"$(SRCROOT)/iOS-apiTests/Externals/TestKits/specta",
				);
				OTHER_LDFLAGS = (
					"$(inherited)",
					"-ObjC",
					"-framework",
					XCTest,
				);
				PRODUCT_NAME = "$(TARGET_NAME)";
				WRAPPER_EXTENSION = xctest;
			};
			name = Debug;
		};
		EEF85C8A18183D9200658409 /* Release */ = {
			isa = XCBuildConfiguration;
			buildSettings = {
				ARCHS = "$(ARCHS_STANDARD_INCLUDING_64_BIT)";
				FRAMEWORK_SEARCH_PATHS = (
					"$(SDKROOT)/Developer/Library/Frameworks",
					"$(inherited)",
					"$(DEVELOPER_FRAMEWORKS_DIR)",
				);
				GCC_PRECOMPILE_PREFIX_HEADER = YES;
				GCC_PREFIX_HEADER = "iOS-apiTests/TestsPrefix.pch";
				INFOPLIST_FILE = "iOS-apiTests/iOS-apiTests-Info.plist";
				LIBRARY_SEARCH_PATHS = (
					"$(inherited)",
					"$(SRCROOT)/iOS-apiTests/Externals/TestKits/expecta",
					"$(SRCROOT)/iOS-apiTests/Externals/TestKits/specta",
				);
				OTHER_LDFLAGS = (
					"$(inherited)",
					"-ObjC",
					"-framework",
					XCTest,
				);
				PRODUCT_NAME = "$(TARGET_NAME)";
				WRAPPER_EXTENSION = xctest;
			};
			name = Release;
		};
/* End XCBuildConfiguration section */

/* Begin XCConfigurationList section */
		EE67B3A2183D175D0021B76A /* Build configuration list for PBXNativeTarget "iOS-api-Model" */ = {
			isa = XCConfigurationList;
			buildConfigurations = (
				EE67B3A3183D175D0021B76A /* Debug */,
				EE67B3A4183D175D0021B76A /* Release */,
			);
			defaultConfigurationIsVisible = 0;
			defaultConfigurationName = Release;
		};
		EEF85C5D18183D9200658409 /* Build configuration list for PBXProject "iOS-api" */ = {
			isa = XCConfigurationList;
			buildConfigurations = (
				EEF85C8318183D9200658409 /* Debug */,
				EEF85C8418183D9200658409 /* Release */,
			);
			defaultConfigurationIsVisible = 0;
			defaultConfigurationName = Release;
		};
		EEF85C8518183D9200658409 /* Build configuration list for PBXNativeTarget "iOS-api" */ = {
			isa = XCConfigurationList;
			buildConfigurations = (
				EEF85C8618183D9200658409 /* Debug */,
				EEF85C8718183D9200658409 /* Release */,
			);
			defaultConfigurationIsVisible = 0;
			defaultConfigurationName = Release;
		};
		EEF85C8818183D9200658409 /* Build configuration list for PBXNativeTarget "iOS-apiTests" */ = {
			isa = XCConfigurationList;
			buildConfigurations = (
				EEF85C8918183D9200658409 /* Debug */,
				EEF85C8A18183D9200658409 /* Release */,
			);
			defaultConfigurationIsVisible = 0;
			defaultConfigurationName = Release;
		};
/* End XCConfigurationList section */

/* Begin XCVersionGroup section */
		EED7E84C183E2BC500853E73 /* CoreDataModel.xcdatamodeld */ = {
			isa = XCVersionGroup;
			children = (
				EED7E84D183E2BC500853E73 /* CoreDataModel 1.xcdatamodel */,
			);
			currentVersion = EED7E84D183E2BC500853E73 /* CoreDataModel 1.xcdatamodel */;
			path = CoreDataModel.xcdatamodeld;
			sourceTree = "<group>";
			versionGroupType = wrapper.xcdatamodel;
		};
/* End XCVersionGroup section */
	};
	rootObject = EEF85C5A18183D9200658409 /* Project object */;
}
