// !$*UTF8*$!
{
	archiveVersion = 1;
	classes = {
	};
	objectVersion = 46;
	objects = {

/* Begin PBXBuildFile section */
		AD68B28217C4F32C007AA5A2 /* TXHTicketingHubAvailabilitySpec.m in Sources */ = {isa = PBXBuildFile; fileRef = AD68B28117C4F32C007AA5A2 /* TXHTicketingHubAvailabilitySpec.m */; };
		AD68B31E17C50B03007AA5A2 /* availabilityForVenue99.json in Resources */ = {isa = PBXBuildFile; fileRef = AD68B31D17C50B03007AA5A2 /* availabilityForVenue99.json */; };
		EE0C0DFB17AFFDBC00769FDC /* tokenFailure.json in Resources */ = {isa = PBXBuildFile; fileRef = EE0C0DF917AFFDA600769FDC /* tokenFailure.json */; };
		EE0C0DFC17AFFDBC00769FDC /* tokenSuccess.json in Resources */ = {isa = PBXBuildFile; fileRef = EE0C0DFA17AFFDA600769FDC /* tokenSuccess.json */; };
		EE11ADCB17BCFF72000042B2 /* TXHTicketingHubClientVariationsSpec.m in Sources */ = {isa = PBXBuildFile; fileRef = EE11ADCA17BCFF72000042B2 /* TXHTicketingHubClientVariationsSpec.m */; };
		EE23FFA217B24EBD005F5441 /* user.json in Resources */ = {isa = PBXBuildFile; fileRef = EE5BF6F417B1311600440923 /* user.json */; };
		EE3AF42817BCDB1400B000F0 /* TXHVariationSpec.m in Sources */ = {isa = PBXBuildFile; fileRef = EE3AF42717BCDB1400B000F0 /* TXHVariationSpec.m */; };
		EE4052DE17AFE5530067B7F6 /* SystemConfiguration.framework in Frameworks */ = {isa = PBXBuildFile; fileRef = EE6A93EF17AAB0E300ED3D5A /* SystemConfiguration.framework */; };
		EE4052DF17AFE55E0067B7F6 /* MobileCoreServices.framework in Frameworks */ = {isa = PBXBuildFile; fileRef = EE6A93ED17AAB0D900ED3D5A /* MobileCoreServices.framework */; };
		EE4052EC17AFE77D0067B7F6 /* OHHTTPStubs.m in Sources */ = {isa = PBXBuildFile; fileRef = EE8DA95417AFD19000A58C88 /* OHHTTPStubs.m */; };
		EE4052ED17AFE7810067B7F6 /* OHHTTPStubsResponse.m in Sources */ = {isa = PBXBuildFile; fileRef = EE8DA95617AFD19000A58C88 /* OHHTTPStubsResponse.m */; };
		EE4052F017AFEA3A0067B7F6 /* TXHTicketingHubClient.m in Sources */ = {isa = PBXBuildFile; fileRef = EE4052EF17AFEA3A0067B7F6 /* TXHTicketingHubClient.m */; };
		EE4052F117AFEFA90067B7F6 /* libTicketingHub-ios.a in Frameworks */ = {isa = PBXBuildFile; fileRef = EE4833EB17AAA12F00ECEC72 /* libTicketingHub-ios.a */; };
		EE4833EF17AAA12F00ECEC72 /* Foundation.framework in Frameworks */ = {isa = PBXBuildFile; fileRef = EE4833EE17AAA12F00ECEC72 /* Foundation.framework */; };
		EE52114617B3987A00C04EDC /* TXHVenueSpec.m in Sources */ = {isa = PBXBuildFile; fileRef = EE52114517B3987A00C04EDC /* TXHVenueSpec.m */; };
		EE5BF6E817B0FFD300440923 /* TXHUser.m in Sources */ = {isa = PBXBuildFile; fileRef = EE5BF6E717B0FFD300440923 /* TXHUser.m */; };
		EE5BF6EA17B1016300440923 /* TXHUserSpec.m in Sources */ = {isa = PBXBuildFile; fileRef = EE5BF6E917B1016300440923 /* TXHUserSpec.m */; };
		EE5BF6F317B11CA500440923 /* NSDictionary+JCSKeyMapping.m in Sources */ = {isa = PBXBuildFile; fileRef = EE5BF6F217B11CA500440923 /* NSDictionary+JCSKeyMapping.m */; };
		EE6A93E417AAAF8F00ED3D5A /* AFHTTPClient.m in Sources */ = {isa = PBXBuildFile; fileRef = EE6A93D017AAAF8F00ED3D5A /* AFHTTPClient.m */; };
		EE6A93E517AAAF8F00ED3D5A /* AFHTTPRequestOperation.m in Sources */ = {isa = PBXBuildFile; fileRef = EE6A93D217AAAF8F00ED3D5A /* AFHTTPRequestOperation.m */; };
		EE6A93E617AAAF8F00ED3D5A /* AFImageRequestOperation.m in Sources */ = {isa = PBXBuildFile; fileRef = EE6A93D417AAAF8F00ED3D5A /* AFImageRequestOperation.m */; };
		EE6A93E717AAAF8F00ED3D5A /* AFJSONRequestOperation.m in Sources */ = {isa = PBXBuildFile; fileRef = EE6A93D617AAAF8F00ED3D5A /* AFJSONRequestOperation.m */; };
		EE6A93E817AAAF8F00ED3D5A /* AFNetworkActivityIndicatorManager.m in Sources */ = {isa = PBXBuildFile; fileRef = EE6A93D817AAAF8F00ED3D5A /* AFNetworkActivityIndicatorManager.m */; };
		EE6A93E917AAAF8F00ED3D5A /* AFPropertyListRequestOperation.m in Sources */ = {isa = PBXBuildFile; fileRef = EE6A93DB17AAAF8F00ED3D5A /* AFPropertyListRequestOperation.m */; };
		EE6A93EA17AAAF8F00ED3D5A /* AFURLConnectionOperation.m in Sources */ = {isa = PBXBuildFile; fileRef = EE6A93DD17AAAF8F00ED3D5A /* AFURLConnectionOperation.m */; };
		EE6A93EB17AAAF8F00ED3D5A /* AFXMLRequestOperation.m in Sources */ = {isa = PBXBuildFile; fileRef = EE6A93DF17AAAF8F00ED3D5A /* AFXMLRequestOperation.m */; };
		EE6A93EC17AAAF8F00ED3D5A /* UIImageView+AFNetworking.m in Sources */ = {isa = PBXBuildFile; fileRef = EE6A93E317AAAF8F00ED3D5A /* UIImageView+AFNetworking.m */; };
		EE6A93EE17AAB0D900ED3D5A /* MobileCoreServices.framework in Frameworks */ = {isa = PBXBuildFile; fileRef = EE6A93ED17AAB0D900ED3D5A /* MobileCoreServices.framework */; };
		EE6A93F017AAB0E300ED3D5A /* SystemConfiguration.framework in Frameworks */ = {isa = PBXBuildFile; fileRef = EE6A93EF17AAB0E300ED3D5A /* SystemConfiguration.framework */; };
		EE6A93F217AAB0EF00ED3D5A /* Security.framework in Frameworks */ = {isa = PBXBuildFile; fileRef = EE6A93F117AAB0EF00ED3D5A /* Security.framework */; };
		EE6A93F417AAB0FC00ED3D5A /* CoreGraphics.framework in Frameworks */ = {isa = PBXBuildFile; fileRef = EE6A93F317AAB0FC00ED3D5A /* CoreGraphics.framework */; };
		EE6E60B417B93C8900329699 /* TXHSeason.m in Sources */ = {isa = PBXBuildFile; fileRef = EE6E60B317B93C8900329699 /* TXHSeason.m */; };
		EE6E60B717B93E9400329699 /* TXHOption.m in Sources */ = {isa = PBXBuildFile; fileRef = EE6E60B617B93E9400329699 /* TXHOption.m */; };
		EE6E60B917B941B400329699 /* TXHSeasonSpec.m in Sources */ = {isa = PBXBuildFile; fileRef = EE6E60B817B941B400329699 /* TXHSeasonSpec.m */; };
		EE8DA8FF17AFC42500A58C88 /* SenTestingKit.framework in Frameworks */ = {isa = PBXBuildFile; fileRef = EE1908A817AFB5FA00194C73 /* SenTestingKit.framework */; };
		EE8DA90017AFC42500A58C88 /* Foundation.framework in Frameworks */ = {isa = PBXBuildFile; fileRef = EE4833EE17AAA12F00ECEC72 /* Foundation.framework */; };
		EE8DA90117AFC42500A58C88 /* UIKit.framework in Frameworks */ = {isa = PBXBuildFile; fileRef = EED1538517ABCA4200059275 /* UIKit.framework */; };
		EE8DA90717AFC42500A58C88 /* InfoPlist.strings in Resources */ = {isa = PBXBuildFile; fileRef = EE8DA90517AFC42500A58C88 /* InfoPlist.strings */; };
		EE8DA94717AFC4F700A58C88 /* libExpecta-ios-universal.a in Frameworks */ = {isa = PBXBuildFile; fileRef = EE8DA92F17AFC4F000A58C88 /* libExpecta-ios-universal.a */; };
		EE8DA94817AFC50800A58C88 /* libSpecta-ios-universal.a in Frameworks */ = {isa = PBXBuildFile; fileRef = EE8DA93517AFC4F000A58C88 /* libSpecta-ios-universal.a */; };
		EE8DA95017AFCAED00A58C88 /* TXHTicketingHubClientSpec.m in Sources */ = {isa = PBXBuildFile; fileRef = EE8DA94F17AFCAED00A58C88 /* TXHTicketingHubClientSpec.m */; };
		EEA6862D17B3B0E10024B002 /* TXHTicketingHubClientVenueSpec.m in Sources */ = {isa = PBXBuildFile; fileRef = EEA6862C17B3B0E10024B002 /* TXHTicketingHubClientVenueSpec.m */; };
		EEA6862F17B3B89E0024B002 /* venuesSuccess.json in Resources */ = {isa = PBXBuildFile; fileRef = EEA6862E17B3B3A20024B002 /* venuesSuccess.json */; };
		EECD273B17BCEA4500B5F535 /* TXHTicketingHubClientSeasonsSpec.m in Sources */ = {isa = PBXBuildFile; fileRef = EECD273A17BCEA4500B5F535 /* TXHTicketingHubClientSeasonsSpec.m */; };
		EECD273C17BCF2B200B5F535 /* seasonsForVenue99.json in Resources */ = {isa = PBXBuildFile; fileRef = ADBDA15217BA7C92009ADD3E /* seasonsForVenue99.json */; };
		EECD273D17BCF2B200B5F535 /* variationsForVenue99.json in Resources */ = {isa = PBXBuildFile; fileRef = ADBDA15117BA7C58009ADD3E /* variationsForVenue99.json */; };
		EECD8E3A17B2B3A6006A9756 /* TXHVenue.m in Sources */ = {isa = PBXBuildFile; fileRef = EECD8E3917B2B3A6006A9756 /* TXHVenue.m */; };
		EECF40C817BBF00E00EFA409 /* TXHVariation.m in Sources */ = {isa = PBXBuildFile; fileRef = EECF40C717BBF00E00EFA409 /* TXHVariation.m */; };
		EECF963717B01E3B00E288A7 /* TXHTicketingHubClientTokenSpec.m in Sources */ = {isa = PBXBuildFile; fileRef = EECF963617B01E3B00E288A7 /* TXHTicketingHubClientTokenSpec.m */; };
		EECF963917B0204300E288A7 /* TXHTicketingHubClientUserSpec.m in Sources */ = {isa = PBXBuildFile; fileRef = EECF963817B0204300E288A7 /* TXHTicketingHubClientUserSpec.m */; };
		EED1537917ABAFD400059275 /* _TXHNetworkClient.m in Sources */ = {isa = PBXBuildFile; fileRef = EED1537817ABAFD400059275 /* _TXHNetworkClient.m */; };
		EED1538017ABC5A600059275 /* _TXHNetworkOAuthClient.m in Sources */ = {isa = PBXBuildFile; fileRef = EED1537F17ABC5A600059275 /* _TXHNetworkOAuthClient.m */; };
		EED1538617ABCA4200059275 /* UIKit.framework in Frameworks */ = {isa = PBXBuildFile; fileRef = EED1538517ABCA4200059275 /* UIKit.framework */; };
/* End PBXBuildFile section */

/* Begin PBXContainerItemProxy section */
		EE8DA90B17AFC42500A58C88 /* PBXContainerItemProxy */ = {
			isa = PBXContainerItemProxy;
			containerPortal = EE4833E317AAA12F00ECEC72 /* Project object */;
			proxyType = 1;
			remoteGlobalIDString = EE4833EA17AAA12F00ECEC72;
			remoteInfo = "TicketingHub-ios";
		};
/* End PBXContainerItemProxy section */

/* Begin PBXCopyFilesBuildPhase section */
		EE4833E917AAA12F00ECEC72 /* CopyFiles */ = {
			isa = PBXCopyFilesBuildPhase;
			buildActionMask = 12;
			dstPath = public;
			dstSubfolderSpec = 16;
			files = (
			);
			runOnlyForDeploymentPostprocessing = 0;
		};
/* End PBXCopyFilesBuildPhase section */

/* Begin PBXFileReference section */
		AD68B28117C4F32C007AA5A2 /* TXHTicketingHubAvailabilitySpec.m */ = {isa = PBXFileReference; fileEncoding = 4; lastKnownFileType = sourcecode.c.objc; path = TXHTicketingHubAvailabilitySpec.m; sourceTree = "<group>"; };
		AD68B31D17C50B03007AA5A2 /* availabilityForVenue99.json */ = {isa = PBXFileReference; fileEncoding = 4; lastKnownFileType = text.json; path = availabilityForVenue99.json; sourceTree = "<group>"; };
		ADBDA15117BA7C58009ADD3E /* variationsForVenue99.json */ = {isa = PBXFileReference; fileEncoding = 4; lastKnownFileType = text.json; path = variationsForVenue99.json; sourceTree = "<group>"; };
		ADBDA15217BA7C92009ADD3E /* seasonsForVenue99.json */ = {isa = PBXFileReference; lastKnownFileType = text.json; path = seasonsForVenue99.json; sourceTree = "<group>"; };
		EE0C0DF917AFFDA600769FDC /* tokenFailure.json */ = {isa = PBXFileReference; lastKnownFileType = text.json; path = tokenFailure.json; sourceTree = "<group>"; };
		EE0C0DFA17AFFDA600769FDC /* tokenSuccess.json */ = {isa = PBXFileReference; lastKnownFileType = text.json; path = tokenSuccess.json; sourceTree = "<group>"; };
		EE11ADCA17BCFF72000042B2 /* TXHTicketingHubClientVariationsSpec.m */ = {isa = PBXFileReference; fileEncoding = 4; lastKnownFileType = sourcecode.c.objc; path = TXHTicketingHubClientVariationsSpec.m; sourceTree = "<group>"; };
		EE1908A817AFB5FA00194C73 /* SenTestingKit.framework */ = {isa = PBXFileReference; lastKnownFileType = wrapper.framework; name = SenTestingKit.framework; path = Library/Frameworks/SenTestingKit.framework; sourceTree = DEVELOPER_DIR; };
		EE3AF42717BCDB1400B000F0 /* TXHVariationSpec.m */ = {isa = PBXFileReference; fileEncoding = 4; lastKnownFileType = sourcecode.c.objc; path = TXHVariationSpec.m; sourceTree = "<group>"; };
		EE4052EF17AFEA3A0067B7F6 /* TXHTicketingHubClient.m */ = {isa = PBXFileReference; fileEncoding = 4; lastKnownFileType = sourcecode.c.objc; lineEnding = 0; path = TXHTicketingHubClient.m; sourceTree = "<group>"; xcLanguageSpecificationIdentifier = xcode.lang.objc; };
		EE4833EB17AAA12F00ECEC72 /* libTicketingHub-ios.a */ = {isa = PBXFileReference; explicitFileType = archive.ar; includeInIndex = 0; path = "libTicketingHub-ios.a"; sourceTree = BUILT_PRODUCTS_DIR; };
		EE4833EE17AAA12F00ECEC72 /* Foundation.framework */ = {isa = PBXFileReference; lastKnownFileType = wrapper.framework; name = Foundation.framework; path = System/Library/Frameworks/Foundation.framework; sourceTree = SDKROOT; };
		EE4833F217AAA12F00ECEC72 /* Prefix.pch */ = {isa = PBXFileReference; lastKnownFileType = sourcecode.c.h; path = Prefix.pch; sourceTree = "<group>"; };
		EE52114517B3987A00C04EDC /* TXHVenueSpec.m */ = {isa = PBXFileReference; fileEncoding = 4; lastKnownFileType = sourcecode.c.objc; path = TXHVenueSpec.m; sourceTree = "<group>"; };
		EE5BF6E617B0FFD300440923 /* TXHUser.h */ = {isa = PBXFileReference; fileEncoding = 4; lastKnownFileType = sourcecode.c.h; path = TXHUser.h; sourceTree = "<group>"; };
		EE5BF6E717B0FFD300440923 /* TXHUser.m */ = {isa = PBXFileReference; fileEncoding = 4; lastKnownFileType = sourcecode.c.objc; path = TXHUser.m; sourceTree = "<group>"; };
		EE5BF6E917B1016300440923 /* TXHUserSpec.m */ = {isa = PBXFileReference; fileEncoding = 4; lastKnownFileType = sourcecode.c.objc; path = TXHUserSpec.m; sourceTree = "<group>"; };
		EE5BF6F117B11CA500440923 /* NSDictionary+JCSKeyMapping.h */ = {isa = PBXFileReference; fileEncoding = 4; lastKnownFileType = sourcecode.c.h; path = "NSDictionary+JCSKeyMapping.h"; sourceTree = "<group>"; };
		EE5BF6F217B11CA500440923 /* NSDictionary+JCSKeyMapping.m */ = {isa = PBXFileReference; fileEncoding = 4; lastKnownFileType = sourcecode.c.objc; path = "NSDictionary+JCSKeyMapping.m"; sourceTree = "<group>"; };
		EE5BF6F417B1311600440923 /* user.json */ = {isa = PBXFileReference; lastKnownFileType = text.json; path = user.json; sourceTree = "<group>"; };
		EE6A93CF17AAAF8F00ED3D5A /* AFHTTPClient.h */ = {isa = PBXFileReference; fileEncoding = 4; lastKnownFileType = sourcecode.c.h; lineEnding = 0; path = AFHTTPClient.h; sourceTree = "<group>"; xcLanguageSpecificationIdentifier = xcode.lang.objcpp; };
		EE6A93D017AAAF8F00ED3D5A /* AFHTTPClient.m */ = {isa = PBXFileReference; fileEncoding = 4; lastKnownFileType = sourcecode.c.objc; lineEnding = 0; path = AFHTTPClient.m; sourceTree = "<group>"; xcLanguageSpecificationIdentifier = xcode.lang.objc; };
		EE6A93D117AAAF8F00ED3D5A /* AFHTTPRequestOperation.h */ = {isa = PBXFileReference; fileEncoding = 4; lastKnownFileType = sourcecode.c.h; path = AFHTTPRequestOperation.h; sourceTree = "<group>"; };
		EE6A93D217AAAF8F00ED3D5A /* AFHTTPRequestOperation.m */ = {isa = PBXFileReference; fileEncoding = 4; lastKnownFileType = sourcecode.c.objc; path = AFHTTPRequestOperation.m; sourceTree = "<group>"; };
		EE6A93D317AAAF8F00ED3D5A /* AFImageRequestOperation.h */ = {isa = PBXFileReference; fileEncoding = 4; lastKnownFileType = sourcecode.c.h; path = AFImageRequestOperation.h; sourceTree = "<group>"; };
		EE6A93D417AAAF8F00ED3D5A /* AFImageRequestOperation.m */ = {isa = PBXFileReference; fileEncoding = 4; lastKnownFileType = sourcecode.c.objc; path = AFImageRequestOperation.m; sourceTree = "<group>"; };
		EE6A93D517AAAF8F00ED3D5A /* AFJSONRequestOperation.h */ = {isa = PBXFileReference; fileEncoding = 4; lastKnownFileType = sourcecode.c.h; path = AFJSONRequestOperation.h; sourceTree = "<group>"; };
		EE6A93D617AAAF8F00ED3D5A /* AFJSONRequestOperation.m */ = {isa = PBXFileReference; fileEncoding = 4; lastKnownFileType = sourcecode.c.objc; lineEnding = 0; path = AFJSONRequestOperation.m; sourceTree = "<group>"; xcLanguageSpecificationIdentifier = xcode.lang.objc; };
		EE6A93D717AAAF8F00ED3D5A /* AFNetworkActivityIndicatorManager.h */ = {isa = PBXFileReference; fileEncoding = 4; lastKnownFileType = sourcecode.c.h; path = AFNetworkActivityIndicatorManager.h; sourceTree = "<group>"; };
		EE6A93D817AAAF8F00ED3D5A /* AFNetworkActivityIndicatorManager.m */ = {isa = PBXFileReference; fileEncoding = 4; lastKnownFileType = sourcecode.c.objc; path = AFNetworkActivityIndicatorManager.m; sourceTree = "<group>"; };
		EE6A93D917AAAF8F00ED3D5A /* AFNetworking.h */ = {isa = PBXFileReference; fileEncoding = 4; lastKnownFileType = sourcecode.c.h; path = AFNetworking.h; sourceTree = "<group>"; };
		EE6A93DA17AAAF8F00ED3D5A /* AFPropertyListRequestOperation.h */ = {isa = PBXFileReference; fileEncoding = 4; lastKnownFileType = sourcecode.c.h; path = AFPropertyListRequestOperation.h; sourceTree = "<group>"; };
		EE6A93DB17AAAF8F00ED3D5A /* AFPropertyListRequestOperation.m */ = {isa = PBXFileReference; fileEncoding = 4; lastKnownFileType = sourcecode.c.objc; lineEnding = 0; path = AFPropertyListRequestOperation.m; sourceTree = "<group>"; xcLanguageSpecificationIdentifier = xcode.lang.objc; };
		EE6A93DC17AAAF8F00ED3D5A /* AFURLConnectionOperation.h */ = {isa = PBXFileReference; fileEncoding = 4; lastKnownFileType = sourcecode.c.h; path = AFURLConnectionOperation.h; sourceTree = "<group>"; };
		EE6A93DD17AAAF8F00ED3D5A /* AFURLConnectionOperation.m */ = {isa = PBXFileReference; fileEncoding = 4; lastKnownFileType = sourcecode.c.objc; lineEnding = 0; path = AFURLConnectionOperation.m; sourceTree = "<group>"; xcLanguageSpecificationIdentifier = xcode.lang.objc; };
		EE6A93DE17AAAF8F00ED3D5A /* AFXMLRequestOperation.h */ = {isa = PBXFileReference; fileEncoding = 4; lastKnownFileType = sourcecode.c.h; path = AFXMLRequestOperation.h; sourceTree = "<group>"; };
		EE6A93DF17AAAF8F00ED3D5A /* AFXMLRequestOperation.m */ = {isa = PBXFileReference; fileEncoding = 4; lastKnownFileType = sourcecode.c.objc; lineEnding = 0; path = AFXMLRequestOperation.m; sourceTree = "<group>"; xcLanguageSpecificationIdentifier = xcode.lang.objc; };
		EE6A93E217AAAF8F00ED3D5A /* UIImageView+AFNetworking.h */ = {isa = PBXFileReference; fileEncoding = 4; lastKnownFileType = sourcecode.c.h; path = "UIImageView+AFNetworking.h"; sourceTree = "<group>"; };
		EE6A93E317AAAF8F00ED3D5A /* UIImageView+AFNetworking.m */ = {isa = PBXFileReference; fileEncoding = 4; lastKnownFileType = sourcecode.c.objc; path = "UIImageView+AFNetworking.m"; sourceTree = "<group>"; };
		EE6A93ED17AAB0D900ED3D5A /* MobileCoreServices.framework */ = {isa = PBXFileReference; lastKnownFileType = wrapper.framework; name = MobileCoreServices.framework; path = System/Library/Frameworks/MobileCoreServices.framework; sourceTree = SDKROOT; };
		EE6A93EF17AAB0E300ED3D5A /* SystemConfiguration.framework */ = {isa = PBXFileReference; lastKnownFileType = wrapper.framework; name = SystemConfiguration.framework; path = System/Library/Frameworks/SystemConfiguration.framework; sourceTree = SDKROOT; };
		EE6A93F117AAB0EF00ED3D5A /* Security.framework */ = {isa = PBXFileReference; lastKnownFileType = wrapper.framework; name = Security.framework; path = System/Library/Frameworks/Security.framework; sourceTree = SDKROOT; };
		EE6A93F317AAB0FC00ED3D5A /* CoreGraphics.framework */ = {isa = PBXFileReference; lastKnownFileType = wrapper.framework; name = CoreGraphics.framework; path = System/Library/Frameworks/CoreGraphics.framework; sourceTree = SDKROOT; };
		EE6A93F517AAC4C800ED3D5A /* TXHTicketingHubClient.h */ = {isa = PBXFileReference; fileEncoding = 4; lastKnownFileType = sourcecode.c.h; lineEnding = 0; path = TXHTicketingHubClient.h; sourceTree = "<group>"; xcLanguageSpecificationIdentifier = xcode.lang.objcpp; };
		EE6E60B217B93C8900329699 /* TXHSeason.h */ = {isa = PBXFileReference; fileEncoding = 4; lastKnownFileType = sourcecode.c.h; lineEnding = 0; path = TXHSeason.h; sourceTree = "<group>"; xcLanguageSpecificationIdentifier = xcode.lang.objcpp; };
		EE6E60B317B93C8900329699 /* TXHSeason.m */ = {isa = PBXFileReference; fileEncoding = 4; lastKnownFileType = sourcecode.c.objc; lineEnding = 0; path = TXHSeason.m; sourceTree = "<group>"; xcLanguageSpecificationIdentifier = xcode.lang.objc; };
		EE6E60B517B93E9400329699 /* TXHOption.h */ = {isa = PBXFileReference; fileEncoding = 4; lastKnownFileType = sourcecode.c.h; lineEnding = 0; path = TXHOption.h; sourceTree = "<group>"; };
		EE6E60B617B93E9400329699 /* TXHOption.m */ = {isa = PBXFileReference; fileEncoding = 4; lastKnownFileType = sourcecode.c.objc; lineEnding = 0; path = TXHOption.m; sourceTree = "<group>"; xcLanguageSpecificationIdentifier = xcode.lang.objc; };
		EE6E60B817B941B400329699 /* TXHSeasonSpec.m */ = {isa = PBXFileReference; fileEncoding = 4; lastKnownFileType = sourcecode.c.objc; lineEnding = 0; path = TXHSeasonSpec.m; sourceTree = "<group>"; };
		EE8DA8FE17AFC42500A58C88 /* TicketingHub-iosTests.octest */ = {isa = PBXFileReference; explicitFileType = wrapper.cfbundle; includeInIndex = 0; path = "TicketingHub-iosTests.octest"; sourceTree = BUILT_PRODUCTS_DIR; };
		EE8DA90417AFC42500A58C88 /* TicketingHub-iosTests-Info.plist */ = {isa = PBXFileReference; lastKnownFileType = text.plist.xml; path = "TicketingHub-iosTests-Info.plist"; sourceTree = "<group>"; };
		EE8DA90617AFC42500A58C88 /* en */ = {isa = PBXFileReference; lastKnownFileType = text.plist.strings; name = en; path = en.lproj/InfoPlist.strings; sourceTree = "<group>"; };
		EE8DA90A17AFC42500A58C88 /* Tests-Prefix.pch */ = {isa = PBXFileReference; lastKnownFileType = sourcecode.c.h; path = "Tests-Prefix.pch"; sourceTree = "<group>"; };
		EE8DA91117AFC4F000A58C88 /* EXPBackwardCompatibility.h */ = {isa = PBXFileReference; lastKnownFileType = sourcecode.c.h; path = EXPBackwardCompatibility.h; sourceTree = "<group>"; };
		EE8DA91217AFC4F000A58C88 /* EXPBlockDefinedMatcher.h */ = {isa = PBXFileReference; lastKnownFileType = sourcecode.c.h; path = EXPBlockDefinedMatcher.h; sourceTree = "<group>"; };
		EE8DA91317AFC4F000A58C88 /* EXPDefines.h */ = {isa = PBXFileReference; lastKnownFileType = sourcecode.c.h; path = EXPDefines.h; sourceTree = "<group>"; };
		EE8DA91417AFC4F000A58C88 /* EXPDoubleTuple.h */ = {isa = PBXFileReference; lastKnownFileType = sourcecode.c.h; path = EXPDoubleTuple.h; sourceTree = "<group>"; };
		EE8DA91517AFC4F000A58C88 /* Expecta.h */ = {isa = PBXFileReference; lastKnownFileType = sourcecode.c.h; path = Expecta.h; sourceTree = "<group>"; };
		EE8DA91617AFC4F000A58C88 /* ExpectaSupport.h */ = {isa = PBXFileReference; lastKnownFileType = sourcecode.c.h; path = ExpectaSupport.h; sourceTree = "<group>"; };
		EE8DA91717AFC4F000A58C88 /* EXPExpect.h */ = {isa = PBXFileReference; lastKnownFileType = sourcecode.c.h; path = EXPExpect.h; sourceTree = "<group>"; };
		EE8DA91817AFC4F000A58C88 /* EXPFloatTuple.h */ = {isa = PBXFileReference; lastKnownFileType = sourcecode.c.h; path = EXPFloatTuple.h; sourceTree = "<group>"; };
		EE8DA91917AFC4F000A58C88 /* EXPMatcher.h */ = {isa = PBXFileReference; lastKnownFileType = sourcecode.c.h; path = EXPMatcher.h; sourceTree = "<group>"; };
		EE8DA91A17AFC4F000A58C88 /* EXPMatcherHelpers.h */ = {isa = PBXFileReference; lastKnownFileType = sourcecode.c.h; path = EXPMatcherHelpers.h; sourceTree = "<group>"; };
		EE8DA91B17AFC4F000A58C88 /* EXPMatchers+beCloseTo.h */ = {isa = PBXFileReference; lastKnownFileType = sourcecode.c.h; path = "EXPMatchers+beCloseTo.h"; sourceTree = "<group>"; };
		EE8DA91C17AFC4F000A58C88 /* EXPMatchers+beFalsy.h */ = {isa = PBXFileReference; lastKnownFileType = sourcecode.c.h; path = "EXPMatchers+beFalsy.h"; sourceTree = "<group>"; };
		EE8DA91D17AFC4F000A58C88 /* EXPMatchers+beGreaterThan.h */ = {isa = PBXFileReference; lastKnownFileType = sourcecode.c.h; path = "EXPMatchers+beGreaterThan.h"; sourceTree = "<group>"; };
		EE8DA91E17AFC4F000A58C88 /* EXPMatchers+beGreaterThanOrEqualTo.h */ = {isa = PBXFileReference; lastKnownFileType = sourcecode.c.h; path = "EXPMatchers+beGreaterThanOrEqualTo.h"; sourceTree = "<group>"; };
		EE8DA91F17AFC4F000A58C88 /* EXPMatchers+beIdenticalTo.h */ = {isa = PBXFileReference; lastKnownFileType = sourcecode.c.h; path = "EXPMatchers+beIdenticalTo.h"; sourceTree = "<group>"; };
		EE8DA92017AFC4F000A58C88 /* EXPMatchers+beInstanceOf.h */ = {isa = PBXFileReference; lastKnownFileType = sourcecode.c.h; path = "EXPMatchers+beInstanceOf.h"; sourceTree = "<group>"; };
		EE8DA92117AFC4F000A58C88 /* EXPMatchers+beInTheRangeOf.h */ = {isa = PBXFileReference; lastKnownFileType = sourcecode.c.h; path = "EXPMatchers+beInTheRangeOf.h"; sourceTree = "<group>"; };
		EE8DA92217AFC4F000A58C88 /* EXPMatchers+beKindOf.h */ = {isa = PBXFileReference; lastKnownFileType = sourcecode.c.h; path = "EXPMatchers+beKindOf.h"; sourceTree = "<group>"; };
		EE8DA92317AFC4F000A58C88 /* EXPMatchers+beLessThan.h */ = {isa = PBXFileReference; lastKnownFileType = sourcecode.c.h; path = "EXPMatchers+beLessThan.h"; sourceTree = "<group>"; };
		EE8DA92417AFC4F000A58C88 /* EXPMatchers+beLessThanOrEqualTo.h */ = {isa = PBXFileReference; lastKnownFileType = sourcecode.c.h; path = "EXPMatchers+beLessThanOrEqualTo.h"; sourceTree = "<group>"; };
		EE8DA92517AFC4F000A58C88 /* EXPMatchers+beNil.h */ = {isa = PBXFileReference; lastKnownFileType = sourcecode.c.h; path = "EXPMatchers+beNil.h"; sourceTree = "<group>"; };
		EE8DA92617AFC4F000A58C88 /* EXPMatchers+beSubclassOf.h */ = {isa = PBXFileReference; lastKnownFileType = sourcecode.c.h; path = "EXPMatchers+beSubclassOf.h"; sourceTree = "<group>"; };
		EE8DA92717AFC4F000A58C88 /* EXPMatchers+beTruthy.h */ = {isa = PBXFileReference; lastKnownFileType = sourcecode.c.h; path = "EXPMatchers+beTruthy.h"; sourceTree = "<group>"; };
		EE8DA92817AFC4F000A58C88 /* EXPMatchers+contain.h */ = {isa = PBXFileReference; lastKnownFileType = sourcecode.c.h; path = "EXPMatchers+contain.h"; sourceTree = "<group>"; };
		EE8DA92917AFC4F000A58C88 /* EXPMatchers+equal.h */ = {isa = PBXFileReference; lastKnownFileType = sourcecode.c.h; path = "EXPMatchers+equal.h"; sourceTree = "<group>"; };
		EE8DA92A17AFC4F000A58C88 /* EXPMatchers+haveCountOf.h */ = {isa = PBXFileReference; lastKnownFileType = sourcecode.c.h; path = "EXPMatchers+haveCountOf.h"; sourceTree = "<group>"; };
		EE8DA92B17AFC4F000A58C88 /* EXPMatchers+raise.h */ = {isa = PBXFileReference; lastKnownFileType = sourcecode.c.h; path = "EXPMatchers+raise.h"; sourceTree = "<group>"; };
		EE8DA92C17AFC4F000A58C88 /* EXPMatchers+raiseWithReason.h */ = {isa = PBXFileReference; lastKnownFileType = sourcecode.c.h; path = "EXPMatchers+raiseWithReason.h"; sourceTree = "<group>"; };
		EE8DA92D17AFC4F000A58C88 /* EXPMatchers.h */ = {isa = PBXFileReference; lastKnownFileType = sourcecode.c.h; path = EXPMatchers.h; sourceTree = "<group>"; };
		EE8DA92E17AFC4F000A58C88 /* EXPUnsupportedObject.h */ = {isa = PBXFileReference; lastKnownFileType = sourcecode.c.h; path = EXPUnsupportedObject.h; sourceTree = "<group>"; };
		EE8DA92F17AFC4F000A58C88 /* libExpecta-ios-universal.a */ = {isa = PBXFileReference; lastKnownFileType = archive.ar; path = "libExpecta-ios-universal.a"; sourceTree = "<group>"; };
		EE8DA93117AFC4F000A58C88 /* NSObject+Expecta.h */ = {isa = PBXFileReference; lastKnownFileType = sourcecode.c.h; path = "NSObject+Expecta.h"; sourceTree = "<group>"; };
		EE8DA93217AFC4F000A58C88 /* NSValue+Expecta.h */ = {isa = PBXFileReference; lastKnownFileType = sourcecode.c.h; path = "NSValue+Expecta.h"; sourceTree = "<group>"; };
		EE8DA93517AFC4F000A58C88 /* libSpecta-ios-universal.a */ = {isa = PBXFileReference; lastKnownFileType = archive.ar; path = "libSpecta-ios-universal.a"; sourceTree = "<group>"; };
		EE8DA93817AFC4F000A58C88 /* SenTestCase+Specta.h */ = {isa = PBXFileReference; lastKnownFileType = sourcecode.c.h; path = "SenTestCase+Specta.h"; sourceTree = "<group>"; };
		EE8DA93917AFC4F000A58C88 /* SenTestLog+Specta.h */ = {isa = PBXFileReference; lastKnownFileType = sourcecode.c.h; path = "SenTestLog+Specta.h"; sourceTree = "<group>"; };
		EE8DA93A17AFC4F000A58C88 /* SenTestRun+Specta.h */ = {isa = PBXFileReference; lastKnownFileType = sourcecode.c.h; path = "SenTestRun+Specta.h"; sourceTree = "<group>"; };
		EE8DA93B17AFC4F000A58C88 /* Specta.h */ = {isa = PBXFileReference; lastKnownFileType = sourcecode.c.h; path = Specta.h; sourceTree = "<group>"; };
		EE8DA93C17AFC4F000A58C88 /* SpectaSupport.h */ = {isa = PBXFileReference; lastKnownFileType = sourcecode.c.h; path = SpectaSupport.h; sourceTree = "<group>"; };
		EE8DA93D17AFC4F000A58C88 /* SpectaTypes.h */ = {isa = PBXFileReference; lastKnownFileType = sourcecode.c.h; path = SpectaTypes.h; sourceTree = "<group>"; };
		EE8DA93E17AFC4F000A58C88 /* SpectaUtility.h */ = {isa = PBXFileReference; lastKnownFileType = sourcecode.c.h; path = SpectaUtility.h; sourceTree = "<group>"; };
		EE8DA93F17AFC4F000A58C88 /* SPTDefaultReporter.h */ = {isa = PBXFileReference; lastKnownFileType = sourcecode.c.h; path = SPTDefaultReporter.h; sourceTree = "<group>"; };
		EE8DA94017AFC4F000A58C88 /* SPTExample.h */ = {isa = PBXFileReference; lastKnownFileType = sourcecode.c.h; path = SPTExample.h; sourceTree = "<group>"; };
		EE8DA94117AFC4F000A58C88 /* SPTExampleGroup.h */ = {isa = PBXFileReference; lastKnownFileType = sourcecode.c.h; path = SPTExampleGroup.h; sourceTree = "<group>"; };
		EE8DA94217AFC4F000A58C88 /* SPTReporter.h */ = {isa = PBXFileReference; lastKnownFileType = sourcecode.c.h; path = SPTReporter.h; sourceTree = "<group>"; };
		EE8DA94317AFC4F000A58C88 /* SPTSenTestCase.h */ = {isa = PBXFileReference; lastKnownFileType = sourcecode.c.h; path = SPTSenTestCase.h; sourceTree = "<group>"; };
		EE8DA94417AFC4F000A58C88 /* SPTSenTestInvocation.h */ = {isa = PBXFileReference; lastKnownFileType = sourcecode.c.h; path = SPTSenTestInvocation.h; sourceTree = "<group>"; };
		EE8DA94517AFC4F000A58C88 /* SPTSharedExampleGroups.h */ = {isa = PBXFileReference; lastKnownFileType = sourcecode.c.h; path = SPTSharedExampleGroups.h; sourceTree = "<group>"; };
		EE8DA94617AFC4F000A58C88 /* SPTSpec.h */ = {isa = PBXFileReference; lastKnownFileType = sourcecode.c.h; path = SPTSpec.h; sourceTree = "<group>"; };
		EE8DA94F17AFCAED00A58C88 /* TXHTicketingHubClientSpec.m */ = {isa = PBXFileReference; fileEncoding = 4; lastKnownFileType = sourcecode.c.objc; path = TXHTicketingHubClientSpec.m; sourceTree = "<group>"; };
		EE8DA95317AFD19000A58C88 /* OHHTTPStubs.h */ = {isa = PBXFileReference; fileEncoding = 4; lastKnownFileType = sourcecode.c.h; path = OHHTTPStubs.h; sourceTree = "<group>"; };
		EE8DA95417AFD19000A58C88 /* OHHTTPStubs.m */ = {isa = PBXFileReference; fileEncoding = 4; lastKnownFileType = sourcecode.c.objc; path = OHHTTPStubs.m; sourceTree = "<group>"; };
		EE8DA95517AFD19000A58C88 /* OHHTTPStubsResponse.h */ = {isa = PBXFileReference; fileEncoding = 4; lastKnownFileType = sourcecode.c.h; lineEnding = 0; path = OHHTTPStubsResponse.h; sourceTree = "<group>"; };
		EE8DA95617AFD19000A58C88 /* OHHTTPStubsResponse.m */ = {isa = PBXFileReference; fileEncoding = 4; lastKnownFileType = sourcecode.c.objc; lineEnding = 0; path = OHHTTPStubsResponse.m; sourceTree = "<group>"; };
		EEA6862C17B3B0E10024B002 /* TXHTicketingHubClientVenueSpec.m */ = {isa = PBXFileReference; fileEncoding = 4; lastKnownFileType = sourcecode.c.objc; path = TXHTicketingHubClientVenueSpec.m; sourceTree = "<group>"; };
		EEA6862E17B3B3A20024B002 /* venuesSuccess.json */ = {isa = PBXFileReference; lastKnownFileType = text.json; path = venuesSuccess.json; sourceTree = "<group>"; };
		EECD273A17BCEA4500B5F535 /* TXHTicketingHubClientSeasonsSpec.m */ = {isa = PBXFileReference; fileEncoding = 4; lastKnownFileType = sourcecode.c.objc; path = TXHTicketingHubClientSeasonsSpec.m; sourceTree = "<group>"; };
		EECD8E3817B2B3A6006A9756 /* TXHVenue.h */ = {isa = PBXFileReference; fileEncoding = 4; lastKnownFileType = sourcecode.c.h; path = TXHVenue.h; sourceTree = "<group>"; };
		EECD8E3917B2B3A6006A9756 /* TXHVenue.m */ = {isa = PBXFileReference; fileEncoding = 4; lastKnownFileType = sourcecode.c.objc; path = TXHVenue.m; sourceTree = "<group>"; };
		EECF40C617BBF00E00EFA409 /* TXHVariation.h */ = {isa = PBXFileReference; fileEncoding = 4; lastKnownFileType = sourcecode.c.h; path = TXHVariation.h; sourceTree = "<group>"; };
		EECF40C717BBF00E00EFA409 /* TXHVariation.m */ = {isa = PBXFileReference; fileEncoding = 4; lastKnownFileType = sourcecode.c.objc; path = TXHVariation.m; sourceTree = "<group>"; };
		EECF963617B01E3B00E288A7 /* TXHTicketingHubClientTokenSpec.m */ = {isa = PBXFileReference; fileEncoding = 4; lastKnownFileType = sourcecode.c.objc; lineEnding = 0; path = TXHTicketingHubClientTokenSpec.m; sourceTree = "<group>"; };
		EECF963817B0204300E288A7 /* TXHTicketingHubClientUserSpec.m */ = {isa = PBXFileReference; fileEncoding = 4; lastKnownFileType = sourcecode.c.objc; lineEnding = 0; path = TXHTicketingHubClientUserSpec.m; sourceTree = "<group>"; };
		EED1537717ABAFD400059275 /* _TXHNetworkClient.h */ = {isa = PBXFileReference; fileEncoding = 4; lastKnownFileType = sourcecode.c.h; path = _TXHNetworkClient.h; sourceTree = "<group>"; };
		EED1537817ABAFD400059275 /* _TXHNetworkClient.m */ = {isa = PBXFileReference; fileEncoding = 4; lastKnownFileType = sourcecode.c.objc; path = _TXHNetworkClient.m; sourceTree = "<group>"; };
		EED1537E17ABC5A600059275 /* _TXHNetworkOAuthClient.h */ = {isa = PBXFileReference; fileEncoding = 4; lastKnownFileType = sourcecode.c.h; path = _TXHNetworkOAuthClient.h; sourceTree = "<group>"; };
		EED1537F17ABC5A600059275 /* _TXHNetworkOAuthClient.m */ = {isa = PBXFileReference; fileEncoding = 4; lastKnownFileType = sourcecode.c.objc; path = _TXHNetworkOAuthClient.m; sourceTree = "<group>"; };
		EED1538517ABCA4200059275 /* UIKit.framework */ = {isa = PBXFileReference; lastKnownFileType = wrapper.framework; name = UIKit.framework; path = System/Library/Frameworks/UIKit.framework; sourceTree = SDKROOT; };
/* End PBXFileReference section */

/* Begin PBXFrameworksBuildPhase section */
		EE4833E817AAA12F00ECEC72 /* Frameworks */ = {
			isa = PBXFrameworksBuildPhase;
			buildActionMask = 2147483647;
			files = (
				EED1538617ABCA4200059275 /* UIKit.framework in Frameworks */,
				EE6A93F417AAB0FC00ED3D5A /* CoreGraphics.framework in Frameworks */,
				EE6A93F217AAB0EF00ED3D5A /* Security.framework in Frameworks */,
				EE6A93F017AAB0E300ED3D5A /* SystemConfiguration.framework in Frameworks */,
				EE6A93EE17AAB0D900ED3D5A /* MobileCoreServices.framework in Frameworks */,
				EE4833EF17AAA12F00ECEC72 /* Foundation.framework in Frameworks */,
			);
			runOnlyForDeploymentPostprocessing = 0;
		};
		EE8DA8FB17AFC42500A58C88 /* Frameworks */ = {
			isa = PBXFrameworksBuildPhase;
			buildActionMask = 2147483647;
			files = (
				EE4052F117AFEFA90067B7F6 /* libTicketingHub-ios.a in Frameworks */,
				EE4052DF17AFE55E0067B7F6 /* MobileCoreServices.framework in Frameworks */,
				EE4052DE17AFE5530067B7F6 /* SystemConfiguration.framework in Frameworks */,
				EE8DA8FF17AFC42500A58C88 /* SenTestingKit.framework in Frameworks */,
				EE8DA90117AFC42500A58C88 /* UIKit.framework in Frameworks */,
				EE8DA90017AFC42500A58C88 /* Foundation.framework in Frameworks */,
				EE8DA94717AFC4F700A58C88 /* libExpecta-ios-universal.a in Frameworks */,
				EE8DA94817AFC50800A58C88 /* libSpecta-ios-universal.a in Frameworks */,
			);
			runOnlyForDeploymentPostprocessing = 0;
		};
/* End PBXFrameworksBuildPhase section */

/* Begin PBXGroup section */
		EE0C0DF817AFFD2F00769FDC /* JSON Response Stubs */ = {
			isa = PBXGroup;
			children = (
				AD68B31D17C50B03007AA5A2 /* availabilityForVenue99.json */,
				ADBDA15217BA7C92009ADD3E /* seasonsForVenue99.json */,
				EE0C0DF917AFFDA600769FDC /* tokenFailure.json */,
				EE0C0DFA17AFFDA600769FDC /* tokenSuccess.json */,
				EE5BF6F417B1311600440923 /* user.json */,
				ADBDA15117BA7C58009ADD3E /* variationsForVenue99.json */,
				EEA6862E17B3B3A20024B002 /* venuesSuccess.json */,
			);
			name = "JSON Response Stubs";
			sourceTree = "<group>";
		};
		EE4833E217AAA12F00ECEC72 = {
			isa = PBXGroup;
			children = (
				EE4833F017AAA12F00ECEC72 /* TicketingHub-ios */,
				EE8DA90217AFC42500A58C88 /* TicketingHub-iosTests */,
				EE4833ED17AAA12F00ECEC72 /* Frameworks */,
				EE4833EC17AAA12F00ECEC72 /* Products */,
			);
			sourceTree = "<group>";
		};
		EE4833EC17AAA12F00ECEC72 /* Products */ = {
			isa = PBXGroup;
			children = (
				EE4833EB17AAA12F00ECEC72 /* libTicketingHub-ios.a */,
				EE8DA8FE17AFC42500A58C88 /* TicketingHub-iosTests.octest */,
			);
			name = Products;
			sourceTree = "<group>";
		};
		EE4833ED17AAA12F00ECEC72 /* Frameworks */ = {
			isa = PBXGroup;
			children = (
				EE6A93F317AAB0FC00ED3D5A /* CoreGraphics.framework */,
				EE4833EE17AAA12F00ECEC72 /* Foundation.framework */,
				EE6A93ED17AAB0D900ED3D5A /* MobileCoreServices.framework */,
				EE6A93F117AAB0EF00ED3D5A /* Security.framework */,
				EE1908A817AFB5FA00194C73 /* SenTestingKit.framework */,
				EE6A93EF17AAB0E300ED3D5A /* SystemConfiguration.framework */,
				EED1538517ABCA4200059275 /* UIKit.framework */,
			);
			name = Frameworks;
			sourceTree = "<group>";
		};
		EE4833F017AAA12F00ECEC72 /* TicketingHub-ios */ = {
			isa = PBXGroup;
			children = (
				EE6E60B217B93C8900329699 /* TXHSeason.h */,
				EE6E60B317B93C8900329699 /* TXHSeason.m */,
				EE6E60B517B93E9400329699 /* TXHOption.h */,
				EE6E60B617B93E9400329699 /* TXHOption.m */,
				EE6A93F517AAC4C800ED3D5A /* TXHTicketingHubClient.h */,
				EE4052EF17AFEA3A0067B7F6 /* TXHTicketingHubClient.m */,
				EE5BF6E617B0FFD300440923 /* TXHUser.h */,
				EE5BF6E717B0FFD300440923 /* TXHUser.m */,
				EECF40C617BBF00E00EFA409 /* TXHVariation.h */,
				EECF40C717BBF00E00EFA409 /* TXHVariation.m */,
				EECD8E3817B2B3A6006A9756 /* TXHVenue.h */,
				EECD8E3917B2B3A6006A9756 /* TXHVenue.m */,
				EE6A93CC17AAAF5300ED3D5A /* Externals */,
				EED1537A17ABB36D00059275 /* Private Classes */,
				EE4833F117AAA12F00ECEC72 /* Supporting Files */,
			);
			path = "TicketingHub-ios";
			sourceTree = "<group>";
		};
		EE4833F117AAA12F00ECEC72 /* Supporting Files */ = {
			isa = PBXGroup;
			children = (
				EE4833F217AAA12F00ECEC72 /* Prefix.pch */,
			);
			name = "Supporting Files";
			sourceTree = "<group>";
		};
		EE5BF6F017B11CA500440923 /* NSDictionary+JCSKeyMapping */ = {
			isa = PBXGroup;
			children = (
				EE5BF6F117B11CA500440923 /* NSDictionary+JCSKeyMapping.h */,
				EE5BF6F217B11CA500440923 /* NSDictionary+JCSKeyMapping.m */,
			);
			path = "NSDictionary+JCSKeyMapping";
			sourceTree = SOURCE_ROOT;
		};
		EE6A93CC17AAAF5300ED3D5A /* Externals */ = {
			isa = PBXGroup;
			children = (
				EE5BF6F017B11CA500440923 /* NSDictionary+JCSKeyMapping */,
				EE6A93CD17AAAF8F00ED3D5A /* AFNetworking */,
			);
			name = Externals;
			sourceTree = "<group>";
		};
		EE6A93CD17AAAF8F00ED3D5A /* AFNetworking */ = {
			isa = PBXGroup;
			children = (
				EE6A93CF17AAAF8F00ED3D5A /* AFHTTPClient.h */,
				EE6A93D017AAAF8F00ED3D5A /* AFHTTPClient.m */,
				EE6A93D117AAAF8F00ED3D5A /* AFHTTPRequestOperation.h */,
				EE6A93D217AAAF8F00ED3D5A /* AFHTTPRequestOperation.m */,
				EE6A93D317AAAF8F00ED3D5A /* AFImageRequestOperation.h */,
				EE6A93D417AAAF8F00ED3D5A /* AFImageRequestOperation.m */,
				EE6A93D517AAAF8F00ED3D5A /* AFJSONRequestOperation.h */,
				EE6A93D617AAAF8F00ED3D5A /* AFJSONRequestOperation.m */,
				EE6A93D717AAAF8F00ED3D5A /* AFNetworkActivityIndicatorManager.h */,
				EE6A93D817AAAF8F00ED3D5A /* AFNetworkActivityIndicatorManager.m */,
				EE6A93D917AAAF8F00ED3D5A /* AFNetworking.h */,
				EE6A93DA17AAAF8F00ED3D5A /* AFPropertyListRequestOperation.h */,
				EE6A93DB17AAAF8F00ED3D5A /* AFPropertyListRequestOperation.m */,
				EE6A93DC17AAAF8F00ED3D5A /* AFURLConnectionOperation.h */,
				EE6A93DD17AAAF8F00ED3D5A /* AFURLConnectionOperation.m */,
				EE6A93DE17AAAF8F00ED3D5A /* AFXMLRequestOperation.h */,
				EE6A93DF17AAAF8F00ED3D5A /* AFXMLRequestOperation.m */,
				EE6A93E217AAAF8F00ED3D5A /* UIImageView+AFNetworking.h */,
				EE6A93E317AAAF8F00ED3D5A /* UIImageView+AFNetworking.m */,
			);
			path = AFNetworking;
			sourceTree = SOURCE_ROOT;
		};
		EE8DA90217AFC42500A58C88 /* TicketingHub-iosTests */ = {
			isa = PBXGroup;
			children = (
				EE6E60B817B941B400329699 /* TXHSeasonSpec.m */,
				AD68B28117C4F32C007AA5A2 /* TXHTicketingHubAvailabilitySpec.m */,
				EECD273A17BCEA4500B5F535 /* TXHTicketingHubClientSeasonsSpec.m */,
				EE8DA94F17AFCAED00A58C88 /* TXHTicketingHubClientSpec.m */,
				EECF963617B01E3B00E288A7 /* TXHTicketingHubClientTokenSpec.m */,
				EECF963817B0204300E288A7 /* TXHTicketingHubClientUserSpec.m */,
				EE11ADCA17BCFF72000042B2 /* TXHTicketingHubClientVariationsSpec.m */,
				EEA6862C17B3B0E10024B002 /* TXHTicketingHubClientVenueSpec.m */,
				EE5BF6E917B1016300440923 /* TXHUserSpec.m */,
				EE3AF42717BCDB1400B000F0 /* TXHVariationSpec.m */,
				EE52114517B3987A00C04EDC /* TXHVenueSpec.m */,
				EE8DA90317AFC42500A58C88 /* Supporting Files */,
			);
			path = "TicketingHub-iosTests";
			sourceTree = "<group>";
		};
		EE8DA90317AFC42500A58C88 /* Supporting Files */ = {
			isa = PBXGroup;
			children = (
				EE8DA90517AFC42500A58C88 /* InfoPlist.strings */,
				EE8DA90A17AFC42500A58C88 /* Tests-Prefix.pch */,
				EE8DA90417AFC42500A58C88 /* TicketingHub-iosTests-Info.plist */,
				EE8DA91017AFC4F000A58C88 /* Expecta */,
				EE0C0DF817AFFD2F00769FDC /* JSON Response Stubs */,
				EE8DA95117AFD19000A58C88 /* OHHTTPStubs */,
				EE8DA93417AFC4F000A58C88 /* Specta */,
			);
			name = "Supporting Files";
			sourceTree = "<group>";
		};
		EE8DA91017AFC4F000A58C88 /* Expecta */ = {
			isa = PBXGroup;
			children = (
				EE8DA91117AFC4F000A58C88 /* EXPBackwardCompatibility.h */,
				EE8DA91217AFC4F000A58C88 /* EXPBlockDefinedMatcher.h */,
				EE8DA91317AFC4F000A58C88 /* EXPDefines.h */,
				EE8DA91417AFC4F000A58C88 /* EXPDoubleTuple.h */,
				EE8DA91517AFC4F000A58C88 /* Expecta.h */,
				EE8DA91617AFC4F000A58C88 /* ExpectaSupport.h */,
				EE8DA91717AFC4F000A58C88 /* EXPExpect.h */,
				EE8DA91817AFC4F000A58C88 /* EXPFloatTuple.h */,
				EE8DA91917AFC4F000A58C88 /* EXPMatcher.h */,
				EE8DA91A17AFC4F000A58C88 /* EXPMatcherHelpers.h */,
				EE8DA91B17AFC4F000A58C88 /* EXPMatchers+beCloseTo.h */,
				EE8DA91C17AFC4F000A58C88 /* EXPMatchers+beFalsy.h */,
				EE8DA91D17AFC4F000A58C88 /* EXPMatchers+beGreaterThan.h */,
				EE8DA91E17AFC4F000A58C88 /* EXPMatchers+beGreaterThanOrEqualTo.h */,
				EE8DA91F17AFC4F000A58C88 /* EXPMatchers+beIdenticalTo.h */,
				EE8DA92017AFC4F000A58C88 /* EXPMatchers+beInstanceOf.h */,
				EE8DA92117AFC4F000A58C88 /* EXPMatchers+beInTheRangeOf.h */,
				EE8DA92217AFC4F000A58C88 /* EXPMatchers+beKindOf.h */,
				EE8DA92317AFC4F000A58C88 /* EXPMatchers+beLessThan.h */,
				EE8DA92417AFC4F000A58C88 /* EXPMatchers+beLessThanOrEqualTo.h */,
				EE8DA92517AFC4F000A58C88 /* EXPMatchers+beNil.h */,
				EE8DA92617AFC4F000A58C88 /* EXPMatchers+beSubclassOf.h */,
				EE8DA92717AFC4F000A58C88 /* EXPMatchers+beTruthy.h */,
				EE8DA92817AFC4F000A58C88 /* EXPMatchers+contain.h */,
				EE8DA92917AFC4F000A58C88 /* EXPMatchers+equal.h */,
				EE8DA92A17AFC4F000A58C88 /* EXPMatchers+haveCountOf.h */,
				EE8DA92B17AFC4F000A58C88 /* EXPMatchers+raise.h */,
				EE8DA92C17AFC4F000A58C88 /* EXPMatchers+raiseWithReason.h */,
				EE8DA92D17AFC4F000A58C88 /* EXPMatchers.h */,
				EE8DA92E17AFC4F000A58C88 /* EXPUnsupportedObject.h */,
				EE8DA92F17AFC4F000A58C88 /* libExpecta-ios-universal.a */,
				EE8DA93117AFC4F000A58C88 /* NSObject+Expecta.h */,
				EE8DA93217AFC4F000A58C88 /* NSValue+Expecta.h */,
			);
			path = Expecta;
			sourceTree = "<group>";
		};
		EE8DA93417AFC4F000A58C88 /* Specta */ = {
			isa = PBXGroup;
			children = (
				EE8DA93517AFC4F000A58C88 /* libSpecta-ios-universal.a */,
				EE8DA93817AFC4F000A58C88 /* SenTestCase+Specta.h */,
				EE8DA93917AFC4F000A58C88 /* SenTestLog+Specta.h */,
				EE8DA93A17AFC4F000A58C88 /* SenTestRun+Specta.h */,
				EE8DA93B17AFC4F000A58C88 /* Specta.h */,
				EE8DA93C17AFC4F000A58C88 /* SpectaSupport.h */,
				EE8DA93D17AFC4F000A58C88 /* SpectaTypes.h */,
				EE8DA93E17AFC4F000A58C88 /* SpectaUtility.h */,
				EE8DA93F17AFC4F000A58C88 /* SPTDefaultReporter.h */,
				EE8DA94017AFC4F000A58C88 /* SPTExample.h */,
				EE8DA94117AFC4F000A58C88 /* SPTExampleGroup.h */,
				EE8DA94217AFC4F000A58C88 /* SPTReporter.h */,
				EE8DA94317AFC4F000A58C88 /* SPTSenTestCase.h */,
				EE8DA94417AFC4F000A58C88 /* SPTSenTestInvocation.h */,
				EE8DA94517AFC4F000A58C88 /* SPTSharedExampleGroups.h */,
				EE8DA94617AFC4F000A58C88 /* SPTSpec.h */,
			);
			path = Specta;
			sourceTree = "<group>";
		};
		EE8DA95117AFD19000A58C88 /* OHHTTPStubs */ = {
			isa = PBXGroup;
			children = (
				EE8DA95317AFD19000A58C88 /* OHHTTPStubs.h */,
				EE8DA95417AFD19000A58C88 /* OHHTTPStubs.m */,
				EE8DA95517AFD19000A58C88 /* OHHTTPStubsResponse.h */,
				EE8DA95617AFD19000A58C88 /* OHHTTPStubsResponse.m */,
			);
			path = OHHTTPStubs;
			sourceTree = "<group>";
		};
		EED1537A17ABB36D00059275 /* Private Classes */ = {
			isa = PBXGroup;
			children = (
				EED1537717ABAFD400059275 /* _TXHNetworkClient.h */,
				EED1537817ABAFD400059275 /* _TXHNetworkClient.m */,
				EED1537E17ABC5A600059275 /* _TXHNetworkOAuthClient.h */,
				EED1537F17ABC5A600059275 /* _TXHNetworkOAuthClient.m */,
			);
			name = "Private Classes";
			sourceTree = "<group>";
		};
/* End PBXGroup section */

/* Begin PBXNativeTarget section */
		EE4833EA17AAA12F00ECEC72 /* TicketingHub-ios */ = {
			isa = PBXNativeTarget;
			buildConfigurationList = EE48340E17AAA12F00ECEC72 /* Build configuration list for PBXNativeTarget "TicketingHub-ios" */;
			buildPhases = (
				EE4833E717AAA12F00ECEC72 /* Sources */,
				EE4833E817AAA12F00ECEC72 /* Frameworks */,
				EE4833E917AAA12F00ECEC72 /* CopyFiles */,
			);
			buildRules = (
			);
			dependencies = (
			);
			name = "TicketingHub-ios";
			productName = "TicketingHub-ios";
			productReference = EE4833EB17AAA12F00ECEC72 /* libTicketingHub-ios.a */;
			productType = "com.apple.product-type.library.static";
		};
		EE8DA8FD17AFC42500A58C88 /* TicketingHub-iosTests */ = {
			isa = PBXNativeTarget;
			buildConfigurationList = EE8DA90D17AFC42600A58C88 /* Build configuration list for PBXNativeTarget "TicketingHub-iosTests" */;
			buildPhases = (
				EE8DA8FA17AFC42500A58C88 /* Sources */,
				EE8DA8FB17AFC42500A58C88 /* Frameworks */,
				EE8DA8FC17AFC42500A58C88 /* Resources */,
			);
			buildRules = (
			);
			dependencies = (
				EE8DA90C17AFC42500A58C88 /* PBXTargetDependency */,
			);
			name = "TicketingHub-iosTests";
			productName = "TicketingHub-iosTests";
			productReference = EE8DA8FE17AFC42500A58C88 /* TicketingHub-iosTests.octest */;
			productType = "com.apple.product-type.bundle";
		};
/* End PBXNativeTarget section */

/* Begin PBXProject section */
		EE4833E317AAA12F00ECEC72 /* Project object */ = {
			isa = PBXProject;
			attributes = {
				CLASSPREFIX = TXH;
				LastUpgradeCheck = 0500;
				ORGANIZATIONNAME = TicketingHub;
				TargetAttributes = {
					EE8DA8FD17AFC42500A58C88 = {
						TestTargetID = EE4833EA17AAA12F00ECEC72;
					};
				};
			};
			buildConfigurationList = EE4833E617AAA12F00ECEC72 /* Build configuration list for PBXProject "TicketingHub-ios" */;
			compatibilityVersion = "Xcode 3.2";
			developmentRegion = English;
			hasScannedForEncodings = 0;
			knownRegions = (
				en,
			);
			mainGroup = EE4833E217AAA12F00ECEC72;
			productRefGroup = EE4833EC17AAA12F00ECEC72 /* Products */;
			projectDirPath = "";
			projectRoot = "";
			targets = (
				EE4833EA17AAA12F00ECEC72 /* TicketingHub-ios */,
				EE8DA8FD17AFC42500A58C88 /* TicketingHub-iosTests */,
			);
		};
/* End PBXProject section */

/* Begin PBXResourcesBuildPhase section */
		EE8DA8FC17AFC42500A58C88 /* Resources */ = {
			isa = PBXResourcesBuildPhase;
			buildActionMask = 2147483647;
			files = (
				EECD273C17BCF2B200B5F535 /* seasonsForVenue99.json in Resources */,
				EECD273D17BCF2B200B5F535 /* variationsForVenue99.json in Resources */,
				AD68B31E17C50B03007AA5A2 /* availabilityForVenue99.json in Resources */,
				EEA6862F17B3B89E0024B002 /* venuesSuccess.json in Resources */,
				EE23FFA217B24EBD005F5441 /* user.json in Resources */,
				EE0C0DFB17AFFDBC00769FDC /* tokenFailure.json in Resources */,
				EE0C0DFC17AFFDBC00769FDC /* tokenSuccess.json in Resources */,
				EE8DA90717AFC42500A58C88 /* InfoPlist.strings in Resources */,
			);
			runOnlyForDeploymentPostprocessing = 0;
		};
/* End PBXResourcesBuildPhase section */

/* Begin PBXSourcesBuildPhase section */
		EE4833E717AAA12F00ECEC72 /* Sources */ = {
			isa = PBXSourcesBuildPhase;
			buildActionMask = 2147483647;
			files = (
				EECF40C817BBF00E00EFA409 /* TXHVariation.m in Sources */,
				EE6A93EA17AAAF8F00ED3D5A /* AFURLConnectionOperation.m in Sources */,
				EE6A93EC17AAAF8F00ED3D5A /* UIImageView+AFNetworking.m in Sources */,
				EECD8E3A17B2B3A6006A9756 /* TXHVenue.m in Sources */,
				EE6E60B417B93C8900329699 /* TXHSeason.m in Sources */,
				EE4052F017AFEA3A0067B7F6 /* TXHTicketingHubClient.m in Sources */,
				EE6A93EB17AAAF8F00ED3D5A /* AFXMLRequestOperation.m in Sources */,
				EE6E60B717B93E9400329699 /* TXHOption.m in Sources */,
				EE6A93E617AAAF8F00ED3D5A /* AFImageRequestOperation.m in Sources */,
				EE6A93E917AAAF8F00ED3D5A /* AFPropertyListRequestOperation.m in Sources */,
				EE6A93E517AAAF8F00ED3D5A /* AFHTTPRequestOperation.m in Sources */,
				EED1537917ABAFD400059275 /* _TXHNetworkClient.m in Sources */,
				EED1538017ABC5A600059275 /* _TXHNetworkOAuthClient.m in Sources */,
				EE6A93E817AAAF8F00ED3D5A /* AFNetworkActivityIndicatorManager.m in Sources */,
				EE5BF6F317B11CA500440923 /* NSDictionary+JCSKeyMapping.m in Sources */,
				EE6A93E717AAAF8F00ED3D5A /* AFJSONRequestOperation.m in Sources */,
				EE5BF6E817B0FFD300440923 /* TXHUser.m in Sources */,
				EE6A93E417AAAF8F00ED3D5A /* AFHTTPClient.m in Sources */,
			);
			runOnlyForDeploymentPostprocessing = 0;
		};
		EE8DA8FA17AFC42500A58C88 /* Sources */ = {
			isa = PBXSourcesBuildPhase;
			buildActionMask = 2147483647;
			files = (
				AD68B28217C4F32C007AA5A2 /* TXHTicketingHubAvailabilitySpec.m in Sources */,
				EE4052ED17AFE7810067B7F6 /* OHHTTPStubsResponse.m in Sources */,
				EE5BF6EA17B1016300440923 /* TXHUserSpec.m in Sources */,
				EE6E60B917B941B400329699 /* TXHSeasonSpec.m in Sources */,
				EE8DA95017AFCAED00A58C88 /* TXHTicketingHubClientSpec.m in Sources */,
				EECD273B17BCEA4500B5F535 /* TXHTicketingHubClientSeasonsSpec.m in Sources */,
				EE52114617B3987A00C04EDC /* TXHVenueSpec.m in Sources */,
				EECF963717B01E3B00E288A7 /* TXHTicketingHubClientTokenSpec.m in Sources */,
				EEA6862D17B3B0E10024B002 /* TXHTicketingHubClientVenueSpec.m in Sources */,
				EE11ADCB17BCFF72000042B2 /* TXHTicketingHubClientVariationsSpec.m in Sources */,
				EECF963917B0204300E288A7 /* TXHTicketingHubClientUserSpec.m in Sources */,
				EE4052EC17AFE77D0067B7F6 /* OHHTTPStubs.m in Sources */,
				EE3AF42817BCDB1400B000F0 /* TXHVariationSpec.m in Sources */,
			);
			runOnlyForDeploymentPostprocessing = 0;
		};
/* End PBXSourcesBuildPhase section */

/* Begin PBXTargetDependency section */
		EE8DA90C17AFC42500A58C88 /* PBXTargetDependency */ = {
			isa = PBXTargetDependency;
			target = EE4833EA17AAA12F00ECEC72 /* TicketingHub-ios */;
			targetProxy = EE8DA90B17AFC42500A58C88 /* PBXContainerItemProxy */;
		};
/* End PBXTargetDependency section */

/* Begin PBXVariantGroup section */
		EE8DA90517AFC42500A58C88 /* InfoPlist.strings */ = {
			isa = PBXVariantGroup;
			children = (
				EE8DA90617AFC42500A58C88 /* en */,
			);
			name = InfoPlist.strings;
			sourceTree = "<group>";
		};
/* End PBXVariantGroup section */

/* Begin XCBuildConfiguration section */
		EE48340C17AAA12F00ECEC72 /* Debug */ = {
			isa = XCBuildConfiguration;
			buildSettings = {
				ALWAYS_SEARCH_USER_PATHS = NO;
				CLANG_CXX_LANGUAGE_STANDARD = "gnu++0x";
				CLANG_CXX_LIBRARY = "libc++";
				CLANG_ENABLE_MODULES = YES;
				CLANG_ENABLE_OBJC_ARC = YES;
				CLANG_WARN_BOOL_CONVERSION = YES;
				CLANG_WARN_CONSTANT_CONVERSION = YES;
				CLANG_WARN_DIRECT_OBJC_ISA_USAGE = YES_ERROR;
				CLANG_WARN_EMPTY_BODY = YES;
				CLANG_WARN_ENUM_CONVERSION = YES;
				CLANG_WARN_INT_CONVERSION = YES;
				CLANG_WARN_OBJC_ROOT_CLASS = YES_ERROR;
				CLANG_WARN__DUPLICATE_METHOD_MATCH = YES;
				CODE_SIGN_IDENTITY = "iPhone Developer";
				COPY_PHASE_STRIP = NO;
				GCC_C_LANGUAGE_STANDARD = gnu99;
				GCC_DYNAMIC_NO_PIC = NO;
				GCC_OPTIMIZATION_LEVEL = 0;
				GCC_PREPROCESSOR_DEFINITIONS = (
					"DEBUG=1",
					"$(inherited)",
				);
				GCC_SYMBOLS_PRIVATE_EXTERN = NO;
				GCC_WARN_ABOUT_RETURN_TYPE = YES_ERROR;
				GCC_WARN_UNDECLARED_SELECTOR = YES;
				GCC_WARN_UNINITIALIZED_AUTOS = YES;
				GCC_WARN_UNUSED_FUNCTION = YES;
				GCC_WARN_UNUSED_VARIABLE = YES;
				IPHONEOS_DEPLOYMENT_TARGET = 7.0;
				ONLY_ACTIVE_ARCH = YES;
				PROVISIONING_PROFILE = "";
				SDKROOT = iphoneos;
				WARNING_CFLAGS = "-Weverything";
			};
			name = Debug;
		};
		EE48340D17AAA12F00ECEC72 /* Release */ = {
			isa = XCBuildConfiguration;
			buildSettings = {
				ALWAYS_SEARCH_USER_PATHS = NO;
				CLANG_CXX_LANGUAGE_STANDARD = "gnu++0x";
				CLANG_CXX_LIBRARY = "libc++";
				CLANG_ENABLE_MODULES = YES;
				CLANG_ENABLE_OBJC_ARC = YES;
				CLANG_WARN_BOOL_CONVERSION = YES;
				CLANG_WARN_CONSTANT_CONVERSION = YES;
				CLANG_WARN_DIRECT_OBJC_ISA_USAGE = YES_ERROR;
				CLANG_WARN_EMPTY_BODY = YES;
				CLANG_WARN_ENUM_CONVERSION = YES;
				CLANG_WARN_INT_CONVERSION = YES;
				CLANG_WARN_OBJC_ROOT_CLASS = YES_ERROR;
				CLANG_WARN__DUPLICATE_METHOD_MATCH = YES;
				CODE_SIGN_IDENTITY = "iPhone Developer";
				COPY_PHASE_STRIP = YES;
				ENABLE_NS_ASSERTIONS = NO;
				GCC_C_LANGUAGE_STANDARD = gnu99;
				GCC_WARN_ABOUT_RETURN_TYPE = YES_ERROR;
				GCC_WARN_UNDECLARED_SELECTOR = YES;
				GCC_WARN_UNINITIALIZED_AUTOS = YES;
				GCC_WARN_UNUSED_FUNCTION = YES;
				GCC_WARN_UNUSED_VARIABLE = YES;
				IPHONEOS_DEPLOYMENT_TARGET = 7.0;
				PROVISIONING_PROFILE = "";
				SDKROOT = iphoneos;
				VALIDATE_PRODUCT = YES;
				WARNING_CFLAGS = "-Weverything";
			};
			name = Release;
		};
		EE48340F17AAA12F00ECEC72 /* Debug */ = {
			isa = XCBuildConfiguration;
			buildSettings = {
				CLANG_WARN_DOCUMENTATION_COMMENTS = YES;
				CLANG_WARN_OBJC_IMPLICIT_RETAIN_SELF = YES;
				CODE_SIGN_IDENTITY = "iPhone Developer";
				DSTROOT = /tmp/TicketingHub_ios.dst;
				GCC_PRECOMPILE_PREFIX_HEADER = YES;
				GCC_PREFIX_HEADER = "TicketingHub-ios/Prefix.pch";
				GCC_WARN_SHADOW = YES;
				OTHER_LDFLAGS = "-ObjC";
				PRODUCT_NAME = "$(TARGET_NAME)";
				PROVISIONING_PROFILE = "";
				SKIP_INSTALL = YES;
			};
			name = Debug;
		};
		EE48341017AAA12F00ECEC72 /* Release */ = {
			isa = XCBuildConfiguration;
			buildSettings = {
				CLANG_WARN_DOCUMENTATION_COMMENTS = YES;
				CLANG_WARN_OBJC_IMPLICIT_RETAIN_SELF = YES;
				CODE_SIGN_IDENTITY = "iPhone Developer";
				DSTROOT = /tmp/TicketingHub_ios.dst;
				GCC_PRECOMPILE_PREFIX_HEADER = YES;
				GCC_PREFIX_HEADER = "TicketingHub-ios/Prefix.pch";
				GCC_WARN_SHADOW = YES;
				OTHER_LDFLAGS = "-ObjC";
				PRODUCT_NAME = "$(TARGET_NAME)";
				PROVISIONING_PROFILE = "";
				SKIP_INSTALL = YES;
			};
			name = Release;
		};
		EE8DA90E17AFC42600A58C88 /* Debug */ = {
			isa = XCBuildConfiguration;
			buildSettings = {
				FRAMEWORK_SEARCH_PATHS = (
					"$(SDKROOT)/Developer/Library/Frameworks",
					"$(inherited)",
					"$(DEVELOPER_FRAMEWORKS_DIR)",
				);
				GCC_PRECOMPILE_PREFIX_HEADER = YES;
				GCC_PREFIX_HEADER = "TicketingHub-iosTests/Tests-Prefix.pch";
				GCC_PREPROCESSOR_DEFINITIONS = (
					"DEBUG=1",
					"$(inherited)",
				);
				INFOPLIST_FILE = "TicketingHub-iosTests/TicketingHub-iosTests-Info.plist";
				LIBRARY_SEARCH_PATHS = (
					"$(inherited)",
					"$(SRCROOT)/TicketingHub-iosTests/Expecta",
					"$(SRCROOT)/TicketingHub-iosTests/Specta",
				);
				OTHER_LDFLAGS = (
					"-ObjC",
					"-all_load",
				);
				PRODUCT_NAME = "$(TARGET_NAME)";
				WRAPPER_EXTENSION = octest;
			};
			name = Debug;
		};
		EE8DA90F17AFC42600A58C88 /* Release */ = {
			isa = XCBuildConfiguration;
			buildSettings = {
				FRAMEWORK_SEARCH_PATHS = (
					"$(SDKROOT)/Developer/Library/Frameworks",
					"$(inherited)",
					"$(DEVELOPER_FRAMEWORKS_DIR)",
				);
				GCC_PRECOMPILE_PREFIX_HEADER = YES;
				GCC_PREFIX_HEADER = "TicketingHub-iosTests/Tests-Prefix.pch";
				INFOPLIST_FILE = "TicketingHub-iosTests/TicketingHub-iosTests-Info.plist";
				LIBRARY_SEARCH_PATHS = (
					"$(inherited)",
					"$(SRCROOT)/TicketingHub-iosTests/Expecta",
					"$(SRCROOT)/TicketingHub-iosTests/Specta",
				);
				OTHER_LDFLAGS = (
					"-ObjC",
					"-all_load",
				);
				PRODUCT_NAME = "$(TARGET_NAME)";
				WRAPPER_EXTENSION = octest;
			};
			name = Release;
		};
/* End XCBuildConfiguration section */

/* Begin XCConfigurationList section */
		EE4833E617AAA12F00ECEC72 /* Build configuration list for PBXProject "TicketingHub-ios" */ = {
			isa = XCConfigurationList;
			buildConfigurations = (
				EE48340C17AAA12F00ECEC72 /* Debug */,
				EE48340D17AAA12F00ECEC72 /* Release */,
			);
			defaultConfigurationIsVisible = 0;
			defaultConfigurationName = Release;
		};
		EE48340E17AAA12F00ECEC72 /* Build configuration list for PBXNativeTarget "TicketingHub-ios" */ = {
			isa = XCConfigurationList;
			buildConfigurations = (
				EE48340F17AAA12F00ECEC72 /* Debug */,
				EE48341017AAA12F00ECEC72 /* Release */,
			);
			defaultConfigurationIsVisible = 0;
			defaultConfigurationName = Release;
		};
		EE8DA90D17AFC42600A58C88 /* Build configuration list for PBXNativeTarget "TicketingHub-iosTests" */ = {
			isa = XCConfigurationList;
			buildConfigurations = (
				EE8DA90E17AFC42600A58C88 /* Debug */,
				EE8DA90F17AFC42600A58C88 /* Release */,
			);
			defaultConfigurationIsVisible = 0;
			defaultConfigurationName = Release;
		};
/* End XCConfigurationList section */
	};
	rootObject = EE4833E317AAA12F00ECEC72 /* Project object */;
}
